// !$*UTF8*$!
{
	archiveVersion = 1;
	classes = {
	};
	objectVersion = 56;
	objects = {

/* Begin PBXBuildFile section */
		47033B5C2A40B77F00022C48 /* HTTPClient.swift in Sources */ = {isa = PBXBuildFile; fileRef = 47033B5B2A40B77F00022C48 /* HTTPClient.swift */; };
		47033B5E2A40B7B300022C48 /* FeedItemsMapper.swift in Sources */ = {isa = PBXBuildFile; fileRef = 47033B5D2A40B7B300022C48 /* FeedItemsMapper.swift */; };
		47033B612A5150FE00022C48 /* URLSessionHTTPClientTests.swift in Sources */ = {isa = PBXBuildFile; fileRef = 47033B602A5150FE00022C48 /* URLSessionHTTPClientTests.swift */; };
		4708D6952AE82A2F007EDB39 /* FeedStoreSpecs.swift in Sources */ = {isa = PBXBuildFile; fileRef = 4708D6942AE82A2F007EDB39 /* FeedStoreSpecs.swift */; };
		4708D6972AE82BCD007EDB39 /* XCTestCase+FeedStoreSpecs.swift in Sources */ = {isa = PBXBuildFile; fileRef = 4708D6962AE82BCD007EDB39 /* XCTestCase+FeedStoreSpecs.swift */; };
		4717CEA42A767D8200C798B6 /* XCTestCase+MemoryLeakTracking.swift in Sources */ = {isa = PBXBuildFile; fileRef = 4717CEA32A767D8200C798B6 /* XCTestCase+MemoryLeakTracking.swift */; };
		4717CEA62A76B61000C798B6 /* URLSessionHTTPClient.swift in Sources */ = {isa = PBXBuildFile; fileRef = 4717CEA52A76B61000C798B6 /* URLSessionHTTPClient.swift */; };
		4717CEED2A7F807B00C798B6 /* EssentialFeedAPIEndToEndTests.swift in Sources */ = {isa = PBXBuildFile; fileRef = 4717CEEC2A7F807B00C798B6 /* EssentialFeedAPIEndToEndTests.swift */; };
		4717CEEE2A7F807B00C798B6 /* EssentialFeed.framework in Frameworks */ = {isa = PBXBuildFile; fileRef = 4796C6872A21D86000A61190 /* EssentialFeed.framework */; };
		4717CEF72A7F988C00C798B6 /* XCTestCase+MemoryLeakTracking.swift in Sources */ = {isa = PBXBuildFile; fileRef = 4717CEA32A767D8200C798B6 /* XCTestCase+MemoryLeakTracking.swift */; };
		473930DC2B5A55F800BCF656 /* UIViewController+Snapshot.swift in Sources */ = {isa = PBXBuildFile; fileRef = 473930DB2B5A55F800BCF656 /* UIViewController+Snapshot.swift */; };
		473930DE2B5A568D00BCF656 /* XCTestCase+Snapshot.swift in Sources */ = {isa = PBXBuildFile; fileRef = 473930DD2B5A568D00BCF656 /* XCTestCase+Snapshot.swift */; };
		473B70B62B2582570098D6FB /* FeedImagePresenterTests.swift in Sources */ = {isa = PBXBuildFile; fileRef = 473B70B52B2582570098D6FB /* FeedImagePresenterTests.swift */; };
		473B70B82B25FC5E0098D6FB /* FeedImagePresenter.swift in Sources */ = {isa = PBXBuildFile; fileRef = 473B70B72B25FC5E0098D6FB /* FeedImagePresenter.swift */; };
		473B70BA2B25FDA10098D6FB /* FeedImageViewModel.swift in Sources */ = {isa = PBXBuildFile; fileRef = 473B70B92B25FDA10098D6FB /* FeedImageViewModel.swift */; };
		473B70BB2B28AE370098D6FB /* FeedImageDataLoader.swift in Sources */ = {isa = PBXBuildFile; fileRef = 474D399A2B0F33A000B4C150 /* FeedImageDataLoader.swift */; };
		473B70BD2B28AFD20098D6FB /* LoadFeedImageDataFromRemoteUseCaseTests.swift in Sources */ = {isa = PBXBuildFile; fileRef = 473B70BC2B28AFD20098D6FB /* LoadFeedImageDataFromRemoteUseCaseTests.swift */; };
		474656E92B56BDCA0039DBED /* FeedSnapshotTests.swift in Sources */ = {isa = PBXBuildFile; fileRef = 474656E82B56BDCA0039DBED /* FeedSnapshotTests.swift */; };
		474656EC2B56D7E20039DBED /* UIImage+TestHelpers.swift in Sources */ = {isa = PBXBuildFile; fileRef = 474656EB2B56D7E10039DBED /* UIImage+TestHelpers.swift */; };
		474656EF2B56DD0D0039DBED /* UITableView+HeaderSizing.swift in Sources */ = {isa = PBXBuildFile; fileRef = 474656EE2B56DD0D0039DBED /* UITableView+HeaderSizing.swift */; };
		4746DA4C2ACE86DD00344D63 /* ValidateFeedCacheUseCaseTests.swift in Sources */ = {isa = PBXBuildFile; fileRef = 4746DA4B2ACE86DD00344D63 /* ValidateFeedCacheUseCaseTests.swift */; };
		4746DA4E2ACE942E00344D63 /* FeedCacheTestHelpers.swift in Sources */ = {isa = PBXBuildFile; fileRef = 4746DA4D2ACE942E00344D63 /* FeedCacheTestHelpers.swift */; };
		4746DA502ACE95F200344D63 /* SharedTestHelpers.swift in Sources */ = {isa = PBXBuildFile; fileRef = 4746DA4F2ACE95F200344D63 /* SharedTestHelpers.swift */; };
		474B64D42B15B8C200CEB5A2 /* Feed.storyboard in Resources */ = {isa = PBXBuildFile; fileRef = 474B64D32B15B8C200CEB5A2 /* Feed.storyboard */; };
		474B64D62B15B95900CEB5A2 /* Feed.xcassets in Resources */ = {isa = PBXBuildFile; fileRef = 474B64D52B15B95900CEB5A2 /* Feed.xcassets */; };
		474B64DD2B15DA4F00CEB5A2 /* UITableView+Dequeueing.swift in Sources */ = {isa = PBXBuildFile; fileRef = 474B64DC2B15DA4F00CEB5A2 /* UITableView+Dequeueing.swift */; };
		474B64DF2B15DC5C00CEB5A2 /* UIImageView+Animations.swift in Sources */ = {isa = PBXBuildFile; fileRef = 474B64DE2B15DC5C00CEB5A2 /* UIImageView+Animations.swift */; };
		474D39A22B0F507800B4C150 /* FeedImageCellController.swift in Sources */ = {isa = PBXBuildFile; fileRef = 474D39A12B0F507800B4C150 /* FeedImageCellController.swift */; };
		474F5E152B22115D004DC58A /* FeedPresenterTests.swift in Sources */ = {isa = PBXBuildFile; fileRef = 474F5E142B22115D004DC58A /* FeedPresenterTests.swift */; };
		4751CC842B2364CB00C784F4 /* FeedPresenter.swift in Sources */ = {isa = PBXBuildFile; fileRef = 4751CC832B2364CB00C784F4 /* FeedPresenter.swift */; };
		4751CC852B23654800C784F4 /* Feed.strings in Resources */ = {isa = PBXBuildFile; fileRef = 4751CC7F2B23622000C784F4 /* Feed.strings */; };
		4751CC862B23694600C784F4 /* FeedLocalizationTests.swift in Sources */ = {isa = PBXBuildFile; fileRef = 474E7DE72B178A48006B8BB1 /* FeedLocalizationTests.swift */; };
		47525AD22B49944A0079176E /* FeedCache.swift in Sources */ = {isa = PBXBuildFile; fileRef = 47525AD12B49944A0079176E /* FeedCache.swift */; };
		47570CA02B073BF1008A9A94 /* EssentialFeediOS.framework in Frameworks */ = {isa = PBXBuildFile; fileRef = 47570C982B073BF1008A9A94 /* EssentialFeediOS.framework */; };
		475E56072AE8E8E800AD452F /* XCTestCase+FailableDeleteFeedStoreSpecs.swift in Sources */ = {isa = PBXBuildFile; fileRef = 475E56062AE8E8E800AD452F /* XCTestCase+FailableDeleteFeedStoreSpecs.swift */; };
		475E560A2AE90A4200AD452F /* CoreDataFeedStoreTests.swift in Sources */ = {isa = PBXBuildFile; fileRef = 475E56092AE90A4200AD452F /* CoreDataFeedStoreTests.swift */; };
		475E560C2AE90BE100AD452F /* CoreDataFeedStore.swift in Sources */ = {isa = PBXBuildFile; fileRef = 475E560B2AE90BE100AD452F /* CoreDataFeedStore.swift */; };
		475E560F2AE90EDD00AD452F /* FeedStore.xcdatamodeld in Sources */ = {isa = PBXBuildFile; fileRef = 475E560D2AE90EDD00AD452F /* FeedStore.xcdatamodeld */; };
		476992D22B2B5C2F001E6477 /* HTTPClientSpy.swift in Sources */ = {isa = PBXBuildFile; fileRef = 476992D12B2B5C2F001E6477 /* HTTPClientSpy.swift */; };
		476992D42B2B5CF4001E6477 /* RemoteFeedImageDataLoader.swift in Sources */ = {isa = PBXBuildFile; fileRef = 476992D32B2B5CF4001E6477 /* RemoteFeedImageDataLoader.swift */; };
		476992D72B2CA2BC001E6477 /* HTTPURLResponse+StatusCode.swift in Sources */ = {isa = PBXBuildFile; fileRef = 476992D62B2CA2BC001E6477 /* HTTPURLResponse+StatusCode.swift */; };
		476992DB2B2CAC9F001E6477 /* URLProtocolStub.swift in Sources */ = {isa = PBXBuildFile; fileRef = 476992D82B2CAB7F001E6477 /* URLProtocolStub.swift */; };
		47748B452B36A65B00092956 /* CoreDataFeedStore+FeedStore.swift in Sources */ = {isa = PBXBuildFile; fileRef = 47748B442B36A65B00092956 /* CoreDataFeedStore+FeedStore.swift */; };
		477A0BE42B7916A9001B2D12 /* ImageCommentsMapperTests.swift in Sources */ = {isa = PBXBuildFile; fileRef = 477A0BE32B7916A9001B2D12 /* ImageCommentsMapperTests.swift */; };
		477A0BE62B79282B001B2D12 /* RemoteImageCommentsLoader.swift in Sources */ = {isa = PBXBuildFile; fileRef = 477A0BE52B79282B001B2D12 /* RemoteImageCommentsLoader.swift */; };
		477A0BE82B7928CF001B2D12 /* ImageCommentsMapper.swift in Sources */ = {isa = PBXBuildFile; fileRef = 477A0BE72B7928CF001B2D12 /* ImageCommentsMapper.swift */; };
		478AE0BD2B4BE0A300FC0D52 /* FeedImageDataCache.swift in Sources */ = {isa = PBXBuildFile; fileRef = 478AE0BC2B4BE0A300FC0D52 /* FeedImageDataCache.swift */; };
		4796C68C2A21D86000A61190 /* EssentialFeed.docc in Sources */ = {isa = PBXBuildFile; fileRef = 4796C68B2A21D86000A61190 /* EssentialFeed.docc */; };
		4796C6922A21D86000A61190 /* EssentialFeed.framework in Frameworks */ = {isa = PBXBuildFile; fileRef = 4796C6872A21D86000A61190 /* EssentialFeed.framework */; };
		4796C6982A21D86000A61190 /* EssentialFeed.h in Headers */ = {isa = PBXBuildFile; fileRef = 4796C68A2A21D86000A61190 /* EssentialFeed.h */; settings = {ATTRIBUTES = (Public, ); }; };
		4796C6A32A21D99F00A61190 /* FeedImage.swift in Sources */ = {isa = PBXBuildFile; fileRef = 4796C6A22A21D99F00A61190 /* FeedImage.swift */; };
		4796C6A52A21DA3E00A61190 /* FeedLoader.swift in Sources */ = {isa = PBXBuildFile; fileRef = 4796C6A42A21DA3E00A61190 /* FeedLoader.swift */; };
		479786812A9C8321001EB788 /* FeedCacheUseCaseTests.swift in Sources */ = {isa = PBXBuildFile; fileRef = 479786802A9C8321001EB788 /* FeedCacheUseCaseTests.swift */; };
		479C3A432AADADCF0005DAF8 /* LocalFeedLoader.swift in Sources */ = {isa = PBXBuildFile; fileRef = 479C3A422AADADCF0005DAF8 /* LocalFeedLoader.swift */; };
		479C3A452AADADDF0005DAF8 /* FeedStore.swift in Sources */ = {isa = PBXBuildFile; fileRef = 479C3A442AADADDF0005DAF8 /* FeedStore.swift */; };
		479C3A492AAE19E10005DAF8 /* LocalFeedImage.swift in Sources */ = {isa = PBXBuildFile; fileRef = 479C3A482AAE19E10005DAF8 /* LocalFeedImage.swift */; };
		479CC71A2B2D7E1200361881 /* LoadFeedImageDataFromCacheUseCaseTests.swift in Sources */ = {isa = PBXBuildFile; fileRef = 479CC7192B2D7E1200361881 /* LoadFeedImageDataFromCacheUseCaseTests.swift */; };
		479CC71C2B31DAA400361881 /* FeedImageDataStore.swift in Sources */ = {isa = PBXBuildFile; fileRef = 479CC71B2B31DAA400361881 /* FeedImageDataStore.swift */; };
		479CC71E2B31DAE400361881 /* LocalFeedImageDataLoader.swift in Sources */ = {isa = PBXBuildFile; fileRef = 479CC71D2B31DAE400361881 /* LocalFeedImageDataLoader.swift */; };
		479CC7202B31EA3D00361881 /* FeedImageDataStoreSpy.swift in Sources */ = {isa = PBXBuildFile; fileRef = 479CC71F2B31EA3D00361881 /* FeedImageDataStoreSpy.swift */; };
		479CC7222B31EB4B00361881 /* CacheFeedImageDataUseCaseTests.swift in Sources */ = {isa = PBXBuildFile; fileRef = 479CC7212B31EB4B00361881 /* CacheFeedImageDataUseCaseTests.swift */; };
		479CC7242B34141C00361881 /* CoreDataFeedImageDataStoreTests.swift in Sources */ = {isa = PBXBuildFile; fileRef = 479CC7232B34141C00361881 /* CoreDataFeedImageDataStoreTests.swift */; };
		479CC7272B342B4500361881 /* CoreDataFeedStore+FeedImageDataLoader.swift in Sources */ = {isa = PBXBuildFile; fileRef = 479CC7262B342B4500361881 /* CoreDataFeedStore+FeedImageDataLoader.swift */; };
		479F18A82B79F00000898003 /* ImageComment.swift in Sources */ = {isa = PBXBuildFile; fileRef = 479F18A72B79F00000898003 /* ImageComment.swift */; };
		479F18B12B7B4EA300898003 /* RemoteLoader.swift in Sources */ = {isa = PBXBuildFile; fileRef = 479F18B02B7B4EA300898003 /* RemoteLoader.swift */; };
		479F18B32B7B4EF600898003 /* RemoteLoaderTests.swift in Sources */ = {isa = PBXBuildFile; fileRef = 479F18B22B7B4EF600898003 /* RemoteLoaderTests.swift */; };
		47A774752A225CC000FE88A7 /* FeedItemsMapperTests.swift in Sources */ = {isa = PBXBuildFile; fileRef = 47A774742A225CC000FE88A7 /* FeedItemsMapperTests.swift */; };
		47A774782A23325000FE88A7 /* RemoteFeedLoader.swift in Sources */ = {isa = PBXBuildFile; fileRef = 47A774772A23325000FE88A7 /* RemoteFeedLoader.swift */; };
		47AA3F002AEFF8B600BBF779 /* CoreDataHelpers.swift in Sources */ = {isa = PBXBuildFile; fileRef = 47AA3EFF2AEFF8B600BBF779 /* CoreDataHelpers.swift */; };
		47AA3F022AEFF9F500BBF779 /* ManagedCache.swift in Sources */ = {isa = PBXBuildFile; fileRef = 47AA3F012AEFF9F500BBF779 /* ManagedCache.swift */; };
		47AA3F042AEFFA5200BBF779 /* ManagedFeedImage.swift in Sources */ = {isa = PBXBuildFile; fileRef = 47AA3F032AEFFA5200BBF779 /* ManagedFeedImage.swift */; };
		47AA3F0C2AF0EAF600BBF779 /* EssentialFeedCacheIntegrationTests.swift in Sources */ = {isa = PBXBuildFile; fileRef = 47AA3F0B2AF0EAF600BBF779 /* EssentialFeedCacheIntegrationTests.swift */; };
		47AA3F0D2AF0EAF600BBF779 /* EssentialFeed.framework in Frameworks */ = {isa = PBXBuildFile; fileRef = 4796C6872A21D86000A61190 /* EssentialFeed.framework */; };
		47AA3F142AF0EF3200BBF779 /* XCTestCase+MemoryLeakTracking.swift in Sources */ = {isa = PBXBuildFile; fileRef = 4717CEA32A767D8200C798B6 /* XCTestCase+MemoryLeakTracking.swift */; };
		47AA3F152AF156CB00BBF779 /* FeedCacheTestHelpers.swift in Sources */ = {isa = PBXBuildFile; fileRef = 4746DA4D2ACE942E00344D63 /* FeedCacheTestHelpers.swift */; };
		47AA3F162AF156D700BBF779 /* SharedTestHelpers.swift in Sources */ = {isa = PBXBuildFile; fileRef = 4746DA4F2ACE95F200344D63 /* SharedTestHelpers.swift */; };
		47AE9E432AD146620006821C /* FeedCachePolicy.swift in Sources */ = {isa = PBXBuildFile; fileRef = 47AE9E422AD146620006821C /* FeedCachePolicy.swift */; };
		47B17DE72AE8E52B001DA28F /* XCTestCase+FailableRetrieveFeedStoreSpecs.swift in Sources */ = {isa = PBXBuildFile; fileRef = 47B17DE62AE8E52B001DA28F /* XCTestCase+FailableRetrieveFeedStoreSpecs.swift */; };
		47B17DE92AE8E72B001DA28F /* XCTestCase+FailableInsertFeedStoreSpecs.swift in Sources */ = {isa = PBXBuildFile; fileRef = 47B17DE82AE8E72B001DA28F /* XCTestCase+FailableInsertFeedStoreSpecs.swift */; };
		47B3B2722B221B8800997A41 /* ErrorView.swift in Sources */ = {isa = PBXBuildFile; fileRef = 47B3B2712B221B8800997A41 /* ErrorView.swift */; };
		47C4286B2AB050E200748303 /* LoadFeedFromCacheUseCaseTests.swift in Sources */ = {isa = PBXBuildFile; fileRef = 47C4286A2AB050E200748303 /* LoadFeedFromCacheUseCaseTests.swift */; };
		47C4286E2AB6DE0000748303 /* FeedStoreSpy.swift in Sources */ = {isa = PBXBuildFile; fileRef = 47C4286D2AB6DE0000748303 /* FeedStoreSpy.swift */; };
		47E77F192B09D51200336EB2 /* EssentialFeed.framework in Frameworks */ = {isa = PBXBuildFile; fileRef = 4796C6872A21D86000A61190 /* EssentialFeed.framework */; platformFilter = ios; };
		47E77F1A2B09D51200336EB2 /* EssentialFeed.framework in Embed Frameworks */ = {isa = PBXBuildFile; fileRef = 4796C6872A21D86000A61190 /* EssentialFeed.framework */; platformFilter = ios; settings = {ATTRIBUTES = (CodeSignOnCopy, RemoveHeadersOnCopy, ); }; };
		47E77F1E2B09D6FA00336EB2 /* XCTestCase+MemoryLeakTracking.swift in Sources */ = {isa = PBXBuildFile; fileRef = 4717CEA32A767D8200C798B6 /* XCTestCase+MemoryLeakTracking.swift */; };
		47E77F202B0A54AA00336EB2 /* FeedViewController.swift in Sources */ = {isa = PBXBuildFile; fileRef = 47E77F1F2B0A54AA00336EB2 /* FeedViewController.swift */; };
		47E77F222B0B3E5300336EB2 /* FeedImageCell.swift in Sources */ = {isa = PBXBuildFile; fileRef = 47E77F212B0B3E5300336EB2 /* FeedImageCell.swift */; };
		47E77F242B0CEF9500336EB2 /* UIView+Shimmering.swift in Sources */ = {isa = PBXBuildFile; fileRef = 47E77F232B0CEF9500336EB2 /* UIView+Shimmering.swift */; };
/* End PBXBuildFile section */

/* Begin PBXContainerItemProxy section */
		4717CEEF2A7F807B00C798B6 /* PBXContainerItemProxy */ = {
			isa = PBXContainerItemProxy;
			containerPortal = 4796C67E2A21D86000A61190 /* Project object */;
			proxyType = 1;
			remoteGlobalIDString = 4796C6862A21D86000A61190;
			remoteInfo = EssentialFeed;
		};
		47570CA12B073BF1008A9A94 /* PBXContainerItemProxy */ = {
			isa = PBXContainerItemProxy;
			containerPortal = 4796C67E2A21D86000A61190 /* Project object */;
			proxyType = 1;
			remoteGlobalIDString = 47570C972B073BF1008A9A94;
			remoteInfo = EssentialFeediOS;
		};
		4796C6932A21D86000A61190 /* PBXContainerItemProxy */ = {
			isa = PBXContainerItemProxy;
			containerPortal = 4796C67E2A21D86000A61190 /* Project object */;
			proxyType = 1;
			remoteGlobalIDString = 4796C6862A21D86000A61190;
			remoteInfo = EssentialFeed;
		};
		47AA3F0E2AF0EAF600BBF779 /* PBXContainerItemProxy */ = {
			isa = PBXContainerItemProxy;
			containerPortal = 4796C67E2A21D86000A61190 /* Project object */;
			proxyType = 1;
			remoteGlobalIDString = 4796C6862A21D86000A61190;
			remoteInfo = EssentialFeed;
		};
		47E77F1B2B09D51200336EB2 /* PBXContainerItemProxy */ = {
			isa = PBXContainerItemProxy;
			containerPortal = 4796C67E2A21D86000A61190 /* Project object */;
			proxyType = 1;
			remoteGlobalIDString = 4796C6862A21D86000A61190;
			remoteInfo = EssentialFeed;
		};
/* End PBXContainerItemProxy section */

/* Begin PBXCopyFilesBuildPhase section */
		47E77F1D2B09D51200336EB2 /* Embed Frameworks */ = {
			isa = PBXCopyFilesBuildPhase;
			buildActionMask = 2147483647;
			dstPath = "";
			dstSubfolderSpec = 10;
			files = (
				47E77F1A2B09D51200336EB2 /* EssentialFeed.framework in Embed Frameworks */,
			);
			name = "Embed Frameworks";
			runOnlyForDeploymentPostprocessing = 0;
		};
/* End PBXCopyFilesBuildPhase section */

/* Begin PBXFileReference section */
		47033B5B2A40B77F00022C48 /* HTTPClient.swift */ = {isa = PBXFileReference; lastKnownFileType = sourcecode.swift; path = HTTPClient.swift; sourceTree = "<group>"; };
		47033B5D2A40B7B300022C48 /* FeedItemsMapper.swift */ = {isa = PBXFileReference; lastKnownFileType = sourcecode.swift; path = FeedItemsMapper.swift; sourceTree = "<group>"; };
		47033B602A5150FE00022C48 /* URLSessionHTTPClientTests.swift */ = {isa = PBXFileReference; lastKnownFileType = sourcecode.swift; path = URLSessionHTTPClientTests.swift; sourceTree = "<group>"; };
		4708D6942AE82A2F007EDB39 /* FeedStoreSpecs.swift */ = {isa = PBXFileReference; lastKnownFileType = sourcecode.swift; path = FeedStoreSpecs.swift; sourceTree = "<group>"; };
		4708D6962AE82BCD007EDB39 /* XCTestCase+FeedStoreSpecs.swift */ = {isa = PBXFileReference; lastKnownFileType = sourcecode.swift; path = "XCTestCase+FeedStoreSpecs.swift"; sourceTree = "<group>"; };
		4717CEA32A767D8200C798B6 /* XCTestCase+MemoryLeakTracking.swift */ = {isa = PBXFileReference; lastKnownFileType = sourcecode.swift; path = "XCTestCase+MemoryLeakTracking.swift"; sourceTree = "<group>"; };
		4717CEA52A76B61000C798B6 /* URLSessionHTTPClient.swift */ = {isa = PBXFileReference; lastKnownFileType = sourcecode.swift; path = URLSessionHTTPClient.swift; sourceTree = "<group>"; };
		4717CEE52A7F7D8F00C798B6 /* EssentialFeed.xctestplan */ = {isa = PBXFileReference; lastKnownFileType = text; path = EssentialFeed.xctestplan; sourceTree = "<group>"; };
		4717CEEA2A7F807B00C798B6 /* EssentialFeedAPIEndToEndTests.xctest */ = {isa = PBXFileReference; explicitFileType = wrapper.cfbundle; includeInIndex = 0; path = EssentialFeedAPIEndToEndTests.xctest; sourceTree = BUILT_PRODUCTS_DIR; };
		4717CEEC2A7F807B00C798B6 /* EssentialFeedAPIEndToEndTests.swift */ = {isa = PBXFileReference; lastKnownFileType = sourcecode.swift; path = EssentialFeedAPIEndToEndTests.swift; sourceTree = "<group>"; };
		471F43FA2A7FA69C00BCDADA /* CI.xctestplan */ = {isa = PBXFileReference; lastKnownFileType = text; path = CI.xctestplan; sourceTree = "<group>"; };
		473930DB2B5A55F800BCF656 /* UIViewController+Snapshot.swift */ = {isa = PBXFileReference; lastKnownFileType = sourcecode.swift; path = "UIViewController+Snapshot.swift"; sourceTree = "<group>"; };
		473930DD2B5A568D00BCF656 /* XCTestCase+Snapshot.swift */ = {isa = PBXFileReference; lastKnownFileType = sourcecode.swift; path = "XCTestCase+Snapshot.swift"; sourceTree = "<group>"; };
		473B70B52B2582570098D6FB /* FeedImagePresenterTests.swift */ = {isa = PBXFileReference; lastKnownFileType = sourcecode.swift; path = FeedImagePresenterTests.swift; sourceTree = "<group>"; };
		473B70B72B25FC5E0098D6FB /* FeedImagePresenter.swift */ = {isa = PBXFileReference; lastKnownFileType = sourcecode.swift; path = FeedImagePresenter.swift; sourceTree = "<group>"; };
		473B70B92B25FDA10098D6FB /* FeedImageViewModel.swift */ = {isa = PBXFileReference; lastKnownFileType = sourcecode.swift; path = FeedImageViewModel.swift; sourceTree = "<group>"; };
		473B70BC2B28AFD20098D6FB /* LoadFeedImageDataFromRemoteUseCaseTests.swift */ = {isa = PBXFileReference; lastKnownFileType = sourcecode.swift; path = LoadFeedImageDataFromRemoteUseCaseTests.swift; sourceTree = "<group>"; };
		474656E82B56BDCA0039DBED /* FeedSnapshotTests.swift */ = {isa = PBXFileReference; lastKnownFileType = sourcecode.swift; path = FeedSnapshotTests.swift; sourceTree = "<group>"; };
		474656EB2B56D7E10039DBED /* UIImage+TestHelpers.swift */ = {isa = PBXFileReference; fileEncoding = 4; lastKnownFileType = sourcecode.swift; path = "UIImage+TestHelpers.swift"; sourceTree = "<group>"; };
		474656EE2B56DD0D0039DBED /* UITableView+HeaderSizing.swift */ = {isa = PBXFileReference; lastKnownFileType = sourcecode.swift; path = "UITableView+HeaderSizing.swift"; sourceTree = "<group>"; };
		4746DA4B2ACE86DD00344D63 /* ValidateFeedCacheUseCaseTests.swift */ = {isa = PBXFileReference; lastKnownFileType = sourcecode.swift; path = ValidateFeedCacheUseCaseTests.swift; sourceTree = "<group>"; };
		4746DA4D2ACE942E00344D63 /* FeedCacheTestHelpers.swift */ = {isa = PBXFileReference; lastKnownFileType = sourcecode.swift; path = FeedCacheTestHelpers.swift; sourceTree = "<group>"; };
		4746DA4F2ACE95F200344D63 /* SharedTestHelpers.swift */ = {isa = PBXFileReference; lastKnownFileType = sourcecode.swift; path = SharedTestHelpers.swift; sourceTree = "<group>"; };
		474B64D32B15B8C200CEB5A2 /* Feed.storyboard */ = {isa = PBXFileReference; lastKnownFileType = file.storyboard; path = Feed.storyboard; sourceTree = "<group>"; };
		474B64D52B15B95900CEB5A2 /* Feed.xcassets */ = {isa = PBXFileReference; lastKnownFileType = folder.assetcatalog; path = Feed.xcassets; sourceTree = "<group>"; };
		474B64DC2B15DA4F00CEB5A2 /* UITableView+Dequeueing.swift */ = {isa = PBXFileReference; lastKnownFileType = sourcecode.swift; path = "UITableView+Dequeueing.swift"; sourceTree = "<group>"; };
		474B64DE2B15DC5C00CEB5A2 /* UIImageView+Animations.swift */ = {isa = PBXFileReference; lastKnownFileType = sourcecode.swift; path = "UIImageView+Animations.swift"; sourceTree = "<group>"; };
		474D399A2B0F33A000B4C150 /* FeedImageDataLoader.swift */ = {isa = PBXFileReference; lastKnownFileType = sourcecode.swift; path = FeedImageDataLoader.swift; sourceTree = "<group>"; };
		474D39A12B0F507800B4C150 /* FeedImageCellController.swift */ = {isa = PBXFileReference; lastKnownFileType = sourcecode.swift; path = FeedImageCellController.swift; sourceTree = "<group>"; };
		474E7DE72B178A48006B8BB1 /* FeedLocalizationTests.swift */ = {isa = PBXFileReference; lastKnownFileType = sourcecode.swift; path = FeedLocalizationTests.swift; sourceTree = "<group>"; };
		474F5E142B22115D004DC58A /* FeedPresenterTests.swift */ = {isa = PBXFileReference; lastKnownFileType = sourcecode.swift; path = FeedPresenterTests.swift; sourceTree = "<group>"; };
		4751CC7E2B23622000C784F4 /* en */ = {isa = PBXFileReference; lastKnownFileType = text.plist.strings; name = en; path = en.lproj/Feed.strings; sourceTree = "<group>"; };
		4751CC802B23622100C784F4 /* el */ = {isa = PBXFileReference; lastKnownFileType = text.plist.strings; name = el; path = el.lproj/Feed.strings; sourceTree = "<group>"; };
		4751CC812B23622200C784F4 /* pt-BR */ = {isa = PBXFileReference; lastKnownFileType = text.plist.strings; name = "pt-BR"; path = "pt-BR.lproj/Feed.strings"; sourceTree = "<group>"; };
		4751CC832B2364CB00C784F4 /* FeedPresenter.swift */ = {isa = PBXFileReference; lastKnownFileType = sourcecode.swift; path = FeedPresenter.swift; sourceTree = "<group>"; };
		47525AD12B49944A0079176E /* FeedCache.swift */ = {isa = PBXFileReference; lastKnownFileType = sourcecode.swift; path = FeedCache.swift; sourceTree = "<group>"; };
		47570C922B073701008A9A94 /* EssentialFeedAPIEndToEndTests.xctestplan */ = {isa = PBXFileReference; lastKnownFileType = text; path = EssentialFeedAPIEndToEndTests.xctestplan; sourceTree = "<group>"; };
		47570C982B073BF1008A9A94 /* EssentialFeediOS.framework */ = {isa = PBXFileReference; explicitFileType = wrapper.framework; includeInIndex = 0; path = EssentialFeediOS.framework; sourceTree = BUILT_PRODUCTS_DIR; };
		47570C9F2B073BF1008A9A94 /* EssentialFeediOSTests.xctest */ = {isa = PBXFileReference; explicitFileType = wrapper.cfbundle; includeInIndex = 0; path = EssentialFeediOSTests.xctest; sourceTree = BUILT_PRODUCTS_DIR; };
		47570CAD2B073C45008A9A94 /* EssentialFeediOS.xctestplan */ = {isa = PBXFileReference; lastKnownFileType = text; path = EssentialFeediOS.xctestplan; sourceTree = "<group>"; };
		475E56062AE8E8E800AD452F /* XCTestCase+FailableDeleteFeedStoreSpecs.swift */ = {isa = PBXFileReference; lastKnownFileType = sourcecode.swift; path = "XCTestCase+FailableDeleteFeedStoreSpecs.swift"; sourceTree = "<group>"; };
		475E56092AE90A4200AD452F /* CoreDataFeedStoreTests.swift */ = {isa = PBXFileReference; lastKnownFileType = sourcecode.swift; path = CoreDataFeedStoreTests.swift; sourceTree = "<group>"; };
		475E560B2AE90BE100AD452F /* CoreDataFeedStore.swift */ = {isa = PBXFileReference; lastKnownFileType = sourcecode.swift; path = CoreDataFeedStore.swift; sourceTree = "<group>"; };
		475E560E2AE90EDD00AD452F /* FeedStore.xcdatamodel */ = {isa = PBXFileReference; lastKnownFileType = wrapper.xcdatamodel; path = FeedStore.xcdatamodel; sourceTree = "<group>"; };
		476992D12B2B5C2F001E6477 /* HTTPClientSpy.swift */ = {isa = PBXFileReference; lastKnownFileType = sourcecode.swift; path = HTTPClientSpy.swift; sourceTree = "<group>"; };
		476992D32B2B5CF4001E6477 /* RemoteFeedImageDataLoader.swift */ = {isa = PBXFileReference; lastKnownFileType = sourcecode.swift; path = RemoteFeedImageDataLoader.swift; sourceTree = "<group>"; };
		476992D62B2CA2BC001E6477 /* HTTPURLResponse+StatusCode.swift */ = {isa = PBXFileReference; lastKnownFileType = sourcecode.swift; path = "HTTPURLResponse+StatusCode.swift"; sourceTree = "<group>"; };
		476992D82B2CAB7F001E6477 /* URLProtocolStub.swift */ = {isa = PBXFileReference; lastKnownFileType = sourcecode.swift; path = URLProtocolStub.swift; sourceTree = "<group>"; };
		47748B442B36A65B00092956 /* CoreDataFeedStore+FeedStore.swift */ = {isa = PBXFileReference; lastKnownFileType = sourcecode.swift; path = "CoreDataFeedStore+FeedStore.swift"; sourceTree = "<group>"; };
		477A0BE32B7916A9001B2D12 /* ImageCommentsMapperTests.swift */ = {isa = PBXFileReference; lastKnownFileType = sourcecode.swift; path = ImageCommentsMapperTests.swift; sourceTree = "<group>"; };
		477A0BE52B79282B001B2D12 /* RemoteImageCommentsLoader.swift */ = {isa = PBXFileReference; lastKnownFileType = sourcecode.swift; path = RemoteImageCommentsLoader.swift; sourceTree = "<group>"; };
		477A0BE72B7928CF001B2D12 /* ImageCommentsMapper.swift */ = {isa = PBXFileReference; lastKnownFileType = sourcecode.swift; path = ImageCommentsMapper.swift; sourceTree = "<group>"; };
		478AE0BC2B4BE0A300FC0D52 /* FeedImageDataCache.swift */ = {isa = PBXFileReference; lastKnownFileType = sourcecode.swift; path = FeedImageDataCache.swift; sourceTree = "<group>"; };
		4796C6872A21D86000A61190 /* EssentialFeed.framework */ = {isa = PBXFileReference; explicitFileType = wrapper.framework; includeInIndex = 0; path = EssentialFeed.framework; sourceTree = BUILT_PRODUCTS_DIR; };
		4796C68A2A21D86000A61190 /* EssentialFeed.h */ = {isa = PBXFileReference; lastKnownFileType = sourcecode.c.h; path = EssentialFeed.h; sourceTree = "<group>"; };
		4796C68B2A21D86000A61190 /* EssentialFeed.docc */ = {isa = PBXFileReference; lastKnownFileType = folder.documentationcatalog; path = EssentialFeed.docc; sourceTree = "<group>"; };
		4796C6912A21D86000A61190 /* EssentialFeedTests.xctest */ = {isa = PBXFileReference; explicitFileType = wrapper.cfbundle; includeInIndex = 0; path = EssentialFeedTests.xctest; sourceTree = BUILT_PRODUCTS_DIR; };
		4796C6A22A21D99F00A61190 /* FeedImage.swift */ = {isa = PBXFileReference; lastKnownFileType = sourcecode.swift; path = FeedImage.swift; sourceTree = "<group>"; };
		4796C6A42A21DA3E00A61190 /* FeedLoader.swift */ = {isa = PBXFileReference; lastKnownFileType = sourcecode.swift; path = FeedLoader.swift; sourceTree = "<group>"; };
		4797867E2A9BAAD0001EB788 /* README.md */ = {isa = PBXFileReference; lastKnownFileType = net.daringfireball.markdown; path = README.md; sourceTree = "<group>"; };
		479786802A9C8321001EB788 /* FeedCacheUseCaseTests.swift */ = {isa = PBXFileReference; lastKnownFileType = sourcecode.swift; path = FeedCacheUseCaseTests.swift; sourceTree = "<group>"; };
		479C3A422AADADCF0005DAF8 /* LocalFeedLoader.swift */ = {isa = PBXFileReference; lastKnownFileType = sourcecode.swift; path = LocalFeedLoader.swift; sourceTree = "<group>"; };
		479C3A442AADADDF0005DAF8 /* FeedStore.swift */ = {isa = PBXFileReference; lastKnownFileType = sourcecode.swift; path = FeedStore.swift; sourceTree = "<group>"; };
		479C3A482AAE19E10005DAF8 /* LocalFeedImage.swift */ = {isa = PBXFileReference; lastKnownFileType = sourcecode.swift; path = LocalFeedImage.swift; sourceTree = "<group>"; };
		479CC7192B2D7E1200361881 /* LoadFeedImageDataFromCacheUseCaseTests.swift */ = {isa = PBXFileReference; lastKnownFileType = sourcecode.swift; path = LoadFeedImageDataFromCacheUseCaseTests.swift; sourceTree = "<group>"; };
		479CC71B2B31DAA400361881 /* FeedImageDataStore.swift */ = {isa = PBXFileReference; lastKnownFileType = sourcecode.swift; path = FeedImageDataStore.swift; sourceTree = "<group>"; };
		479CC71D2B31DAE400361881 /* LocalFeedImageDataLoader.swift */ = {isa = PBXFileReference; lastKnownFileType = sourcecode.swift; path = LocalFeedImageDataLoader.swift; sourceTree = "<group>"; };
		479CC71F2B31EA3D00361881 /* FeedImageDataStoreSpy.swift */ = {isa = PBXFileReference; lastKnownFileType = sourcecode.swift; path = FeedImageDataStoreSpy.swift; sourceTree = "<group>"; };
		479CC7212B31EB4B00361881 /* CacheFeedImageDataUseCaseTests.swift */ = {isa = PBXFileReference; lastKnownFileType = sourcecode.swift; path = CacheFeedImageDataUseCaseTests.swift; sourceTree = "<group>"; };
		479CC7232B34141C00361881 /* CoreDataFeedImageDataStoreTests.swift */ = {isa = PBXFileReference; lastKnownFileType = sourcecode.swift; path = CoreDataFeedImageDataStoreTests.swift; sourceTree = "<group>"; };
		479CC7252B3428EA00361881 /* FeedStore 2.xcdatamodel */ = {isa = PBXFileReference; lastKnownFileType = wrapper.xcdatamodel; path = "FeedStore 2.xcdatamodel"; sourceTree = "<group>"; };
		479CC7262B342B4500361881 /* CoreDataFeedStore+FeedImageDataLoader.swift */ = {isa = PBXFileReference; lastKnownFileType = sourcecode.swift; path = "CoreDataFeedStore+FeedImageDataLoader.swift"; sourceTree = "<group>"; };
		479F18A72B79F00000898003 /* ImageComment.swift */ = {isa = PBXFileReference; lastKnownFileType = sourcecode.swift; path = ImageComment.swift; sourceTree = "<group>"; };
		479F18B02B7B4EA300898003 /* RemoteLoader.swift */ = {isa = PBXFileReference; lastKnownFileType = sourcecode.swift; path = RemoteLoader.swift; sourceTree = "<group>"; };
		479F18B22B7B4EF600898003 /* RemoteLoaderTests.swift */ = {isa = PBXFileReference; lastKnownFileType = sourcecode.swift; path = RemoteLoaderTests.swift; sourceTree = "<group>"; };
		47A774742A225CC000FE88A7 /* FeedItemsMapperTests.swift */ = {isa = PBXFileReference; lastKnownFileType = sourcecode.swift; path = FeedItemsMapperTests.swift; sourceTree = "<group>"; };
		47A774772A23325000FE88A7 /* RemoteFeedLoader.swift */ = {isa = PBXFileReference; lastKnownFileType = sourcecode.swift; path = RemoteFeedLoader.swift; sourceTree = "<group>"; };
		47AA3EFF2AEFF8B600BBF779 /* CoreDataHelpers.swift */ = {isa = PBXFileReference; lastKnownFileType = sourcecode.swift; path = CoreDataHelpers.swift; sourceTree = "<group>"; };
		47AA3F012AEFF9F500BBF779 /* ManagedCache.swift */ = {isa = PBXFileReference; lastKnownFileType = sourcecode.swift; path = ManagedCache.swift; sourceTree = "<group>"; };
		47AA3F032AEFFA5200BBF779 /* ManagedFeedImage.swift */ = {isa = PBXFileReference; lastKnownFileType = sourcecode.swift; path = ManagedFeedImage.swift; sourceTree = "<group>"; };
		47AA3F092AF0EAF600BBF779 /* EssentialFeedCacheIntegrationTests.xctest */ = {isa = PBXFileReference; explicitFileType = wrapper.cfbundle; includeInIndex = 0; path = EssentialFeedCacheIntegrationTests.xctest; sourceTree = BUILT_PRODUCTS_DIR; };
		47AA3F0B2AF0EAF600BBF779 /* EssentialFeedCacheIntegrationTests.swift */ = {isa = PBXFileReference; lastKnownFileType = sourcecode.swift; path = EssentialFeedCacheIntegrationTests.swift; sourceTree = "<group>"; };
		47AA3F132AF0EB5F00BBF779 /* EssentialFeedCacheIntegrationTests.xctestplan */ = {isa = PBXFileReference; lastKnownFileType = text; path = EssentialFeedCacheIntegrationTests.xctestplan; sourceTree = "<group>"; };
		47AE9E422AD146620006821C /* FeedCachePolicy.swift */ = {isa = PBXFileReference; lastKnownFileType = sourcecode.swift; path = FeedCachePolicy.swift; sourceTree = "<group>"; };
		47B17DE62AE8E52B001DA28F /* XCTestCase+FailableRetrieveFeedStoreSpecs.swift */ = {isa = PBXFileReference; lastKnownFileType = sourcecode.swift; path = "XCTestCase+FailableRetrieveFeedStoreSpecs.swift"; sourceTree = "<group>"; };
		47B17DE82AE8E72B001DA28F /* XCTestCase+FailableInsertFeedStoreSpecs.swift */ = {isa = PBXFileReference; lastKnownFileType = sourcecode.swift; path = "XCTestCase+FailableInsertFeedStoreSpecs.swift"; sourceTree = "<group>"; };
		47B3B2712B221B8800997A41 /* ErrorView.swift */ = {isa = PBXFileReference; lastKnownFileType = sourcecode.swift; path = ErrorView.swift; sourceTree = "<group>"; };
		47C4286A2AB050E200748303 /* LoadFeedFromCacheUseCaseTests.swift */ = {isa = PBXFileReference; lastKnownFileType = sourcecode.swift; path = LoadFeedFromCacheUseCaseTests.swift; sourceTree = "<group>"; };
		47C4286D2AB6DE0000748303 /* FeedStoreSpy.swift */ = {isa = PBXFileReference; lastKnownFileType = sourcecode.swift; path = FeedStoreSpy.swift; sourceTree = "<group>"; };
		47E77F1F2B0A54AA00336EB2 /* FeedViewController.swift */ = {isa = PBXFileReference; lastKnownFileType = sourcecode.swift; path = FeedViewController.swift; sourceTree = "<group>"; };
		47E77F212B0B3E5300336EB2 /* FeedImageCell.swift */ = {isa = PBXFileReference; lastKnownFileType = sourcecode.swift; path = FeedImageCell.swift; sourceTree = "<group>"; };
		47E77F232B0CEF9500336EB2 /* UIView+Shimmering.swift */ = {isa = PBXFileReference; lastKnownFileType = sourcecode.swift; path = "UIView+Shimmering.swift"; sourceTree = "<group>"; };
/* End PBXFileReference section */

/* Begin PBXFrameworksBuildPhase section */
		4717CEE72A7F807B00C798B6 /* Frameworks */ = {
			isa = PBXFrameworksBuildPhase;
			buildActionMask = 2147483647;
			files = (
				4717CEEE2A7F807B00C798B6 /* EssentialFeed.framework in Frameworks */,
			);
			runOnlyForDeploymentPostprocessing = 0;
		};
		47570C952B073BF1008A9A94 /* Frameworks */ = {
			isa = PBXFrameworksBuildPhase;
			buildActionMask = 2147483647;
			files = (
				47E77F192B09D51200336EB2 /* EssentialFeed.framework in Frameworks */,
			);
			runOnlyForDeploymentPostprocessing = 0;
		};
		47570C9C2B073BF1008A9A94 /* Frameworks */ = {
			isa = PBXFrameworksBuildPhase;
			buildActionMask = 2147483647;
			files = (
				47570CA02B073BF1008A9A94 /* EssentialFeediOS.framework in Frameworks */,
			);
			runOnlyForDeploymentPostprocessing = 0;
		};
		4796C6842A21D86000A61190 /* Frameworks */ = {
			isa = PBXFrameworksBuildPhase;
			buildActionMask = 2147483647;
			files = (
			);
			runOnlyForDeploymentPostprocessing = 0;
		};
		4796C68E2A21D86000A61190 /* Frameworks */ = {
			isa = PBXFrameworksBuildPhase;
			buildActionMask = 2147483647;
			files = (
				4796C6922A21D86000A61190 /* EssentialFeed.framework in Frameworks */,
			);
			runOnlyForDeploymentPostprocessing = 0;
		};
		47AA3F062AF0EAF500BBF779 /* Frameworks */ = {
			isa = PBXFrameworksBuildPhase;
			buildActionMask = 2147483647;
			files = (
				47AA3F0D2AF0EAF600BBF779 /* EssentialFeed.framework in Frameworks */,
			);
			runOnlyForDeploymentPostprocessing = 0;
		};
/* End PBXFrameworksBuildPhase section */

/* Begin PBXGroup section */
		47033B5F2A48302C00022C48 /* Feed API */ = {
			isa = PBXGroup;
			children = (
				47A774742A225CC000FE88A7 /* FeedItemsMapperTests.swift */,
				473B70BC2B28AFD20098D6FB /* LoadFeedImageDataFromRemoteUseCaseTests.swift */,
			);
			path = "Feed API";
			sourceTree = "<group>";
		};
		4717CEA22A767D4700C798B6 /* Helpers */ = {
			isa = PBXGroup;
			children = (
				4717CEA32A767D8200C798B6 /* XCTestCase+MemoryLeakTracking.swift */,
				4746DA4F2ACE95F200344D63 /* SharedTestHelpers.swift */,
			);
			path = Helpers;
			sourceTree = "<group>";
		};
		4717CEEB2A7F807B00C798B6 /* EssentialFeedAPIEndToEndTests */ = {
			isa = PBXGroup;
			children = (
				4717CEEC2A7F807B00C798B6 /* EssentialFeedAPIEndToEndTests.swift */,
			);
			path = EssentialFeedAPIEndToEndTests;
			sourceTree = "<group>";
		};
		474656EA2B56D7D10039DBED /* Helpers */ = {
			isa = PBXGroup;
			children = (
				474656EB2B56D7E10039DBED /* UIImage+TestHelpers.swift */,
				473930DB2B5A55F800BCF656 /* UIViewController+Snapshot.swift */,
				473930DD2B5A568D00BCF656 /* XCTestCase+Snapshot.swift */,
			);
			path = Helpers;
			sourceTree = "<group>";
		};
		474656ED2B56DCD90039DBED /* Helpers */ = {
			isa = PBXGroup;
			children = (
				47E77F232B0CEF9500336EB2 /* UIView+Shimmering.swift */,
				474B64DC2B15DA4F00CEB5A2 /* UITableView+Dequeueing.swift */,
				474B64DE2B15DC5C00CEB5A2 /* UIImageView+Animations.swift */,
				474656EE2B56DD0D0039DBED /* UITableView+HeaderSizing.swift */,
			);
			path = Helpers;
			sourceTree = "<group>";
		};
		474D399C2B0F33E600B4C150 /* Feed UI */ = {
			isa = PBXGroup;
			children = (
				474D399E2B0F340B00B4C150 /* Views */,
				474D399D2B0F340200B4C150 /* Controllers */,
			);
			path = "Feed UI";
			sourceTree = "<group>";
		};
		474D399D2B0F340200B4C150 /* Controllers */ = {
			isa = PBXGroup;
			children = (
				47E77F1F2B0A54AA00336EB2 /* FeedViewController.swift */,
				474D39A12B0F507800B4C150 /* FeedImageCellController.swift */,
			);
			path = Controllers;
			sourceTree = "<group>";
		};
		474D399E2B0F340B00B4C150 /* Views */ = {
			isa = PBXGroup;
			children = (
				474656ED2B56DCD90039DBED /* Helpers */,
				47E77F212B0B3E5300336EB2 /* FeedImageCell.swift */,
				474B64D32B15B8C200CEB5A2 /* Feed.storyboard */,
				474B64D52B15B95900CEB5A2 /* Feed.xcassets */,
				47B3B2712B221B8800997A41 /* ErrorView.swift */,
			);
			path = Views;
			sourceTree = "<group>";
		};
		474F5E132B22111C004DC58A /* FeedPresentation */ = {
			isa = PBXGroup;
			children = (
				474F5E142B22115D004DC58A /* FeedPresenterTests.swift */,
				474E7DE72B178A48006B8BB1 /* FeedLocalizationTests.swift */,
				473B70B52B2582570098D6FB /* FeedImagePresenterTests.swift */,
			);
			path = FeedPresentation;
			sourceTree = "<group>";
		};
		4751CC822B23645C00C784F4 /* FeedPresentation */ = {
			isa = PBXGroup;
			children = (
				4751CC832B2364CB00C784F4 /* FeedPresenter.swift */,
				4751CC7F2B23622000C784F4 /* Feed.strings */,
				473B70B72B25FC5E0098D6FB /* FeedImagePresenter.swift */,
				473B70B92B25FDA10098D6FB /* FeedImageViewModel.swift */,
			);
			path = FeedPresentation;
			sourceTree = "<group>";
		};
		47570C992B073BF1008A9A94 /* EssentialFeediOS */ = {
			isa = PBXGroup;
			children = (
				474D399C2B0F33E600B4C150 /* Feed UI */,
			);
			path = EssentialFeediOS;
			sourceTree = "<group>";
		};
		47570CA32B073BF1008A9A94 /* EssentialFeediOSTests */ = {
			isa = PBXGroup;
			children = (
				474656EA2B56D7D10039DBED /* Helpers */,
				474656E82B56BDCA0039DBED /* FeedSnapshotTests.swift */,
			);
			path = EssentialFeediOSTests;
			sourceTree = "<group>";
		};
		475E56082AE8EBEC00AD452F /* FeedStoreSpecs */ = {
			isa = PBXGroup;
			children = (
				4708D6942AE82A2F007EDB39 /* FeedStoreSpecs.swift */,
				4708D6962AE82BCD007EDB39 /* XCTestCase+FeedStoreSpecs.swift */,
				47B17DE62AE8E52B001DA28F /* XCTestCase+FailableRetrieveFeedStoreSpecs.swift */,
				47B17DE82AE8E72B001DA28F /* XCTestCase+FailableInsertFeedStoreSpecs.swift */,
				475E56062AE8E8E800AD452F /* XCTestCase+FailableDeleteFeedStoreSpecs.swift */,
			);
			path = FeedStoreSpecs;
			sourceTree = "<group>";
		};
		476992D52B2CA292001E6477 /* Helpers */ = {
			isa = PBXGroup;
			children = (
				476992D62B2CA2BC001E6477 /* HTTPURLResponse+StatusCode.swift */,
			);
			path = Helpers;
			sourceTree = "<group>";
		};
		476992DA2B2CAC7E001E6477 /* Helpers */ = {
			isa = PBXGroup;
			children = (
				476992D82B2CAB7F001E6477 /* URLProtocolStub.swift */,
			);
			path = Helpers;
			sourceTree = "<group>";
		};
		4796C67D2A21D86000A61190 = {
			isa = PBXGroup;
			children = (
				47570CAD2B073C45008A9A94 /* EssentialFeediOS.xctestplan */,
				47570C922B073701008A9A94 /* EssentialFeedAPIEndToEndTests.xctestplan */,
				47AA3F132AF0EB5F00BBF779 /* EssentialFeedCacheIntegrationTests.xctestplan */,
				4797867E2A9BAAD0001EB788 /* README.md */,
				471F43FA2A7FA69C00BCDADA /* CI.xctestplan */,
				4717CEE52A7F7D8F00C798B6 /* EssentialFeed.xctestplan */,
				4796C6892A21D86000A61190 /* EssentialFeed */,
				4796C6952A21D86000A61190 /* EssentialFeedTests */,
				4717CEEB2A7F807B00C798B6 /* EssentialFeedAPIEndToEndTests */,
				47AA3F0A2AF0EAF600BBF779 /* EssentialFeedCacheIntegrationTests */,
				47570C992B073BF1008A9A94 /* EssentialFeediOS */,
				47570CA32B073BF1008A9A94 /* EssentialFeediOSTests */,
				4796C6882A21D86000A61190 /* Products */,
				47E77F182B09D51200336EB2 /* Frameworks */,
			);
			sourceTree = "<group>";
		};
		4796C6882A21D86000A61190 /* Products */ = {
			isa = PBXGroup;
			children = (
				4796C6872A21D86000A61190 /* EssentialFeed.framework */,
				4796C6912A21D86000A61190 /* EssentialFeedTests.xctest */,
				4717CEEA2A7F807B00C798B6 /* EssentialFeedAPIEndToEndTests.xctest */,
				47AA3F092AF0EAF600BBF779 /* EssentialFeedCacheIntegrationTests.xctest */,
				47570C982B073BF1008A9A94 /* EssentialFeediOS.framework */,
				47570C9F2B073BF1008A9A94 /* EssentialFeediOSTests.xctest */,
			);
			name = Products;
			sourceTree = "<group>";
		};
		4796C6892A21D86000A61190 /* EssentialFeed */ = {
			isa = PBXGroup;
			children = (
				479F18AA2B7B401600898003 /* Shared API Infra */,
				479F18A92B7B3FFB00898003 /* Shared API */,
				479F18A62B79EFDA00898003 /* Image Comments Feature */,
				479F18AE2B7B421000898003 /* Image Comments API */,
				4751CC822B23645C00C784F4 /* FeedPresentation */,
				479C3A412AADADB40005DAF8 /* FeedCache */,
				47A774762A2331B200FE88A7 /* Feed API */,
				4796C6A12A21D97E00A61190 /* FeedFeature */,
				4796C68A2A21D86000A61190 /* EssentialFeed.h */,
				4796C68B2A21D86000A61190 /* EssentialFeed.docc */,
			);
			path = EssentialFeed;
			sourceTree = "<group>";
		};
		4796C6952A21D86000A61190 /* EssentialFeedTests */ = {
			isa = PBXGroup;
			children = (
				479F18AF2B7B42B200898003 /* Image Comments API */,
				479F18AD2B7B40E800898003 /* Shared API Infra */,
				479F18AB2B7B405400898003 /* Shared API */,
				474F5E132B22111C004DC58A /* FeedPresentation */,
				4717CEA22A767D4700C798B6 /* Helpers */,
				4797867F2A9C82EB001EB788 /* Feed Cache */,
				47033B5F2A48302C00022C48 /* Feed API */,
			);
			path = EssentialFeedTests;
			sourceTree = "<group>";
		};
		4796C6A12A21D97E00A61190 /* FeedFeature */ = {
			isa = PBXGroup;
			children = (
				4796C6A22A21D99F00A61190 /* FeedImage.swift */,
				4796C6A42A21DA3E00A61190 /* FeedLoader.swift */,
				474D399A2B0F33A000B4C150 /* FeedImageDataLoader.swift */,
				47525AD12B49944A0079176E /* FeedCache.swift */,
				478AE0BC2B4BE0A300FC0D52 /* FeedImageDataCache.swift */,
			);
			path = FeedFeature;
			sourceTree = "<group>";
		};
		4797867F2A9C82EB001EB788 /* Feed Cache */ = {
			isa = PBXGroup;
			children = (
				475E56082AE8EBEC00AD452F /* FeedStoreSpecs */,
				47C4286C2AB6DD8800748303 /* Helpers */,
				479786802A9C8321001EB788 /* FeedCacheUseCaseTests.swift */,
				47C4286A2AB050E200748303 /* LoadFeedFromCacheUseCaseTests.swift */,
				4746DA4B2ACE86DD00344D63 /* ValidateFeedCacheUseCaseTests.swift */,
				475E56092AE90A4200AD452F /* CoreDataFeedStoreTests.swift */,
				479CC7192B2D7E1200361881 /* LoadFeedImageDataFromCacheUseCaseTests.swift */,
				479CC7212B31EB4B00361881 /* CacheFeedImageDataUseCaseTests.swift */,
				479CC7232B34141C00361881 /* CoreDataFeedImageDataStoreTests.swift */,
			);
			path = "Feed Cache";
			sourceTree = "<group>";
		};
		479C3A412AADADB40005DAF8 /* FeedCache */ = {
			isa = PBXGroup;
			children = (
				47AA3EFC2AEFF6DC00BBF779 /* Infrastructure */,
				479C3A422AADADCF0005DAF8 /* LocalFeedLoader.swift */,
				479C3A442AADADDF0005DAF8 /* FeedStore.swift */,
				479C3A482AAE19E10005DAF8 /* LocalFeedImage.swift */,
				47AE9E422AD146620006821C /* FeedCachePolicy.swift */,
				479CC71B2B31DAA400361881 /* FeedImageDataStore.swift */,
				479CC71D2B31DAE400361881 /* LocalFeedImageDataLoader.swift */,
			);
			path = FeedCache;
			sourceTree = "<group>";
		};
		479F18A62B79EFDA00898003 /* Image Comments Feature */ = {
			isa = PBXGroup;
			children = (
				479F18A72B79F00000898003 /* ImageComment.swift */,
			);
			path = "Image Comments Feature";
			sourceTree = "<group>";
		};
		479F18A92B7B3FFB00898003 /* Shared API */ = {
			isa = PBXGroup;
			children = (
				47033B5B2A40B77F00022C48 /* HTTPClient.swift */,
				479F18B02B7B4EA300898003 /* RemoteLoader.swift */,
			);
			path = "Shared API";
			sourceTree = "<group>";
		};
		479F18AA2B7B401600898003 /* Shared API Infra */ = {
			isa = PBXGroup;
			children = (
				4717CEA52A76B61000C798B6 /* URLSessionHTTPClient.swift */,
			);
			path = "Shared API Infra";
			sourceTree = "<group>";
		};
		479F18AB2B7B405400898003 /* Shared API */ = {
			isa = PBXGroup;
			children = (
				479F18AC2B7B40A600898003 /* Helpers */,
				479F18B22B7B4EF600898003 /* RemoteLoaderTests.swift */,
			);
			path = "Shared API";
			sourceTree = "<group>";
		};
		479F18AC2B7B40A600898003 /* Helpers */ = {
			isa = PBXGroup;
			children = (
				476992D12B2B5C2F001E6477 /* HTTPClientSpy.swift */,
			);
			path = Helpers;
			sourceTree = "<group>";
		};
		479F18AD2B7B40E800898003 /* Shared API Infra */ = {
			isa = PBXGroup;
			children = (
				476992DA2B2CAC7E001E6477 /* Helpers */,
				47033B602A5150FE00022C48 /* URLSessionHTTPClientTests.swift */,
			);
			path = "Shared API Infra";
			sourceTree = "<group>";
		};
		479F18AE2B7B421000898003 /* Image Comments API */ = {
			isa = PBXGroup;
			children = (
				477A0BE52B79282B001B2D12 /* RemoteImageCommentsLoader.swift */,
				477A0BE72B7928CF001B2D12 /* ImageCommentsMapper.swift */,
			);
			path = "Image Comments API";
			sourceTree = "<group>";
		};
		479F18AF2B7B42B200898003 /* Image Comments API */ = {
			isa = PBXGroup;
			children = (
				477A0BE32B7916A9001B2D12 /* ImageCommentsMapperTests.swift */,
			);
			path = "Image Comments API";
			sourceTree = "<group>";
		};
		47A774762A2331B200FE88A7 /* Feed API */ = {
			isa = PBXGroup;
			children = (
				476992D52B2CA292001E6477 /* Helpers */,
				47A774772A23325000FE88A7 /* RemoteFeedLoader.swift */,
				47033B5D2A40B7B300022C48 /* FeedItemsMapper.swift */,
				476992D32B2B5CF4001E6477 /* RemoteFeedImageDataLoader.swift */,
			);
			path = "Feed API";
			sourceTree = "<group>";
		};
		47AA3EFC2AEFF6DC00BBF779 /* Infrastructure */ = {
			isa = PBXGroup;
			children = (
				47AA3EFD2AEFF70500BBF779 /* CoreData */,
			);
			path = Infrastructure;
			sourceTree = "<group>";
		};
		47AA3EFD2AEFF70500BBF779 /* CoreData */ = {
			isa = PBXGroup;
			children = (
				475E560B2AE90BE100AD452F /* CoreDataFeedStore.swift */,
				475E560D2AE90EDD00AD452F /* FeedStore.xcdatamodeld */,
				47AA3EFF2AEFF8B600BBF779 /* CoreDataHelpers.swift */,
				47AA3F012AEFF9F500BBF779 /* ManagedCache.swift */,
				47AA3F032AEFFA5200BBF779 /* ManagedFeedImage.swift */,
				479CC7262B342B4500361881 /* CoreDataFeedStore+FeedImageDataLoader.swift */,
				47748B442B36A65B00092956 /* CoreDataFeedStore+FeedStore.swift */,
			);
			path = CoreData;
			sourceTree = "<group>";
		};
		47AA3F0A2AF0EAF600BBF779 /* EssentialFeedCacheIntegrationTests */ = {
			isa = PBXGroup;
			children = (
				47AA3F0B2AF0EAF600BBF779 /* EssentialFeedCacheIntegrationTests.swift */,
			);
			path = EssentialFeedCacheIntegrationTests;
			sourceTree = "<group>";
		};
		47C4286C2AB6DD8800748303 /* Helpers */ = {
			isa = PBXGroup;
			children = (
				47C4286D2AB6DE0000748303 /* FeedStoreSpy.swift */,
				4746DA4D2ACE942E00344D63 /* FeedCacheTestHelpers.swift */,
				479CC71F2B31EA3D00361881 /* FeedImageDataStoreSpy.swift */,
			);
			path = Helpers;
			sourceTree = "<group>";
		};
		47E77F182B09D51200336EB2 /* Frameworks */ = {
			isa = PBXGroup;
			children = (
			);
			name = Frameworks;
			sourceTree = "<group>";
		};
/* End PBXGroup section */

/* Begin PBXHeadersBuildPhase section */
		47570C932B073BF1008A9A94 /* Headers */ = {
			isa = PBXHeadersBuildPhase;
			buildActionMask = 2147483647;
			files = (
			);
			runOnlyForDeploymentPostprocessing = 0;
		};
		4796C6822A21D86000A61190 /* Headers */ = {
			isa = PBXHeadersBuildPhase;
			buildActionMask = 2147483647;
			files = (
				4796C6982A21D86000A61190 /* EssentialFeed.h in Headers */,
			);
			runOnlyForDeploymentPostprocessing = 0;
		};
/* End PBXHeadersBuildPhase section */

/* Begin PBXNativeTarget section */
		4717CEE92A7F807B00C798B6 /* EssentialFeedAPIEndToEndTests */ = {
			isa = PBXNativeTarget;
			buildConfigurationList = 4717CEF12A7F807B00C798B6 /* Build configuration list for PBXNativeTarget "EssentialFeedAPIEndToEndTests" */;
			buildPhases = (
				4717CEE62A7F807B00C798B6 /* Sources */,
				4717CEE72A7F807B00C798B6 /* Frameworks */,
				4717CEE82A7F807B00C798B6 /* Resources */,
			);
			buildRules = (
			);
			dependencies = (
				4717CEF02A7F807B00C798B6 /* PBXTargetDependency */,
			);
			name = EssentialFeedAPIEndToEndTests;
			productName = EssentialFeedAPIEndToEndTests;
			productReference = 4717CEEA2A7F807B00C798B6 /* EssentialFeedAPIEndToEndTests.xctest */;
			productType = "com.apple.product-type.bundle.unit-test";
		};
		47570C972B073BF1008A9A94 /* EssentialFeediOS */ = {
			isa = PBXNativeTarget;
			buildConfigurationList = 47570CA72B073BF1008A9A94 /* Build configuration list for PBXNativeTarget "EssentialFeediOS" */;
			buildPhases = (
				47570C932B073BF1008A9A94 /* Headers */,
				47570C942B073BF1008A9A94 /* Sources */,
				47570C952B073BF1008A9A94 /* Frameworks */,
				47570C962B073BF1008A9A94 /* Resources */,
				47E77F1D2B09D51200336EB2 /* Embed Frameworks */,
			);
			buildRules = (
			);
			dependencies = (
				47E77F1C2B09D51200336EB2 /* PBXTargetDependency */,
			);
			name = EssentialFeediOS;
			productName = EssentialFeediOS;
			productReference = 47570C982B073BF1008A9A94 /* EssentialFeediOS.framework */;
			productType = "com.apple.product-type.framework";
		};
		47570C9E2B073BF1008A9A94 /* EssentialFeediOSTests */ = {
			isa = PBXNativeTarget;
			buildConfigurationList = 47570CAA2B073BF1008A9A94 /* Build configuration list for PBXNativeTarget "EssentialFeediOSTests" */;
			buildPhases = (
				47570C9B2B073BF1008A9A94 /* Sources */,
				47570C9C2B073BF1008A9A94 /* Frameworks */,
				47570C9D2B073BF1008A9A94 /* Resources */,
			);
			buildRules = (
			);
			dependencies = (
				47570CA22B073BF1008A9A94 /* PBXTargetDependency */,
			);
			name = EssentialFeediOSTests;
			productName = EssentialFeediOSTests;
			productReference = 47570C9F2B073BF1008A9A94 /* EssentialFeediOSTests.xctest */;
			productType = "com.apple.product-type.bundle.unit-test";
		};
		4796C6862A21D86000A61190 /* EssentialFeed */ = {
			isa = PBXNativeTarget;
			buildConfigurationList = 4796C69B2A21D86000A61190 /* Build configuration list for PBXNativeTarget "EssentialFeed" */;
			buildPhases = (
				4796C6822A21D86000A61190 /* Headers */,
				4796C6832A21D86000A61190 /* Sources */,
				4796C6842A21D86000A61190 /* Frameworks */,
				4796C6852A21D86000A61190 /* Resources */,
			);
			buildRules = (
			);
			dependencies = (
			);
			name = EssentialFeed;
			productName = EssentialFeed;
			productReference = 4796C6872A21D86000A61190 /* EssentialFeed.framework */;
			productType = "com.apple.product-type.framework";
		};
		4796C6902A21D86000A61190 /* EssentialFeedTests */ = {
			isa = PBXNativeTarget;
			buildConfigurationList = 4796C69E2A21D86000A61190 /* Build configuration list for PBXNativeTarget "EssentialFeedTests" */;
			buildPhases = (
				4796C68D2A21D86000A61190 /* Sources */,
				4796C68E2A21D86000A61190 /* Frameworks */,
				4796C68F2A21D86000A61190 /* Resources */,
			);
			buildRules = (
			);
			dependencies = (
				4796C6942A21D86000A61190 /* PBXTargetDependency */,
			);
			name = EssentialFeedTests;
			productName = EssentialFeedTests;
			productReference = 4796C6912A21D86000A61190 /* EssentialFeedTests.xctest */;
			productType = "com.apple.product-type.bundle.unit-test";
		};
		47AA3F082AF0EAF500BBF779 /* EssentialFeedCacheIntegrationTests */ = {
			isa = PBXNativeTarget;
			buildConfigurationList = 47AA3F102AF0EAF600BBF779 /* Build configuration list for PBXNativeTarget "EssentialFeedCacheIntegrationTests" */;
			buildPhases = (
				47AA3F052AF0EAF500BBF779 /* Sources */,
				47AA3F062AF0EAF500BBF779 /* Frameworks */,
				47AA3F072AF0EAF500BBF779 /* Resources */,
			);
			buildRules = (
			);
			dependencies = (
				47AA3F0F2AF0EAF600BBF779 /* PBXTargetDependency */,
			);
			name = EssentialFeedCacheIntegrationTests;
			productName = EssentialFeedCacheIntegrationTests;
			productReference = 47AA3F092AF0EAF600BBF779 /* EssentialFeedCacheIntegrationTests.xctest */;
			productType = "com.apple.product-type.bundle.unit-test";
		};
/* End PBXNativeTarget section */

/* Begin PBXProject section */
		4796C67E2A21D86000A61190 /* Project object */ = {
			isa = PBXProject;
			attributes = {
				BuildIndependentTargetsInParallel = 1;
				LastSwiftUpdateCheck = 1500;
				LastUpgradeCheck = 1430;
				TargetAttributes = {
					4717CEE92A7F807B00C798B6 = {
						CreatedOnToolsVersion = 14.3;
					};
					47570C972B073BF1008A9A94 = {
						CreatedOnToolsVersion = 15.0;
						LastSwiftMigration = 1500;
					};
					47570C9E2B073BF1008A9A94 = {
						CreatedOnToolsVersion = 15.0;
						LastSwiftMigration = 1500;
					};
					4796C6862A21D86000A61190 = {
						CreatedOnToolsVersion = 14.3;
					};
					4796C6902A21D86000A61190 = {
						CreatedOnToolsVersion = 14.3;
					};
					47AA3F082AF0EAF500BBF779 = {
						CreatedOnToolsVersion = 14.3.1;
					};
				};
			};
			buildConfigurationList = 4796C6812A21D86000A61190 /* Build configuration list for PBXProject "EssentialFeed" */;
			compatibilityVersion = "Xcode 14.0";
			developmentRegion = en;
			hasScannedForEncodings = 0;
			knownRegions = (
				en,
				Base,
				"pt-BR",
				el,
			);
			mainGroup = 4796C67D2A21D86000A61190;
			productRefGroup = 4796C6882A21D86000A61190 /* Products */;
			projectDirPath = "";
			projectRoot = "";
			targets = (
				4796C6862A21D86000A61190 /* EssentialFeed */,
				4796C6902A21D86000A61190 /* EssentialFeedTests */,
				4717CEE92A7F807B00C798B6 /* EssentialFeedAPIEndToEndTests */,
				47AA3F082AF0EAF500BBF779 /* EssentialFeedCacheIntegrationTests */,
				47570C972B073BF1008A9A94 /* EssentialFeediOS */,
				47570C9E2B073BF1008A9A94 /* EssentialFeediOSTests */,
			);
		};
/* End PBXProject section */

/* Begin PBXResourcesBuildPhase section */
		4717CEE82A7F807B00C798B6 /* Resources */ = {
			isa = PBXResourcesBuildPhase;
			buildActionMask = 2147483647;
			files = (
			);
			runOnlyForDeploymentPostprocessing = 0;
		};
		47570C962B073BF1008A9A94 /* Resources */ = {
			isa = PBXResourcesBuildPhase;
			buildActionMask = 2147483647;
			files = (
				474B64D42B15B8C200CEB5A2 /* Feed.storyboard in Resources */,
				474B64D62B15B95900CEB5A2 /* Feed.xcassets in Resources */,
			);
			runOnlyForDeploymentPostprocessing = 0;
		};
		47570C9D2B073BF1008A9A94 /* Resources */ = {
			isa = PBXResourcesBuildPhase;
			buildActionMask = 2147483647;
			files = (
			);
			runOnlyForDeploymentPostprocessing = 0;
		};
		4796C6852A21D86000A61190 /* Resources */ = {
			isa = PBXResourcesBuildPhase;
			buildActionMask = 2147483647;
			files = (
				4751CC852B23654800C784F4 /* Feed.strings in Resources */,
			);
			runOnlyForDeploymentPostprocessing = 0;
		};
		4796C68F2A21D86000A61190 /* Resources */ = {
			isa = PBXResourcesBuildPhase;
			buildActionMask = 2147483647;
			files = (
			);
			runOnlyForDeploymentPostprocessing = 0;
		};
		47AA3F072AF0EAF500BBF779 /* Resources */ = {
			isa = PBXResourcesBuildPhase;
			buildActionMask = 2147483647;
			files = (
			);
			runOnlyForDeploymentPostprocessing = 0;
		};
/* End PBXResourcesBuildPhase section */

/* Begin PBXSourcesBuildPhase section */
		4717CEE62A7F807B00C798B6 /* Sources */ = {
			isa = PBXSourcesBuildPhase;
			buildActionMask = 2147483647;
			files = (
				4717CEED2A7F807B00C798B6 /* EssentialFeedAPIEndToEndTests.swift in Sources */,
				4717CEF72A7F988C00C798B6 /* XCTestCase+MemoryLeakTracking.swift in Sources */,
			);
			runOnlyForDeploymentPostprocessing = 0;
		};
		47570C942B073BF1008A9A94 /* Sources */ = {
			isa = PBXSourcesBuildPhase;
			buildActionMask = 2147483647;
			files = (
				47E77F242B0CEF9500336EB2 /* UIView+Shimmering.swift in Sources */,
				47B3B2722B221B8800997A41 /* ErrorView.swift in Sources */,
				474656EF2B56DD0D0039DBED /* UITableView+HeaderSizing.swift in Sources */,
				474B64DD2B15DA4F00CEB5A2 /* UITableView+Dequeueing.swift in Sources */,
				47E77F202B0A54AA00336EB2 /* FeedViewController.swift in Sources */,
				47E77F222B0B3E5300336EB2 /* FeedImageCell.swift in Sources */,
				474D39A22B0F507800B4C150 /* FeedImageCellController.swift in Sources */,
				474B64DF2B15DC5C00CEB5A2 /* UIImageView+Animations.swift in Sources */,
			);
			runOnlyForDeploymentPostprocessing = 0;
		};
		47570C9B2B073BF1008A9A94 /* Sources */ = {
			isa = PBXSourcesBuildPhase;
			buildActionMask = 2147483647;
			files = (
				47E77F1E2B09D6FA00336EB2 /* XCTestCase+MemoryLeakTracking.swift in Sources */,
				474656E92B56BDCA0039DBED /* FeedSnapshotTests.swift in Sources */,
				473930DE2B5A568D00BCF656 /* XCTestCase+Snapshot.swift in Sources */,
				473930DC2B5A55F800BCF656 /* UIViewController+Snapshot.swift in Sources */,
				474656EC2B56D7E20039DBED /* UIImage+TestHelpers.swift in Sources */,
			);
			runOnlyForDeploymentPostprocessing = 0;
		};
		4796C6832A21D86000A61190 /* Sources */ = {
			isa = PBXSourcesBuildPhase;
			buildActionMask = 2147483647;
			files = (
				479CC71E2B31DAE400361881 /* LocalFeedImageDataLoader.swift in Sources */,
				479C3A492AAE19E10005DAF8 /* LocalFeedImage.swift in Sources */,
				475E560F2AE90EDD00AD452F /* FeedStore.xcdatamodeld in Sources */,
				479F18A82B79F00000898003 /* ImageComment.swift in Sources */,
				479C3A452AADADDF0005DAF8 /* FeedStore.swift in Sources */,
				4717CEA62A76B61000C798B6 /* URLSessionHTTPClient.swift in Sources */,
				479CC7272B342B4500361881 /* CoreDataFeedStore+FeedImageDataLoader.swift in Sources */,
				47A774782A23325000FE88A7 /* RemoteFeedLoader.swift in Sources */,
				47033B5C2A40B77F00022C48 /* HTTPClient.swift in Sources */,
				47748B452B36A65B00092956 /* CoreDataFeedStore+FeedStore.swift in Sources */,
				47AA3F002AEFF8B600BBF779 /* CoreDataHelpers.swift in Sources */,
				478AE0BD2B4BE0A300FC0D52 /* FeedImageDataCache.swift in Sources */,
				4796C6A52A21DA3E00A61190 /* FeedLoader.swift in Sources */,
				475E560C2AE90BE100AD452F /* CoreDataFeedStore.swift in Sources */,
				47AA3F022AEFF9F500BBF779 /* ManagedCache.swift in Sources */,
				47033B5E2A40B7B300022C48 /* FeedItemsMapper.swift in Sources */,
				479F18B12B7B4EA300898003 /* RemoteLoader.swift in Sources */,
				47AE9E432AD146620006821C /* FeedCachePolicy.swift in Sources */,
				477A0BE82B7928CF001B2D12 /* ImageCommentsMapper.swift in Sources */,
				473B70BA2B25FDA10098D6FB /* FeedImageViewModel.swift in Sources */,
				473B70B82B25FC5E0098D6FB /* FeedImagePresenter.swift in Sources */,
				47525AD22B49944A0079176E /* FeedCache.swift in Sources */,
				4751CC842B2364CB00C784F4 /* FeedPresenter.swift in Sources */,
				4796C6A32A21D99F00A61190 /* FeedImage.swift in Sources */,
				477A0BE62B79282B001B2D12 /* RemoteImageCommentsLoader.swift in Sources */,
				476992D42B2B5CF4001E6477 /* RemoteFeedImageDataLoader.swift in Sources */,
				47AA3F042AEFFA5200BBF779 /* ManagedFeedImage.swift in Sources */,
				479CC71C2B31DAA400361881 /* FeedImageDataStore.swift in Sources */,
				479C3A432AADADCF0005DAF8 /* LocalFeedLoader.swift in Sources */,
				473B70BB2B28AE370098D6FB /* FeedImageDataLoader.swift in Sources */,
				476992D72B2CA2BC001E6477 /* HTTPURLResponse+StatusCode.swift in Sources */,
				4796C68C2A21D86000A61190 /* EssentialFeed.docc in Sources */,
			);
			runOnlyForDeploymentPostprocessing = 0;
		};
		4796C68D2A21D86000A61190 /* Sources */ = {
			isa = PBXSourcesBuildPhase;
			buildActionMask = 2147483647;
			files = (
				479F18B32B7B4EF600898003 /* RemoteLoaderTests.swift in Sources */,
				47A774752A225CC000FE88A7 /* FeedItemsMapperTests.swift in Sources */,
				477A0BE42B7916A9001B2D12 /* ImageCommentsMapperTests.swift in Sources */,
				479CC7242B34141C00361881 /* CoreDataFeedImageDataStoreTests.swift in Sources */,
				475E56072AE8E8E800AD452F /* XCTestCase+FailableDeleteFeedStoreSpecs.swift in Sources */,
				473B70B62B2582570098D6FB /* FeedImagePresenterTests.swift in Sources */,
				4746DA4C2ACE86DD00344D63 /* ValidateFeedCacheUseCaseTests.swift in Sources */,
				4746DA502ACE95F200344D63 /* SharedTestHelpers.swift in Sources */,
				4751CC862B23694600C784F4 /* FeedLocalizationTests.swift in Sources */,
				4717CEA42A767D8200C798B6 /* XCTestCase+MemoryLeakTracking.swift in Sources */,
				479CC7202B31EA3D00361881 /* FeedImageDataStoreSpy.swift in Sources */,
				4708D6972AE82BCD007EDB39 /* XCTestCase+FeedStoreSpecs.swift in Sources */,
				47C4286E2AB6DE0000748303 /* FeedStoreSpy.swift in Sources */,
				479CC7222B31EB4B00361881 /* CacheFeedImageDataUseCaseTests.swift in Sources */,
				476992D22B2B5C2F001E6477 /* HTTPClientSpy.swift in Sources */,
				47B17DE72AE8E52B001DA28F /* XCTestCase+FailableRetrieveFeedStoreSpecs.swift in Sources */,
				479786812A9C8321001EB788 /* FeedCacheUseCaseTests.swift in Sources */,
				479CC71A2B2D7E1200361881 /* LoadFeedImageDataFromCacheUseCaseTests.swift in Sources */,
				4708D6952AE82A2F007EDB39 /* FeedStoreSpecs.swift in Sources */,
				476992DB2B2CAC9F001E6477 /* URLProtocolStub.swift in Sources */,
				47033B612A5150FE00022C48 /* URLSessionHTTPClientTests.swift in Sources */,
				473B70BD2B28AFD20098D6FB /* LoadFeedImageDataFromRemoteUseCaseTests.swift in Sources */,
				475E560A2AE90A4200AD452F /* CoreDataFeedStoreTests.swift in Sources */,
				4746DA4E2ACE942E00344D63 /* FeedCacheTestHelpers.swift in Sources */,
				47B17DE92AE8E72B001DA28F /* XCTestCase+FailableInsertFeedStoreSpecs.swift in Sources */,
				474F5E152B22115D004DC58A /* FeedPresenterTests.swift in Sources */,
				47C4286B2AB050E200748303 /* LoadFeedFromCacheUseCaseTests.swift in Sources */,
			);
			runOnlyForDeploymentPostprocessing = 0;
		};
		47AA3F052AF0EAF500BBF779 /* Sources */ = {
			isa = PBXSourcesBuildPhase;
			buildActionMask = 2147483647;
			files = (
				47AA3F162AF156D700BBF779 /* SharedTestHelpers.swift in Sources */,
				47AA3F0C2AF0EAF600BBF779 /* EssentialFeedCacheIntegrationTests.swift in Sources */,
				47AA3F152AF156CB00BBF779 /* FeedCacheTestHelpers.swift in Sources */,
				47AA3F142AF0EF3200BBF779 /* XCTestCase+MemoryLeakTracking.swift in Sources */,
			);
			runOnlyForDeploymentPostprocessing = 0;
		};
/* End PBXSourcesBuildPhase section */

/* Begin PBXTargetDependency section */
		4717CEF02A7F807B00C798B6 /* PBXTargetDependency */ = {
			isa = PBXTargetDependency;
			target = 4796C6862A21D86000A61190 /* EssentialFeed */;
			targetProxy = 4717CEEF2A7F807B00C798B6 /* PBXContainerItemProxy */;
		};
		47570CA22B073BF1008A9A94 /* PBXTargetDependency */ = {
			isa = PBXTargetDependency;
			target = 47570C972B073BF1008A9A94 /* EssentialFeediOS */;
			targetProxy = 47570CA12B073BF1008A9A94 /* PBXContainerItemProxy */;
		};
		4796C6942A21D86000A61190 /* PBXTargetDependency */ = {
			isa = PBXTargetDependency;
			target = 4796C6862A21D86000A61190 /* EssentialFeed */;
			targetProxy = 4796C6932A21D86000A61190 /* PBXContainerItemProxy */;
		};
		47AA3F0F2AF0EAF600BBF779 /* PBXTargetDependency */ = {
			isa = PBXTargetDependency;
			target = 4796C6862A21D86000A61190 /* EssentialFeed */;
			targetProxy = 47AA3F0E2AF0EAF600BBF779 /* PBXContainerItemProxy */;
		};
		47E77F1C2B09D51200336EB2 /* PBXTargetDependency */ = {
			isa = PBXTargetDependency;
			platformFilter = ios;
			target = 4796C6862A21D86000A61190 /* EssentialFeed */;
			targetProxy = 47E77F1B2B09D51200336EB2 /* PBXContainerItemProxy */;
		};
/* End PBXTargetDependency section */

/* Begin PBXVariantGroup section */
		4751CC7F2B23622000C784F4 /* Feed.strings */ = {
			isa = PBXVariantGroup;
			children = (
				4751CC7E2B23622000C784F4 /* en */,
				4751CC802B23622100C784F4 /* el */,
				4751CC812B23622200C784F4 /* pt-BR */,
			);
			name = Feed.strings;
			sourceTree = "<group>";
		};
/* End PBXVariantGroup section */

/* Begin XCBuildConfiguration section */
		4717CEF22A7F807B00C798B6 /* Debug */ = {
			isa = XCBuildConfiguration;
			buildSettings = {
				CODE_SIGN_STYLE = Automatic;
				CURRENT_PROJECT_VERSION = 1;
				GENERATE_INFOPLIST_FILE = YES;
				MARKETING_VERSION = 1.0;
				PRODUCT_BUNDLE_IDENTIFIER = com.EssentialFeedAPIEndToEndTests;
				PRODUCT_NAME = "$(TARGET_NAME)";
				SUPPORTED_PLATFORMS = "macosx iphoneos iphonesimulator";
				SWIFT_EMIT_LOC_STRINGS = NO;
				SWIFT_VERSION = 5.0;
			};
			name = Debug;
		};
		4717CEF32A7F807B00C798B6 /* Release */ = {
			isa = XCBuildConfiguration;
			buildSettings = {
				CODE_SIGN_STYLE = Automatic;
				CURRENT_PROJECT_VERSION = 1;
				GENERATE_INFOPLIST_FILE = YES;
				MARKETING_VERSION = 1.0;
				PRODUCT_BUNDLE_IDENTIFIER = com.EssentialFeedAPIEndToEndTests;
				PRODUCT_NAME = "$(TARGET_NAME)";
				SUPPORTED_PLATFORMS = "macosx iphoneos iphonesimulator";
				SWIFT_EMIT_LOC_STRINGS = NO;
				SWIFT_VERSION = 5.0;
			};
			name = Release;
		};
		47570CA82B073BF1008A9A94 /* Debug */ = {
			isa = XCBuildConfiguration;
			buildSettings = {
				ASSETCATALOG_COMPILER_GENERATE_SWIFT_ASSET_SYMBOL_EXTENSIONS = YES;
				CLANG_ENABLE_MODULES = YES;
				CODE_SIGN_STYLE = Automatic;
				CURRENT_PROJECT_VERSION = 1;
				DEFINES_MODULE = YES;
				DYLIB_COMPATIBILITY_VERSION = 1;
				DYLIB_CURRENT_VERSION = 1;
				DYLIB_INSTALL_NAME_BASE = "@rpath";
				ENABLE_MODULE_VERIFIER = YES;
				ENABLE_USER_SCRIPT_SANDBOXING = YES;
				GCC_C_LANGUAGE_STANDARD = gnu17;
				GENERATE_INFOPLIST_FILE = YES;
				INFOPLIST_KEY_NSHumanReadableCopyright = "";
				INSTALL_PATH = "$(LOCAL_LIBRARY_DIR)/Frameworks";
				IPHONEOS_DEPLOYMENT_TARGET = 17.0;
				LD_RUNPATH_SEARCH_PATHS = (
					"$(inherited)",
					"@executable_path/Frameworks",
					"@loader_path/Frameworks",
				);
				LOCALIZATION_PREFERS_STRING_CATALOGS = YES;
				MARKETING_VERSION = 1.0;
				MODULE_VERIFIER_SUPPORTED_LANGUAGES = "objective-c objective-c++";
				MODULE_VERIFIER_SUPPORTED_LANGUAGE_STANDARDS = "gnu17 gnu++20";
				PRODUCT_BUNDLE_IDENTIFIER = com.EssentialFeediOS;
				PRODUCT_NAME = "$(TARGET_NAME:c99extidentifier)";
				SDKROOT = iphoneos;
				SKIP_INSTALL = YES;
				SWIFT_ACTIVE_COMPILATION_CONDITIONS = "DEBUG $(inherited)";
				SWIFT_EMIT_LOC_STRINGS = YES;
				SWIFT_OPTIMIZATION_LEVEL = "-Onone";
				SWIFT_VERSION = 5.0;
				TARGETED_DEVICE_FAMILY = "1,2";
			};
			name = Debug;
		};
		47570CA92B073BF1008A9A94 /* Release */ = {
			isa = XCBuildConfiguration;
			buildSettings = {
				ASSETCATALOG_COMPILER_GENERATE_SWIFT_ASSET_SYMBOL_EXTENSIONS = YES;
				CLANG_ENABLE_MODULES = YES;
				CODE_SIGN_STYLE = Automatic;
				CURRENT_PROJECT_VERSION = 1;
				DEFINES_MODULE = YES;
				DYLIB_COMPATIBILITY_VERSION = 1;
				DYLIB_CURRENT_VERSION = 1;
				DYLIB_INSTALL_NAME_BASE = "@rpath";
				ENABLE_MODULE_VERIFIER = YES;
				ENABLE_USER_SCRIPT_SANDBOXING = YES;
				GCC_C_LANGUAGE_STANDARD = gnu17;
				GENERATE_INFOPLIST_FILE = YES;
				INFOPLIST_KEY_NSHumanReadableCopyright = "";
				INSTALL_PATH = "$(LOCAL_LIBRARY_DIR)/Frameworks";
				IPHONEOS_DEPLOYMENT_TARGET = 17.0;
				LD_RUNPATH_SEARCH_PATHS = (
					"$(inherited)",
					"@executable_path/Frameworks",
					"@loader_path/Frameworks",
				);
				LOCALIZATION_PREFERS_STRING_CATALOGS = YES;
				MARKETING_VERSION = 1.0;
				MODULE_VERIFIER_SUPPORTED_LANGUAGES = "objective-c objective-c++";
				MODULE_VERIFIER_SUPPORTED_LANGUAGE_STANDARDS = "gnu17 gnu++20";
				PRODUCT_BUNDLE_IDENTIFIER = com.EssentialFeediOS;
				PRODUCT_NAME = "$(TARGET_NAME:c99extidentifier)";
				SDKROOT = iphoneos;
				SKIP_INSTALL = YES;
				SWIFT_EMIT_LOC_STRINGS = YES;
				SWIFT_VERSION = 5.0;
				TARGETED_DEVICE_FAMILY = "1,2";
				VALIDATE_PRODUCT = YES;
			};
			name = Release;
		};
		47570CAB2B073BF1008A9A94 /* Debug */ = {
			isa = XCBuildConfiguration;
			buildSettings = {
				ALWAYS_EMBED_SWIFT_STANDARD_LIBRARIES = YES;
				ASSETCATALOG_COMPILER_GENERATE_SWIFT_ASSET_SYMBOL_EXTENSIONS = YES;
				CLANG_ENABLE_MODULES = YES;
				"CODE_SIGN_IDENTITY[sdk=macosx*]" = "-";
				CODE_SIGN_STYLE = Automatic;
				CURRENT_PROJECT_VERSION = 1;
				ENABLE_USER_SCRIPT_SANDBOXING = YES;
				GCC_C_LANGUAGE_STANDARD = gnu17;
				GENERATE_INFOPLIST_FILE = YES;
				IPHONEOS_DEPLOYMENT_TARGET = 17.0;
				LOCALIZATION_PREFERS_STRING_CATALOGS = YES;
				MARKETING_VERSION = 1.0;
				PRODUCT_BUNDLE_IDENTIFIER = com.EssentialFeediOSTests;
				PRODUCT_NAME = "$(TARGET_NAME)";
				SDKROOT = iphoneos;
				SWIFT_ACTIVE_COMPILATION_CONDITIONS = "DEBUG $(inherited)";
				SWIFT_EMIT_LOC_STRINGS = NO;
				SWIFT_OPTIMIZATION_LEVEL = "-Onone";
				SWIFT_VERSION = 5.0;
				TARGETED_DEVICE_FAMILY = "1,2";
			};
			name = Debug;
		};
		47570CAC2B073BF1008A9A94 /* Release */ = {
			isa = XCBuildConfiguration;
			buildSettings = {
				ALWAYS_EMBED_SWIFT_STANDARD_LIBRARIES = YES;
				ASSETCATALOG_COMPILER_GENERATE_SWIFT_ASSET_SYMBOL_EXTENSIONS = YES;
				CLANG_ENABLE_MODULES = YES;
				"CODE_SIGN_IDENTITY[sdk=macosx*]" = "-";
				CODE_SIGN_STYLE = Automatic;
				CURRENT_PROJECT_VERSION = 1;
				ENABLE_USER_SCRIPT_SANDBOXING = YES;
				GCC_C_LANGUAGE_STANDARD = gnu17;
				GENERATE_INFOPLIST_FILE = YES;
				IPHONEOS_DEPLOYMENT_TARGET = 17.0;
				LOCALIZATION_PREFERS_STRING_CATALOGS = YES;
				MARKETING_VERSION = 1.0;
				PRODUCT_BUNDLE_IDENTIFIER = com.EssentialFeediOSTests;
				PRODUCT_NAME = "$(TARGET_NAME)";
				SDKROOT = iphoneos;
				SWIFT_EMIT_LOC_STRINGS = NO;
				SWIFT_VERSION = 5.0;
				TARGETED_DEVICE_FAMILY = "1,2";
				VALIDATE_PRODUCT = YES;
			};
			name = Release;
		};
		4796C6992A21D86000A61190 /* Debug */ = {
			isa = XCBuildConfiguration;
			buildSettings = {
				ALWAYS_SEARCH_USER_PATHS = NO;
				CLANG_ANALYZER_LOCALIZABILITY_NONLOCALIZED = YES;
				CLANG_ANALYZER_NONNULL = YES;
				CLANG_ANALYZER_NUMBER_OBJECT_CONVERSION = YES_AGGRESSIVE;
				CLANG_CXX_LANGUAGE_STANDARD = "gnu++20";
				CLANG_ENABLE_MODULES = YES;
				CLANG_ENABLE_OBJC_ARC = YES;
				CLANG_ENABLE_OBJC_WEAK = YES;
				CLANG_WARN_BLOCK_CAPTURE_AUTORELEASING = YES;
				CLANG_WARN_BOOL_CONVERSION = YES;
				CLANG_WARN_COMMA = YES;
				CLANG_WARN_CONSTANT_CONVERSION = YES;
				CLANG_WARN_DEPRECATED_OBJC_IMPLEMENTATIONS = YES;
				CLANG_WARN_DIRECT_OBJC_ISA_USAGE = YES_ERROR;
				CLANG_WARN_DOCUMENTATION_COMMENTS = YES;
				CLANG_WARN_EMPTY_BODY = YES;
				CLANG_WARN_ENUM_CONVERSION = YES;
				CLANG_WARN_INFINITE_RECURSION = YES;
				CLANG_WARN_INT_CONVERSION = YES;
				CLANG_WARN_NON_LITERAL_NULL_CONVERSION = YES;
				CLANG_WARN_OBJC_IMPLICIT_RETAIN_SELF = YES;
				CLANG_WARN_OBJC_LITERAL_CONVERSION = YES;
				CLANG_WARN_OBJC_ROOT_CLASS = YES_ERROR;
				CLANG_WARN_QUOTED_INCLUDE_IN_FRAMEWORK_HEADER = YES;
				CLANG_WARN_RANGE_LOOP_ANALYSIS = YES;
				CLANG_WARN_STRICT_PROTOTYPES = YES;
				CLANG_WARN_SUSPICIOUS_MOVE = YES;
				CLANG_WARN_UNGUARDED_AVAILABILITY = YES_AGGRESSIVE;
				CLANG_WARN_UNREACHABLE_CODE = YES;
				CLANG_WARN__DUPLICATE_METHOD_MATCH = YES;
				COPY_PHASE_STRIP = NO;
				CURRENT_PROJECT_VERSION = 1;
				DEBUG_INFORMATION_FORMAT = dwarf;
				ENABLE_STRICT_OBJC_MSGSEND = YES;
				ENABLE_TESTABILITY = YES;
				GCC_C_LANGUAGE_STANDARD = gnu11;
				GCC_DYNAMIC_NO_PIC = NO;
				GCC_NO_COMMON_BLOCKS = YES;
				GCC_OPTIMIZATION_LEVEL = 0;
				GCC_PREPROCESSOR_DEFINITIONS = (
					"DEBUG=1",
					"$(inherited)",
				);
				GCC_WARN_64_TO_32_BIT_CONVERSION = YES;
				GCC_WARN_ABOUT_RETURN_TYPE = YES_ERROR;
				GCC_WARN_UNDECLARED_SELECTOR = YES;
				GCC_WARN_UNINITIALIZED_AUTOS = YES_AGGRESSIVE;
				GCC_WARN_UNUSED_FUNCTION = YES;
				GCC_WARN_UNUSED_VARIABLE = YES;
				IPHONEOS_DEPLOYMENT_TARGET = 12.0;
				MACOSX_DEPLOYMENT_TARGET = 13.2;
				MTL_ENABLE_DEBUG_INFO = INCLUDE_SOURCE;
				MTL_FAST_MATH = YES;
				ONLY_ACTIVE_ARCH = YES;
				SDKROOT = macosx;
				SWIFT_ACTIVE_COMPILATION_CONDITIONS = DEBUG;
				SWIFT_OPTIMIZATION_LEVEL = "-Onone";
				VERSIONING_SYSTEM = "apple-generic";
				VERSION_INFO_PREFIX = "";
			};
			name = Debug;
		};
		4796C69A2A21D86000A61190 /* Release */ = {
			isa = XCBuildConfiguration;
			buildSettings = {
				ALWAYS_SEARCH_USER_PATHS = NO;
				CLANG_ANALYZER_LOCALIZABILITY_NONLOCALIZED = YES;
				CLANG_ANALYZER_NONNULL = YES;
				CLANG_ANALYZER_NUMBER_OBJECT_CONVERSION = YES_AGGRESSIVE;
				CLANG_CXX_LANGUAGE_STANDARD = "gnu++20";
				CLANG_ENABLE_MODULES = YES;
				CLANG_ENABLE_OBJC_ARC = YES;
				CLANG_ENABLE_OBJC_WEAK = YES;
				CLANG_WARN_BLOCK_CAPTURE_AUTORELEASING = YES;
				CLANG_WARN_BOOL_CONVERSION = YES;
				CLANG_WARN_COMMA = YES;
				CLANG_WARN_CONSTANT_CONVERSION = YES;
				CLANG_WARN_DEPRECATED_OBJC_IMPLEMENTATIONS = YES;
				CLANG_WARN_DIRECT_OBJC_ISA_USAGE = YES_ERROR;
				CLANG_WARN_DOCUMENTATION_COMMENTS = YES;
				CLANG_WARN_EMPTY_BODY = YES;
				CLANG_WARN_ENUM_CONVERSION = YES;
				CLANG_WARN_INFINITE_RECURSION = YES;
				CLANG_WARN_INT_CONVERSION = YES;
				CLANG_WARN_NON_LITERAL_NULL_CONVERSION = YES;
				CLANG_WARN_OBJC_IMPLICIT_RETAIN_SELF = YES;
				CLANG_WARN_OBJC_LITERAL_CONVERSION = YES;
				CLANG_WARN_OBJC_ROOT_CLASS = YES_ERROR;
				CLANG_WARN_QUOTED_INCLUDE_IN_FRAMEWORK_HEADER = YES;
				CLANG_WARN_RANGE_LOOP_ANALYSIS = YES;
				CLANG_WARN_STRICT_PROTOTYPES = YES;
				CLANG_WARN_SUSPICIOUS_MOVE = YES;
				CLANG_WARN_UNGUARDED_AVAILABILITY = YES_AGGRESSIVE;
				CLANG_WARN_UNREACHABLE_CODE = YES;
				CLANG_WARN__DUPLICATE_METHOD_MATCH = YES;
				COPY_PHASE_STRIP = NO;
				CURRENT_PROJECT_VERSION = 1;
				DEBUG_INFORMATION_FORMAT = "dwarf-with-dsym";
				ENABLE_NS_ASSERTIONS = NO;
				ENABLE_STRICT_OBJC_MSGSEND = YES;
				GCC_C_LANGUAGE_STANDARD = gnu11;
				GCC_NO_COMMON_BLOCKS = YES;
				GCC_WARN_64_TO_32_BIT_CONVERSION = YES;
				GCC_WARN_ABOUT_RETURN_TYPE = YES_ERROR;
				GCC_WARN_UNDECLARED_SELECTOR = YES;
				GCC_WARN_UNINITIALIZED_AUTOS = YES_AGGRESSIVE;
				GCC_WARN_UNUSED_FUNCTION = YES;
				GCC_WARN_UNUSED_VARIABLE = YES;
				IPHONEOS_DEPLOYMENT_TARGET = 12.0;
				MACOSX_DEPLOYMENT_TARGET = 13.2;
				MTL_ENABLE_DEBUG_INFO = NO;
				MTL_FAST_MATH = YES;
				SDKROOT = macosx;
				SWIFT_COMPILATION_MODE = wholemodule;
				SWIFT_OPTIMIZATION_LEVEL = "-O";
				VERSIONING_SYSTEM = "apple-generic";
				VERSION_INFO_PREFIX = "";
			};
			name = Release;
		};
		4796C69C2A21D86000A61190 /* Debug */ = {
			isa = XCBuildConfiguration;
			buildSettings = {
				CODE_SIGN_STYLE = Automatic;
				COMBINE_HIDPI_IMAGES = YES;
				CURRENT_PROJECT_VERSION = 1;
				DEFINES_MODULE = YES;
				DYLIB_COMPATIBILITY_VERSION = 1;
				DYLIB_CURRENT_VERSION = 1;
				DYLIB_INSTALL_NAME_BASE = "@rpath";
				ENABLE_MODULE_VERIFIER = YES;
				GENERATE_INFOPLIST_FILE = YES;
				INFOPLIST_KEY_NSHumanReadableCopyright = "";
				INSTALL_PATH = "$(LOCAL_LIBRARY_DIR)/Frameworks";
				LD_RUNPATH_SEARCH_PATHS = (
					"$(inherited)",
					"@executable_path/../Frameworks",
					"@loader_path/Frameworks",
				);
				MARKETING_VERSION = 1.0;
				MODULE_VERIFIER_SUPPORTED_LANGUAGES = "objective-c objective-c++";
				MODULE_VERIFIER_SUPPORTED_LANGUAGE_STANDARDS = "gnu11 gnu++20";
				PRODUCT_BUNDLE_IDENTIFIER = com.EssentialFeed;
				PRODUCT_NAME = "$(TARGET_NAME:c99extidentifier)";
				SKIP_INSTALL = YES;
				SUPPORTED_PLATFORMS = "macosx iphoneos iphonesimulator";
				SWIFT_EMIT_LOC_STRINGS = YES;
				SWIFT_VERSION = 5.0;
			};
			name = Debug;
		};
		4796C69D2A21D86000A61190 /* Release */ = {
			isa = XCBuildConfiguration;
			buildSettings = {
				CODE_SIGN_STYLE = Automatic;
				COMBINE_HIDPI_IMAGES = YES;
				CURRENT_PROJECT_VERSION = 1;
				DEFINES_MODULE = YES;
				DYLIB_COMPATIBILITY_VERSION = 1;
				DYLIB_CURRENT_VERSION = 1;
				DYLIB_INSTALL_NAME_BASE = "@rpath";
				ENABLE_MODULE_VERIFIER = YES;
				GENERATE_INFOPLIST_FILE = YES;
				INFOPLIST_KEY_NSHumanReadableCopyright = "";
				INSTALL_PATH = "$(LOCAL_LIBRARY_DIR)/Frameworks";
				LD_RUNPATH_SEARCH_PATHS = (
					"$(inherited)",
					"@executable_path/../Frameworks",
					"@loader_path/Frameworks",
				);
				MARKETING_VERSION = 1.0;
				MODULE_VERIFIER_SUPPORTED_LANGUAGES = "objective-c objective-c++";
				MODULE_VERIFIER_SUPPORTED_LANGUAGE_STANDARDS = "gnu11 gnu++20";
				PRODUCT_BUNDLE_IDENTIFIER = com.EssentialFeed;
				PRODUCT_NAME = "$(TARGET_NAME:c99extidentifier)";
				SKIP_INSTALL = YES;
				SUPPORTED_PLATFORMS = "macosx iphoneos iphonesimulator";
				SWIFT_EMIT_LOC_STRINGS = YES;
				SWIFT_VERSION = 5.0;
			};
			name = Release;
		};
		4796C69F2A21D86000A61190 /* Debug */ = {
			isa = XCBuildConfiguration;
			buildSettings = {
				ALWAYS_EMBED_SWIFT_STANDARD_LIBRARIES = YES;
				CODE_SIGN_STYLE = Automatic;
				CURRENT_PROJECT_VERSION = 1;
				GENERATE_INFOPLIST_FILE = YES;
				MARKETING_VERSION = 1.0;
				PRODUCT_BUNDLE_IDENTIFIER = com.EssentialFeedTests;
				PRODUCT_NAME = "$(TARGET_NAME)";
				SUPPORTED_PLATFORMS = "macosx iphonesimulator iphoneos";
				SWIFT_EMIT_LOC_STRINGS = NO;
				SWIFT_VERSION = 5.0;
			};
			name = Debug;
		};
		4796C6A02A21D86000A61190 /* Release */ = {
			isa = XCBuildConfiguration;
			buildSettings = {
				ALWAYS_EMBED_SWIFT_STANDARD_LIBRARIES = YES;
				CODE_SIGN_STYLE = Automatic;
				CURRENT_PROJECT_VERSION = 1;
				GENERATE_INFOPLIST_FILE = YES;
				MARKETING_VERSION = 1.0;
				PRODUCT_BUNDLE_IDENTIFIER = com.EssentialFeedTests;
				PRODUCT_NAME = "$(TARGET_NAME)";
				SUPPORTED_PLATFORMS = "macosx iphonesimulator iphoneos";
				SWIFT_EMIT_LOC_STRINGS = NO;
				SWIFT_VERSION = 5.0;
			};
			name = Release;
		};
		47AA3F112AF0EAF600BBF779 /* Debug */ = {
			isa = XCBuildConfiguration;
			buildSettings = {
				CODE_SIGN_STYLE = Automatic;
				CURRENT_PROJECT_VERSION = 1;
				GENERATE_INFOPLIST_FILE = YES;
				MARKETING_VERSION = 1.0;
				PRODUCT_BUNDLE_IDENTIFIER = com.EssentialFeedCacheIntegrationTests;
				PRODUCT_NAME = "$(TARGET_NAME)";
				SUPPORTED_PLATFORMS = "macosx iphoneos iphonesimulator";
				SWIFT_EMIT_LOC_STRINGS = NO;
				SWIFT_VERSION = 5.0;
			};
			name = Debug;
		};
		47AA3F122AF0EAF600BBF779 /* Release */ = {
			isa = XCBuildConfiguration;
			buildSettings = {
				CODE_SIGN_STYLE = Automatic;
				CURRENT_PROJECT_VERSION = 1;
				GENERATE_INFOPLIST_FILE = YES;
				MARKETING_VERSION = 1.0;
				PRODUCT_BUNDLE_IDENTIFIER = com.EssentialFeedCacheIntegrationTests;
				PRODUCT_NAME = "$(TARGET_NAME)";
				SUPPORTED_PLATFORMS = "macosx iphoneos iphonesimulator";
				SWIFT_EMIT_LOC_STRINGS = NO;
				SWIFT_VERSION = 5.0;
			};
			name = Release;
		};
/* End XCBuildConfiguration section */

/* Begin XCConfigurationList section */
		4717CEF12A7F807B00C798B6 /* Build configuration list for PBXNativeTarget "EssentialFeedAPIEndToEndTests" */ = {
			isa = XCConfigurationList;
			buildConfigurations = (
				4717CEF22A7F807B00C798B6 /* Debug */,
				4717CEF32A7F807B00C798B6 /* Release */,
			);
			defaultConfigurationIsVisible = 0;
			defaultConfigurationName = Release;
		};
		47570CA72B073BF1008A9A94 /* Build configuration list for PBXNativeTarget "EssentialFeediOS" */ = {
			isa = XCConfigurationList;
			buildConfigurations = (
				47570CA82B073BF1008A9A94 /* Debug */,
				47570CA92B073BF1008A9A94 /* Release */,
			);
			defaultConfigurationIsVisible = 0;
			defaultConfigurationName = Release;
		};
		47570CAA2B073BF1008A9A94 /* Build configuration list for PBXNativeTarget "EssentialFeediOSTests" */ = {
			isa = XCConfigurationList;
			buildConfigurations = (
				47570CAB2B073BF1008A9A94 /* Debug */,
				47570CAC2B073BF1008A9A94 /* Release */,
			);
			defaultConfigurationIsVisible = 0;
			defaultConfigurationName = Release;
		};
		4796C6812A21D86000A61190 /* Build configuration list for PBXProject "EssentialFeed" */ = {
			isa = XCConfigurationList;
			buildConfigurations = (
				4796C6992A21D86000A61190 /* Debug */,
				4796C69A2A21D86000A61190 /* Release */,
			);
			defaultConfigurationIsVisible = 0;
			defaultConfigurationName = Release;
		};
		4796C69B2A21D86000A61190 /* Build configuration list for PBXNativeTarget "EssentialFeed" */ = {
			isa = XCConfigurationList;
			buildConfigurations = (
				4796C69C2A21D86000A61190 /* Debug */,
				4796C69D2A21D86000A61190 /* Release */,
			);
			defaultConfigurationIsVisible = 0;
			defaultConfigurationName = Release;
		};
		4796C69E2A21D86000A61190 /* Build configuration list for PBXNativeTarget "EssentialFeedTests" */ = {
			isa = XCConfigurationList;
			buildConfigurations = (
				4796C69F2A21D86000A61190 /* Debug */,
				4796C6A02A21D86000A61190 /* Release */,
			);
			defaultConfigurationIsVisible = 0;
			defaultConfigurationName = Release;
		};
		47AA3F102AF0EAF600BBF779 /* Build configuration list for PBXNativeTarget "EssentialFeedCacheIntegrationTests" */ = {
			isa = XCConfigurationList;
			buildConfigurations = (
				47AA3F112AF0EAF600BBF779 /* Debug */,
				47AA3F122AF0EAF600BBF779 /* Release */,
			);
			defaultConfigurationIsVisible = 0;
			defaultConfigurationName = Release;
		};
/* End XCConfigurationList section */

/* Begin XCVersionGroup section */
		475E560D2AE90EDD00AD452F /* FeedStore.xcdatamodeld */ = {
			isa = XCVersionGroup;
			children = (
				479CC7252B3428EA00361881 /* FeedStore 2.xcdatamodel */,
				475E560E2AE90EDD00AD452F /* FeedStore.xcdatamodel */,
			);
			currentVersion = 479CC7252B3428EA00361881 /* FeedStore 2.xcdatamodel */;
			path = FeedStore.xcdatamodeld;
			sourceTree = "<group>";
			versionGroupType = wrapper.xcdatamodel;
		};
/* End XCVersionGroup section */
	};
	rootObject = 4796C67E2A21D86000A61190 /* Project object */;
}
