// !$*UTF8*$!
{
	archiveVersion = 1;
	classes = {
	};
	objectVersion = 56;
	objects = {

/* Begin PBXBuildFile section */
		47033B5C2A40B77F00022C48 /* HTTPClient.swift in Sources */ = {isa = PBXBuildFile; fileRef = 47033B5B2A40B77F00022C48 /* HTTPClient.swift */; };
		47033B5E2A40B7B300022C48 /* FeedItemsMapper.swift in Sources */ = {isa = PBXBuildFile; fileRef = 47033B5D2A40B7B300022C48 /* FeedItemsMapper.swift */; };
		47033B612A5150FE00022C48 /* URLSessionHTTPClientTests.swift in Sources */ = {isa = PBXBuildFile; fileRef = 47033B602A5150FE00022C48 /* URLSessionHTTPClientTests.swift */; };
		4708D6952AE82A2F007EDB39 /* FeedStoreSpecs.swift in Sources */ = {isa = PBXBuildFile; fileRef = 4708D6942AE82A2F007EDB39 /* FeedStoreSpecs.swift */; };
		4708D6972AE82BCD007EDB39 /* XCTestCase+FeedStoreSpecs.swift in Sources */ = {isa = PBXBuildFile; fileRef = 4708D6962AE82BCD007EDB39 /* XCTestCase+FeedStoreSpecs.swift */; };
		4717CEA42A767D8200C798B6 /* XCTestCase+MemoryLeakTracking.swift in Sources */ = {isa = PBXBuildFile; fileRef = 4717CEA32A767D8200C798B6 /* XCTestCase+MemoryLeakTracking.swift */; };
		4717CEA62A76B61000C798B6 /* URLSessionHTTPClient.swift in Sources */ = {isa = PBXBuildFile; fileRef = 4717CEA52A76B61000C798B6 /* URLSessionHTTPClient.swift */; };
		4717CEED2A7F807B00C798B6 /* EssentialFeedAPIEndToEndTests.swift in Sources */ = {isa = PBXBuildFile; fileRef = 4717CEEC2A7F807B00C798B6 /* EssentialFeedAPIEndToEndTests.swift */; };
		4717CEEE2A7F807B00C798B6 /* EssentialFeed.framework in Frameworks */ = {isa = PBXBuildFile; fileRef = 4796C6872A21D86000A61190 /* EssentialFeed.framework */; };
		4717CEF62A7F8C3A00C798B6 /* EssentialFeedAPIEndToEndTests.swift in Sources */ = {isa = PBXBuildFile; fileRef = 4717CEEC2A7F807B00C798B6 /* EssentialFeedAPIEndToEndTests.swift */; };
		4717CEF72A7F988C00C798B6 /* XCTestCase+MemoryLeakTracking.swift in Sources */ = {isa = PBXBuildFile; fileRef = 4717CEA32A767D8200C798B6 /* XCTestCase+MemoryLeakTracking.swift */; };
		4746DA4C2ACE86DD00344D63 /* ValidateFeedCacheUseCaseTests.swift in Sources */ = {isa = PBXBuildFile; fileRef = 4746DA4B2ACE86DD00344D63 /* ValidateFeedCacheUseCaseTests.swift */; };
		4746DA4E2ACE942E00344D63 /* FeedCacheTestHelpers.swift in Sources */ = {isa = PBXBuildFile; fileRef = 4746DA4D2ACE942E00344D63 /* FeedCacheTestHelpers.swift */; };
		4746DA502ACE95F200344D63 /* SharedTestHelpers.swift in Sources */ = {isa = PBXBuildFile; fileRef = 4746DA4F2ACE95F200344D63 /* SharedTestHelpers.swift */; };
		475E56072AE8E8E800AD452F /* XCTestCase+FailableDeleteFeedStoreSpecs.swift in Sources */ = {isa = PBXBuildFile; fileRef = 475E56062AE8E8E800AD452F /* XCTestCase+FailableDeleteFeedStoreSpecs.swift */; };
		475E560A2AE90A4200AD452F /* CoreDataFeedStoreTests.swift in Sources */ = {isa = PBXBuildFile; fileRef = 475E56092AE90A4200AD452F /* CoreDataFeedStoreTests.swift */; };
		4796C68C2A21D86000A61190 /* EssentialFeed.docc in Sources */ = {isa = PBXBuildFile; fileRef = 4796C68B2A21D86000A61190 /* EssentialFeed.docc */; };
		4796C6922A21D86000A61190 /* EssentialFeed.framework in Frameworks */ = {isa = PBXBuildFile; fileRef = 4796C6872A21D86000A61190 /* EssentialFeed.framework */; };
		4796C6972A21D86000A61190 /* EssentialFeedTests.swift in Sources */ = {isa = PBXBuildFile; fileRef = 4796C6962A21D86000A61190 /* EssentialFeedTests.swift */; };
		4796C6982A21D86000A61190 /* EssentialFeed.h in Headers */ = {isa = PBXBuildFile; fileRef = 4796C68A2A21D86000A61190 /* EssentialFeed.h */; settings = {ATTRIBUTES = (Public, ); }; };
		4796C6A32A21D99F00A61190 /* FeedImage.swift in Sources */ = {isa = PBXBuildFile; fileRef = 4796C6A22A21D99F00A61190 /* FeedImage.swift */; };
		4796C6A52A21DA3E00A61190 /* FeedLoader.swift in Sources */ = {isa = PBXBuildFile; fileRef = 4796C6A42A21DA3E00A61190 /* FeedLoader.swift */; };
		479786812A9C8321001EB788 /* FeedCacheUseCaseTests.swift in Sources */ = {isa = PBXBuildFile; fileRef = 479786802A9C8321001EB788 /* FeedCacheUseCaseTests.swift */; };
		479C3A432AADADCF0005DAF8 /* LocalFeedLoader.swift in Sources */ = {isa = PBXBuildFile; fileRef = 479C3A422AADADCF0005DAF8 /* LocalFeedLoader.swift */; };
		479C3A452AADADDF0005DAF8 /* FeedStore.swift in Sources */ = {isa = PBXBuildFile; fileRef = 479C3A442AADADDF0005DAF8 /* FeedStore.swift */; };
		479C3A472AAE196A0005DAF8 /* RemoteFeedItem.swift in Sources */ = {isa = PBXBuildFile; fileRef = 479C3A462AAE196A0005DAF8 /* RemoteFeedItem.swift */; };
		479C3A492AAE19E10005DAF8 /* LocalFeedImage.swift in Sources */ = {isa = PBXBuildFile; fileRef = 479C3A482AAE19E10005DAF8 /* LocalFeedImage.swift */; };
		47A774752A225CC000FE88A7 /* LoadFeedFromRemoteUseCaseTests.swift in Sources */ = {isa = PBXBuildFile; fileRef = 47A774742A225CC000FE88A7 /* LoadFeedFromRemoteUseCaseTests.swift */; };
		47A774782A23325000FE88A7 /* RemoteFeedLoader.swift in Sources */ = {isa = PBXBuildFile; fileRef = 47A774772A23325000FE88A7 /* RemoteFeedLoader.swift */; };
		47AE9E432AD146620006821C /* FeedCachePolicy.swift in Sources */ = {isa = PBXBuildFile; fileRef = 47AE9E422AD146620006821C /* FeedCachePolicy.swift */; };
		47AE9E472AE2C5B30006821C /* CodableFeedStoreTests.swift in Sources */ = {isa = PBXBuildFile; fileRef = 47AE9E462AE2C5B30006821C /* CodableFeedStoreTests.swift */; };
		47B17DE72AE8E52B001DA28F /* XCTestCase+FailableRetrieveFeedStoreSpecs.swift in Sources */ = {isa = PBXBuildFile; fileRef = 47B17DE62AE8E52B001DA28F /* XCTestCase+FailableRetrieveFeedStoreSpecs.swift */; };
		47B17DE92AE8E72B001DA28F /* XCTestCase+FailableInsertFeedStoreSpecs.swift in Sources */ = {isa = PBXBuildFile; fileRef = 47B17DE82AE8E72B001DA28F /* XCTestCase+FailableInsertFeedStoreSpecs.swift */; };
		47B1885A2AE65892006AD800 /* CodableFeedStore.swift in Sources */ = {isa = PBXBuildFile; fileRef = 47B188592AE65892006AD800 /* CodableFeedStore.swift */; };
		47C4286B2AB050E200748303 /* LoadFeedFromCacheUseCaseTests.swift in Sources */ = {isa = PBXBuildFile; fileRef = 47C4286A2AB050E200748303 /* LoadFeedFromCacheUseCaseTests.swift */; };
		47C4286E2AB6DE0000748303 /* FeedStoreSpy.swift in Sources */ = {isa = PBXBuildFile; fileRef = 47C4286D2AB6DE0000748303 /* FeedStoreSpy.swift */; };
/* End PBXBuildFile section */

/* Begin PBXContainerItemProxy section */
		4717CEEF2A7F807B00C798B6 /* PBXContainerItemProxy */ = {
			isa = PBXContainerItemProxy;
			containerPortal = 4796C67E2A21D86000A61190 /* Project object */;
			proxyType = 1;
			remoteGlobalIDString = 4796C6862A21D86000A61190;
			remoteInfo = EssentialFeed;
		};
		4796C6932A21D86000A61190 /* PBXContainerItemProxy */ = {
			isa = PBXContainerItemProxy;
			containerPortal = 4796C67E2A21D86000A61190 /* Project object */;
			proxyType = 1;
			remoteGlobalIDString = 4796C6862A21D86000A61190;
			remoteInfo = EssentialFeed;
		};
/* End PBXContainerItemProxy section */

/* Begin PBXFileReference section */
		47033B5B2A40B77F00022C48 /* HTTPClient.swift */ = {isa = PBXFileReference; lastKnownFileType = sourcecode.swift; path = HTTPClient.swift; sourceTree = "<group>"; };
		47033B5D2A40B7B300022C48 /* FeedItemsMapper.swift */ = {isa = PBXFileReference; lastKnownFileType = sourcecode.swift; path = FeedItemsMapper.swift; sourceTree = "<group>"; };
		47033B602A5150FE00022C48 /* URLSessionHTTPClientTests.swift */ = {isa = PBXFileReference; lastKnownFileType = sourcecode.swift; path = URLSessionHTTPClientTests.swift; sourceTree = "<group>"; };
		4708D6942AE82A2F007EDB39 /* FeedStoreSpecs.swift */ = {isa = PBXFileReference; lastKnownFileType = sourcecode.swift; path = FeedStoreSpecs.swift; sourceTree = "<group>"; };
		4708D6962AE82BCD007EDB39 /* XCTestCase+FeedStoreSpecs.swift */ = {isa = PBXFileReference; lastKnownFileType = sourcecode.swift; path = "XCTestCase+FeedStoreSpecs.swift"; sourceTree = "<group>"; };
		4717CEA32A767D8200C798B6 /* XCTestCase+MemoryLeakTracking.swift */ = {isa = PBXFileReference; lastKnownFileType = sourcecode.swift; path = "XCTestCase+MemoryLeakTracking.swift"; sourceTree = "<group>"; };
		4717CEA52A76B61000C798B6 /* URLSessionHTTPClient.swift */ = {isa = PBXFileReference; lastKnownFileType = sourcecode.swift; path = URLSessionHTTPClient.swift; sourceTree = "<group>"; };
		4717CEE52A7F7D8F00C798B6 /* EssentialFeed.xctestplan */ = {isa = PBXFileReference; lastKnownFileType = text; path = EssentialFeed.xctestplan; sourceTree = "<group>"; };
		4717CEEA2A7F807B00C798B6 /* EssentialFeedAPIEndToEndTests.xctest */ = {isa = PBXFileReference; explicitFileType = wrapper.cfbundle; includeInIndex = 0; path = EssentialFeedAPIEndToEndTests.xctest; sourceTree = BUILT_PRODUCTS_DIR; };
		4717CEEC2A7F807B00C798B6 /* EssentialFeedAPIEndToEndTests.swift */ = {isa = PBXFileReference; lastKnownFileType = sourcecode.swift; path = EssentialFeedAPIEndToEndTests.swift; sourceTree = "<group>"; };
		471F43FA2A7FA69C00BCDADA /* CI.xctestplan */ = {isa = PBXFileReference; lastKnownFileType = text; path = CI.xctestplan; sourceTree = "<group>"; };
		4746DA4B2ACE86DD00344D63 /* ValidateFeedCacheUseCaseTests.swift */ = {isa = PBXFileReference; lastKnownFileType = sourcecode.swift; path = ValidateFeedCacheUseCaseTests.swift; sourceTree = "<group>"; };
		4746DA4D2ACE942E00344D63 /* FeedCacheTestHelpers.swift */ = {isa = PBXFileReference; lastKnownFileType = sourcecode.swift; path = FeedCacheTestHelpers.swift; sourceTree = "<group>"; };
		4746DA4F2ACE95F200344D63 /* SharedTestHelpers.swift */ = {isa = PBXFileReference; lastKnownFileType = sourcecode.swift; path = SharedTestHelpers.swift; sourceTree = "<group>"; };
		475E56062AE8E8E800AD452F /* XCTestCase+FailableDeleteFeedStoreSpecs.swift */ = {isa = PBXFileReference; lastKnownFileType = sourcecode.swift; path = "XCTestCase+FailableDeleteFeedStoreSpecs.swift"; sourceTree = "<group>"; };
		475E56092AE90A4200AD452F /* CoreDataFeedStoreTests.swift */ = {isa = PBXFileReference; lastKnownFileType = sourcecode.swift; path = CoreDataFeedStoreTests.swift; sourceTree = "<group>"; };
		4796C6872A21D86000A61190 /* EssentialFeed.framework */ = {isa = PBXFileReference; explicitFileType = wrapper.framework; includeInIndex = 0; path = EssentialFeed.framework; sourceTree = BUILT_PRODUCTS_DIR; };
		4796C68A2A21D86000A61190 /* EssentialFeed.h */ = {isa = PBXFileReference; lastKnownFileType = sourcecode.c.h; path = EssentialFeed.h; sourceTree = "<group>"; };
		4796C68B2A21D86000A61190 /* EssentialFeed.docc */ = {isa = PBXFileReference; lastKnownFileType = folder.documentationcatalog; path = EssentialFeed.docc; sourceTree = "<group>"; };
		4796C6912A21D86000A61190 /* EssentialFeedTests.xctest */ = {isa = PBXFileReference; explicitFileType = wrapper.cfbundle; includeInIndex = 0; path = EssentialFeedTests.xctest; sourceTree = BUILT_PRODUCTS_DIR; };
		4796C6962A21D86000A61190 /* EssentialFeedTests.swift */ = {isa = PBXFileReference; lastKnownFileType = sourcecode.swift; path = EssentialFeedTests.swift; sourceTree = "<group>"; };
		4796C6A22A21D99F00A61190 /* FeedImage.swift */ = {isa = PBXFileReference; lastKnownFileType = sourcecode.swift; path = FeedImage.swift; sourceTree = "<group>"; };
		4796C6A42A21DA3E00A61190 /* FeedLoader.swift */ = {isa = PBXFileReference; lastKnownFileType = sourcecode.swift; path = FeedLoader.swift; sourceTree = "<group>"; };
		4797867E2A9BAAD0001EB788 /* README.md */ = {isa = PBXFileReference; lastKnownFileType = net.daringfireball.markdown; path = README.md; sourceTree = "<group>"; };
		479786802A9C8321001EB788 /* FeedCacheUseCaseTests.swift */ = {isa = PBXFileReference; lastKnownFileType = sourcecode.swift; path = FeedCacheUseCaseTests.swift; sourceTree = "<group>"; };
		479C3A422AADADCF0005DAF8 /* LocalFeedLoader.swift */ = {isa = PBXFileReference; lastKnownFileType = sourcecode.swift; path = LocalFeedLoader.swift; sourceTree = "<group>"; };
		479C3A442AADADDF0005DAF8 /* FeedStore.swift */ = {isa = PBXFileReference; lastKnownFileType = sourcecode.swift; path = FeedStore.swift; sourceTree = "<group>"; };
		479C3A462AAE196A0005DAF8 /* RemoteFeedItem.swift */ = {isa = PBXFileReference; lastKnownFileType = sourcecode.swift; path = RemoteFeedItem.swift; sourceTree = "<group>"; };
		479C3A482AAE19E10005DAF8 /* LocalFeedImage.swift */ = {isa = PBXFileReference; lastKnownFileType = sourcecode.swift; path = LocalFeedImage.swift; sourceTree = "<group>"; };
		47A774742A225CC000FE88A7 /* LoadFeedFromRemoteUseCaseTests.swift */ = {isa = PBXFileReference; lastKnownFileType = sourcecode.swift; path = LoadFeedFromRemoteUseCaseTests.swift; sourceTree = "<group>"; };
		47A774772A23325000FE88A7 /* RemoteFeedLoader.swift */ = {isa = PBXFileReference; lastKnownFileType = sourcecode.swift; path = RemoteFeedLoader.swift; sourceTree = "<group>"; };
		47AE9E422AD146620006821C /* FeedCachePolicy.swift */ = {isa = PBXFileReference; lastKnownFileType = sourcecode.swift; path = FeedCachePolicy.swift; sourceTree = "<group>"; };
		47AE9E462AE2C5B30006821C /* CodableFeedStoreTests.swift */ = {isa = PBXFileReference; lastKnownFileType = sourcecode.swift; path = CodableFeedStoreTests.swift; sourceTree = "<group>"; };
		47B17DE62AE8E52B001DA28F /* XCTestCase+FailableRetrieveFeedStoreSpecs.swift */ = {isa = PBXFileReference; lastKnownFileType = sourcecode.swift; path = "XCTestCase+FailableRetrieveFeedStoreSpecs.swift"; sourceTree = "<group>"; };
		47B17DE82AE8E72B001DA28F /* XCTestCase+FailableInsertFeedStoreSpecs.swift */ = {isa = PBXFileReference; lastKnownFileType = sourcecode.swift; path = "XCTestCase+FailableInsertFeedStoreSpecs.swift"; sourceTree = "<group>"; };
		47B188592AE65892006AD800 /* CodableFeedStore.swift */ = {isa = PBXFileReference; lastKnownFileType = sourcecode.swift; path = CodableFeedStore.swift; sourceTree = "<group>"; };
		47C4286A2AB050E200748303 /* LoadFeedFromCacheUseCaseTests.swift */ = {isa = PBXFileReference; lastKnownFileType = sourcecode.swift; path = LoadFeedFromCacheUseCaseTests.swift; sourceTree = "<group>"; };
		47C4286D2AB6DE0000748303 /* FeedStoreSpy.swift */ = {isa = PBXFileReference; lastKnownFileType = sourcecode.swift; path = FeedStoreSpy.swift; sourceTree = "<group>"; };
/* End PBXFileReference section */

/* Begin PBXFrameworksBuildPhase section */
		4717CEE72A7F807B00C798B6 /* Frameworks */ = {
			isa = PBXFrameworksBuildPhase;
			buildActionMask = 2147483647;
			files = (
				4717CEEE2A7F807B00C798B6 /* EssentialFeed.framework in Frameworks */,
			);
			runOnlyForDeploymentPostprocessing = 0;
		};
		4796C6842A21D86000A61190 /* Frameworks */ = {
			isa = PBXFrameworksBuildPhase;
			buildActionMask = 2147483647;
			files = (
			);
			runOnlyForDeploymentPostprocessing = 0;
		};
		4796C68E2A21D86000A61190 /* Frameworks */ = {
			isa = PBXFrameworksBuildPhase;
			buildActionMask = 2147483647;
			files = (
				4796C6922A21D86000A61190 /* EssentialFeed.framework in Frameworks */,
			);
			runOnlyForDeploymentPostprocessing = 0;
		};
/* End PBXFrameworksBuildPhase section */

/* Begin PBXGroup section */
		47033B5F2A48302C00022C48 /* Feed API */ = {
			isa = PBXGroup;
			children = (
				47A774742A225CC000FE88A7 /* LoadFeedFromRemoteUseCaseTests.swift */,
				47033B602A5150FE00022C48 /* URLSessionHTTPClientTests.swift */,
			);
			path = "Feed API";
			sourceTree = "<group>";
		};
		4717CEA22A767D4700C798B6 /* Helpers */ = {
			isa = PBXGroup;
			children = (
				4717CEA32A767D8200C798B6 /* XCTestCase+MemoryLeakTracking.swift */,
				4746DA4F2ACE95F200344D63 /* SharedTestHelpers.swift */,
			);
			path = Helpers;
			sourceTree = "<group>";
		};
		4717CEEB2A7F807B00C798B6 /* EssentialFeedAPIEndToEndTests */ = {
			isa = PBXGroup;
			children = (
				4717CEEC2A7F807B00C798B6 /* EssentialFeedAPIEndToEndTests.swift */,
			);
			path = EssentialFeedAPIEndToEndTests;
			sourceTree = "<group>";
		};
		475E56082AE8EBEC00AD452F /* FeedStoreSpecs */ = {
			isa = PBXGroup;
			children = (
				4708D6942AE82A2F007EDB39 /* FeedStoreSpecs.swift */,
				4708D6962AE82BCD007EDB39 /* XCTestCase+FeedStoreSpecs.swift */,
				47B17DE62AE8E52B001DA28F /* XCTestCase+FailableRetrieveFeedStoreSpecs.swift */,
				47B17DE82AE8E72B001DA28F /* XCTestCase+FailableInsertFeedStoreSpecs.swift */,
				475E56062AE8E8E800AD452F /* XCTestCase+FailableDeleteFeedStoreSpecs.swift */,
			);
			path = FeedStoreSpecs;
			sourceTree = "<group>";
		};
		4796C67D2A21D86000A61190 = {
			isa = PBXGroup;
			children = (
				4797867E2A9BAAD0001EB788 /* README.md */,
				471F43FA2A7FA69C00BCDADA /* CI.xctestplan */,
				4717CEE52A7F7D8F00C798B6 /* EssentialFeed.xctestplan */,
				4796C6892A21D86000A61190 /* EssentialFeed */,
				4796C6952A21D86000A61190 /* EssentialFeedTests */,
				4717CEEB2A7F807B00C798B6 /* EssentialFeedAPIEndToEndTests */,
				4796C6882A21D86000A61190 /* Products */,
			);
			sourceTree = "<group>";
		};
		4796C6882A21D86000A61190 /* Products */ = {
			isa = PBXGroup;
			children = (
				4796C6872A21D86000A61190 /* EssentialFeed.framework */,
				4796C6912A21D86000A61190 /* EssentialFeedTests.xctest */,
				4717CEEA2A7F807B00C798B6 /* EssentialFeedAPIEndToEndTests.xctest */,
			);
			name = Products;
			sourceTree = "<group>";
		};
		4796C6892A21D86000A61190 /* EssentialFeed */ = {
			isa = PBXGroup;
			children = (
				479C3A412AADADB40005DAF8 /* FeedCache */,
				47A774762A2331B200FE88A7 /* Feed API */,
				4796C6A12A21D97E00A61190 /* FeedFeature */,
				4796C68A2A21D86000A61190 /* EssentialFeed.h */,
				4796C68B2A21D86000A61190 /* EssentialFeed.docc */,
			);
			path = EssentialFeed;
			sourceTree = "<group>";
		};
		4796C6952A21D86000A61190 /* EssentialFeedTests */ = {
			isa = PBXGroup;
			children = (
				4796C6962A21D86000A61190 /* EssentialFeedTests.swift */,
				4717CEA22A767D4700C798B6 /* Helpers */,
				4797867F2A9C82EB001EB788 /* Feed Cache */,
				47033B5F2A48302C00022C48 /* Feed API */,
			);
			path = EssentialFeedTests;
			sourceTree = "<group>";
		};
		4796C6A12A21D97E00A61190 /* FeedFeature */ = {
			isa = PBXGroup;
			children = (
				4796C6A22A21D99F00A61190 /* FeedImage.swift */,
				4796C6A42A21DA3E00A61190 /* FeedLoader.swift */,
			);
			path = FeedFeature;
			sourceTree = "<group>";
		};
		4797867F2A9C82EB001EB788 /* Feed Cache */ = {
			isa = PBXGroup;
			children = (
				475E56082AE8EBEC00AD452F /* FeedStoreSpecs */,
				47C4286C2AB6DD8800748303 /* Helpers */,
				479786802A9C8321001EB788 /* FeedCacheUseCaseTests.swift */,
				47C4286A2AB050E200748303 /* LoadFeedFromCacheUseCaseTests.swift */,
				4746DA4B2ACE86DD00344D63 /* ValidateFeedCacheUseCaseTests.swift */,
				47AE9E462AE2C5B30006821C /* CodableFeedStoreTests.swift */,
				475E56092AE90A4200AD452F /* CoreDataFeedStoreTests.swift */,
			);
			path = "Feed Cache";
			sourceTree = "<group>";
		};
		479C3A412AADADB40005DAF8 /* FeedCache */ = {
			isa = PBXGroup;
			children = (
				479C3A422AADADCF0005DAF8 /* LocalFeedLoader.swift */,
				479C3A442AADADDF0005DAF8 /* FeedStore.swift */,
				479C3A482AAE19E10005DAF8 /* LocalFeedImage.swift */,
				47AE9E422AD146620006821C /* FeedCachePolicy.swift */,
				47B188592AE65892006AD800 /* CodableFeedStore.swift */,
			);
			path = FeedCache;
			sourceTree = "<group>";
		};
		47A774762A2331B200FE88A7 /* Feed API */ = {
			isa = PBXGroup;
			children = (
				47A774772A23325000FE88A7 /* RemoteFeedLoader.swift */,
				47033B5B2A40B77F00022C48 /* HTTPClient.swift */,
				47033B5D2A40B7B300022C48 /* FeedItemsMapper.swift */,
				4717CEA52A76B61000C798B6 /* URLSessionHTTPClient.swift */,
				479C3A462AAE196A0005DAF8 /* RemoteFeedItem.swift */,
			);
			path = "Feed API";
			sourceTree = "<group>";
		};
		47C4286C2AB6DD8800748303 /* Helpers */ = {
			isa = PBXGroup;
			children = (
				47C4286D2AB6DE0000748303 /* FeedStoreSpy.swift */,
				4746DA4D2ACE942E00344D63 /* FeedCacheTestHelpers.swift */,
			);
			path = Helpers;
			sourceTree = "<group>";
		};
/* End PBXGroup section */

/* Begin PBXHeadersBuildPhase section */
		4796C6822A21D86000A61190 /* Headers */ = {
			isa = PBXHeadersBuildPhase;
			buildActionMask = 2147483647;
			files = (
				4796C6982A21D86000A61190 /* EssentialFeed.h in Headers */,
			);
			runOnlyForDeploymentPostprocessing = 0;
		};
/* End PBXHeadersBuildPhase section */

/* Begin PBXNativeTarget section */
		4717CEE92A7F807B00C798B6 /* EssentialFeedAPIEndToEndTests */ = {
			isa = PBXNativeTarget;
			buildConfigurationList = 4717CEF12A7F807B00C798B6 /* Build configuration list for PBXNativeTarget "EssentialFeedAPIEndToEndTests" */;
			buildPhases = (
				4717CEE62A7F807B00C798B6 /* Sources */,
				4717CEE72A7F807B00C798B6 /* Frameworks */,
				4717CEE82A7F807B00C798B6 /* Resources */,
			);
			buildRules = (
			);
			dependencies = (
				4717CEF02A7F807B00C798B6 /* PBXTargetDependency */,
			);
			name = EssentialFeedAPIEndToEndTests;
			productName = EssentialFeedAPIEndToEndTests;
			productReference = 4717CEEA2A7F807B00C798B6 /* EssentialFeedAPIEndToEndTests.xctest */;
			productType = "com.apple.product-type.bundle.unit-test";
		};
		4796C6862A21D86000A61190 /* EssentialFeed */ = {
			isa = PBXNativeTarget;
			buildConfigurationList = 4796C69B2A21D86000A61190 /* Build configuration list for PBXNativeTarget "EssentialFeed" */;
			buildPhases = (
				4796C6822A21D86000A61190 /* Headers */,
				4796C6832A21D86000A61190 /* Sources */,
				4796C6842A21D86000A61190 /* Frameworks */,
				4796C6852A21D86000A61190 /* Resources */,
			);
			buildRules = (
			);
			dependencies = (
			);
			name = EssentialFeed;
			productName = EssentialFeed;
			productReference = 4796C6872A21D86000A61190 /* EssentialFeed.framework */;
			productType = "com.apple.product-type.framework";
		};
		4796C6902A21D86000A61190 /* EssentialFeedTests */ = {
			isa = PBXNativeTarget;
			buildConfigurationList = 4796C69E2A21D86000A61190 /* Build configuration list for PBXNativeTarget "EssentialFeedTests" */;
			buildPhases = (
				4796C68D2A21D86000A61190 /* Sources */,
				4796C68E2A21D86000A61190 /* Frameworks */,
				4796C68F2A21D86000A61190 /* Resources */,
			);
			buildRules = (
			);
			dependencies = (
				4796C6942A21D86000A61190 /* PBXTargetDependency */,
			);
			name = EssentialFeedTests;
			productName = EssentialFeedTests;
			productReference = 4796C6912A21D86000A61190 /* EssentialFeedTests.xctest */;
			productType = "com.apple.product-type.bundle.unit-test";
		};
/* End PBXNativeTarget section */

/* Begin PBXProject section */
		4796C67E2A21D86000A61190 /* Project object */ = {
			isa = PBXProject;
			attributes = {
				BuildIndependentTargetsInParallel = 1;
				LastSwiftUpdateCheck = 1430;
				LastUpgradeCheck = 1430;
				TargetAttributes = {
					4717CEE92A7F807B00C798B6 = {
						CreatedOnToolsVersion = 14.3;
					};
					4796C6862A21D86000A61190 = {
						CreatedOnToolsVersion = 14.3;
					};
					4796C6902A21D86000A61190 = {
						CreatedOnToolsVersion = 14.3;
					};
				};
			};
			buildConfigurationList = 4796C6812A21D86000A61190 /* Build configuration list for PBXProject "EssentialFeed" */;
			compatibilityVersion = "Xcode 14.0";
			developmentRegion = en;
			hasScannedForEncodings = 0;
			knownRegions = (
				en,
				Base,
			);
			mainGroup = 4796C67D2A21D86000A61190;
			productRefGroup = 4796C6882A21D86000A61190 /* Products */;
			projectDirPath = "";
			projectRoot = "";
			targets = (
				4796C6862A21D86000A61190 /* EssentialFeed */,
				4796C6902A21D86000A61190 /* EssentialFeedTests */,
				4717CEE92A7F807B00C798B6 /* EssentialFeedAPIEndToEndTests */,
			);
		};
/* End PBXProject section */

/* Begin PBXResourcesBuildPhase section */
		4717CEE82A7F807B00C798B6 /* Resources */ = {
			isa = PBXResourcesBuildPhase;
			buildActionMask = 2147483647;
			files = (
			);
			runOnlyForDeploymentPostprocessing = 0;
		};
		4796C6852A21D86000A61190 /* Resources */ = {
			isa = PBXResourcesBuildPhase;
			buildActionMask = 2147483647;
			files = (
			);
			runOnlyForDeploymentPostprocessing = 0;
		};
		4796C68F2A21D86000A61190 /* Resources */ = {
			isa = PBXResourcesBuildPhase;
			buildActionMask = 2147483647;
			files = (
			);
			runOnlyForDeploymentPostprocessing = 0;
		};
/* End PBXResourcesBuildPhase section */

/* Begin PBXSourcesBuildPhase section */
		4717CEE62A7F807B00C798B6 /* Sources */ = {
			isa = PBXSourcesBuildPhase;
			buildActionMask = 2147483647;
			files = (
				4717CEED2A7F807B00C798B6 /* EssentialFeedAPIEndToEndTests.swift in Sources */,
				4717CEF72A7F988C00C798B6 /* XCTestCase+MemoryLeakTracking.swift in Sources */,
			);
			runOnlyForDeploymentPostprocessing = 0;
		};
		4796C6832A21D86000A61190 /* Sources */ = {
			isa = PBXSourcesBuildPhase;
			buildActionMask = 2147483647;
			files = (
				479C3A492AAE19E10005DAF8 /* LocalFeedImage.swift in Sources */,
				479C3A452AADADDF0005DAF8 /* FeedStore.swift in Sources */,
				4717CEA62A76B61000C798B6 /* URLSessionHTTPClient.swift in Sources */,
				47A774782A23325000FE88A7 /* RemoteFeedLoader.swift in Sources */,
				47033B5C2A40B77F00022C48 /* HTTPClient.swift in Sources */,
				4796C6A52A21DA3E00A61190 /* FeedLoader.swift in Sources */,
				47033B5E2A40B7B300022C48 /* FeedItemsMapper.swift in Sources */,
				479C3A472AAE196A0005DAF8 /* RemoteFeedItem.swift in Sources */,
				47B1885A2AE65892006AD800 /* CodableFeedStore.swift in Sources */,
				47AE9E432AD146620006821C /* FeedCachePolicy.swift in Sources */,
				4796C6A32A21D99F00A61190 /* FeedImage.swift in Sources */,
				479C3A432AADADCF0005DAF8 /* LocalFeedLoader.swift in Sources */,
				4796C68C2A21D86000A61190 /* EssentialFeed.docc in Sources */,
			);
			runOnlyForDeploymentPostprocessing = 0;
		};
		4796C68D2A21D86000A61190 /* Sources */ = {
			isa = PBXSourcesBuildPhase;
			buildActionMask = 2147483647;
			files = (
				47AE9E472AE2C5B30006821C /* CodableFeedStoreTests.swift in Sources */,
				47A774752A225CC000FE88A7 /* LoadFeedFromRemoteUseCaseTests.swift in Sources */,
				475E56072AE8E8E800AD452F /* XCTestCase+FailableDeleteFeedStoreSpecs.swift in Sources */,
				4746DA4C2ACE86DD00344D63 /* ValidateFeedCacheUseCaseTests.swift in Sources */,
				4746DA502ACE95F200344D63 /* SharedTestHelpers.swift in Sources */,
				4717CEA42A767D8200C798B6 /* XCTestCase+MemoryLeakTracking.swift in Sources */,
				4708D6972AE82BCD007EDB39 /* XCTestCase+FeedStoreSpecs.swift in Sources */,
				47C4286E2AB6DE0000748303 /* FeedStoreSpy.swift in Sources */,
				47B17DE72AE8E52B001DA28F /* XCTestCase+FailableRetrieveFeedStoreSpecs.swift in Sources */,
				479786812A9C8321001EB788 /* FeedCacheUseCaseTests.swift in Sources */,
				4708D6952AE82A2F007EDB39 /* FeedStoreSpecs.swift in Sources */,
				47033B612A5150FE00022C48 /* URLSessionHTTPClientTests.swift in Sources */,
				4717CEF62A7F8C3A00C798B6 /* EssentialFeedAPIEndToEndTests.swift in Sources */,
				4796C6972A21D86000A61190 /* EssentialFeedTests.swift in Sources */,
				475E560A2AE90A4200AD452F /* CoreDataFeedStoreTests.swift in Sources */,
				4746DA4E2ACE942E00344D63 /* FeedCacheTestHelpers.swift in Sources */,
				47B17DE92AE8E72B001DA28F /* XCTestCase+FailableInsertFeedStoreSpecs.swift in Sources */,
				47C4286B2AB050E200748303 /* LoadFeedFromCacheUseCaseTests.swift in Sources */,
			);
			runOnlyForDeploymentPostprocessing = 0;
		};
/* End PBXSourcesBuildPhase section */

/* Begin PBXTargetDependency section */
		4717CEF02A7F807B00C798B6 /* PBXTargetDependency */ = {
			isa = PBXTargetDependency;
			target = 4796C6862A21D86000A61190 /* EssentialFeed */;
			targetProxy = 4717CEEF2A7F807B00C798B6 /* PBXContainerItemProxy */;
		};
		4796C6942A21D86000A61190 /* PBXTargetDependency */ = {
			isa = PBXTargetDependency;
			target = 4796C6862A21D86000A61190 /* EssentialFeed */;
			targetProxy = 4796C6932A21D86000A61190 /* PBXContainerItemProxy */;
		};
/* End PBXTargetDependency section */

/* Begin XCBuildConfiguration section */
		4717CEF22A7F807B00C798B6 /* Debug */ = {
			isa = XCBuildConfiguration;
			buildSettings = {
				CODE_SIGN_STYLE = Automatic;
				CURRENT_PROJECT_VERSION = 1;
				GENERATE_INFOPLIST_FILE = YES;
				MARKETING_VERSION = 1.0;
				PRODUCT_BUNDLE_IDENTIFIER = com.EssentialFeedAPIEndToEndTests;
				PRODUCT_NAME = "$(TARGET_NAME)";
				SWIFT_EMIT_LOC_STRINGS = NO;
				SWIFT_VERSION = 5.0;
			};
			name = Debug;
		};
		4717CEF32A7F807B00C798B6 /* Release */ = {
			isa = XCBuildConfiguration;
			buildSettings = {
				CODE_SIGN_STYLE = Automatic;
				CURRENT_PROJECT_VERSION = 1;
				GENERATE_INFOPLIST_FILE = YES;
				MARKETING_VERSION = 1.0;
				PRODUCT_BUNDLE_IDENTIFIER = com.EssentialFeedAPIEndToEndTests;
				PRODUCT_NAME = "$(TARGET_NAME)";
				SWIFT_EMIT_LOC_STRINGS = NO;
				SWIFT_VERSION = 5.0;
			};
			name = Release;
		};
		4796C6992A21D86000A61190 /* Debug */ = {
			isa = XCBuildConfiguration;
			buildSettings = {
				ALWAYS_SEARCH_USER_PATHS = NO;
				CLANG_ANALYZER_NONNULL = YES;
				CLANG_ANALYZER_NUMBER_OBJECT_CONVERSION = YES_AGGRESSIVE;
				CLANG_CXX_LANGUAGE_STANDARD = "gnu++20";
				CLANG_ENABLE_MODULES = YES;
				CLANG_ENABLE_OBJC_ARC = YES;
				CLANG_ENABLE_OBJC_WEAK = YES;
				CLANG_WARN_BLOCK_CAPTURE_AUTORELEASING = YES;
				CLANG_WARN_BOOL_CONVERSION = YES;
				CLANG_WARN_COMMA = YES;
				CLANG_WARN_CONSTANT_CONVERSION = YES;
				CLANG_WARN_DEPRECATED_OBJC_IMPLEMENTATIONS = YES;
				CLANG_WARN_DIRECT_OBJC_ISA_USAGE = YES_ERROR;
				CLANG_WARN_DOCUMENTATION_COMMENTS = YES;
				CLANG_WARN_EMPTY_BODY = YES;
				CLANG_WARN_ENUM_CONVERSION = YES;
				CLANG_WARN_INFINITE_RECURSION = YES;
				CLANG_WARN_INT_CONVERSION = YES;
				CLANG_WARN_NON_LITERAL_NULL_CONVERSION = YES;
				CLANG_WARN_OBJC_IMPLICIT_RETAIN_SELF = YES;
				CLANG_WARN_OBJC_LITERAL_CONVERSION = YES;
				CLANG_WARN_OBJC_ROOT_CLASS = YES_ERROR;
				CLANG_WARN_QUOTED_INCLUDE_IN_FRAMEWORK_HEADER = YES;
				CLANG_WARN_RANGE_LOOP_ANALYSIS = YES;
				CLANG_WARN_STRICT_PROTOTYPES = YES;
				CLANG_WARN_SUSPICIOUS_MOVE = YES;
				CLANG_WARN_UNGUARDED_AVAILABILITY = YES_AGGRESSIVE;
				CLANG_WARN_UNREACHABLE_CODE = YES;
				CLANG_WARN__DUPLICATE_METHOD_MATCH = YES;
				COPY_PHASE_STRIP = NO;
				CURRENT_PROJECT_VERSION = 1;
				DEBUG_INFORMATION_FORMAT = dwarf;
				ENABLE_STRICT_OBJC_MSGSEND = YES;
				ENABLE_TESTABILITY = YES;
				GCC_C_LANGUAGE_STANDARD = gnu11;
				GCC_DYNAMIC_NO_PIC = NO;
				GCC_NO_COMMON_BLOCKS = YES;
				GCC_OPTIMIZATION_LEVEL = 0;
				GCC_PREPROCESSOR_DEFINITIONS = (
					"DEBUG=1",
					"$(inherited)",
				);
				GCC_WARN_64_TO_32_BIT_CONVERSION = YES;
				GCC_WARN_ABOUT_RETURN_TYPE = YES_ERROR;
				GCC_WARN_UNDECLARED_SELECTOR = YES;
				GCC_WARN_UNINITIALIZED_AUTOS = YES_AGGRESSIVE;
				GCC_WARN_UNUSED_FUNCTION = YES;
				GCC_WARN_UNUSED_VARIABLE = YES;
				MACOSX_DEPLOYMENT_TARGET = 13.2;
				MTL_ENABLE_DEBUG_INFO = INCLUDE_SOURCE;
				MTL_FAST_MATH = YES;
				ONLY_ACTIVE_ARCH = YES;
				SDKROOT = macosx;
				SWIFT_ACTIVE_COMPILATION_CONDITIONS = DEBUG;
				SWIFT_OPTIMIZATION_LEVEL = "-Onone";
				VERSIONING_SYSTEM = "apple-generic";
				VERSION_INFO_PREFIX = "";
			};
			name = Debug;
		};
		4796C69A2A21D86000A61190 /* Release */ = {
			isa = XCBuildConfiguration;
			buildSettings = {
				ALWAYS_SEARCH_USER_PATHS = NO;
				CLANG_ANALYZER_NONNULL = YES;
				CLANG_ANALYZER_NUMBER_OBJECT_CONVERSION = YES_AGGRESSIVE;
				CLANG_CXX_LANGUAGE_STANDARD = "gnu++20";
				CLANG_ENABLE_MODULES = YES;
				CLANG_ENABLE_OBJC_ARC = YES;
				CLANG_ENABLE_OBJC_WEAK = YES;
				CLANG_WARN_BLOCK_CAPTURE_AUTORELEASING = YES;
				CLANG_WARN_BOOL_CONVERSION = YES;
				CLANG_WARN_COMMA = YES;
				CLANG_WARN_CONSTANT_CONVERSION = YES;
				CLANG_WARN_DEPRECATED_OBJC_IMPLEMENTATIONS = YES;
				CLANG_WARN_DIRECT_OBJC_ISA_USAGE = YES_ERROR;
				CLANG_WARN_DOCUMENTATION_COMMENTS = YES;
				CLANG_WARN_EMPTY_BODY = YES;
				CLANG_WARN_ENUM_CONVERSION = YES;
				CLANG_WARN_INFINITE_RECURSION = YES;
				CLANG_WARN_INT_CONVERSION = YES;
				CLANG_WARN_NON_LITERAL_NULL_CONVERSION = YES;
				CLANG_WARN_OBJC_IMPLICIT_RETAIN_SELF = YES;
				CLANG_WARN_OBJC_LITERAL_CONVERSION = YES;
				CLANG_WARN_OBJC_ROOT_CLASS = YES_ERROR;
				CLANG_WARN_QUOTED_INCLUDE_IN_FRAMEWORK_HEADER = YES;
				CLANG_WARN_RANGE_LOOP_ANALYSIS = YES;
				CLANG_WARN_STRICT_PROTOTYPES = YES;
				CLANG_WARN_SUSPICIOUS_MOVE = YES;
				CLANG_WARN_UNGUARDED_AVAILABILITY = YES_AGGRESSIVE;
				CLANG_WARN_UNREACHABLE_CODE = YES;
				CLANG_WARN__DUPLICATE_METHOD_MATCH = YES;
				COPY_PHASE_STRIP = NO;
				CURRENT_PROJECT_VERSION = 1;
				DEBUG_INFORMATION_FORMAT = "dwarf-with-dsym";
				ENABLE_NS_ASSERTIONS = NO;
				ENABLE_STRICT_OBJC_MSGSEND = YES;
				GCC_C_LANGUAGE_STANDARD = gnu11;
				GCC_NO_COMMON_BLOCKS = YES;
				GCC_WARN_64_TO_32_BIT_CONVERSION = YES;
				GCC_WARN_ABOUT_RETURN_TYPE = YES_ERROR;
				GCC_WARN_UNDECLARED_SELECTOR = YES;
				GCC_WARN_UNINITIALIZED_AUTOS = YES_AGGRESSIVE;
				GCC_WARN_UNUSED_FUNCTION = YES;
				GCC_WARN_UNUSED_VARIABLE = YES;
				MACOSX_DEPLOYMENT_TARGET = 13.2;
				MTL_ENABLE_DEBUG_INFO = NO;
				MTL_FAST_MATH = YES;
				SDKROOT = macosx;
				SWIFT_COMPILATION_MODE = wholemodule;
				SWIFT_OPTIMIZATION_LEVEL = "-O";
				VERSIONING_SYSTEM = "apple-generic";
				VERSION_INFO_PREFIX = "";
			};
			name = Release;
		};
		4796C69C2A21D86000A61190 /* Debug */ = {
			isa = XCBuildConfiguration;
			buildSettings = {
				CODE_SIGN_STYLE = Automatic;
				COMBINE_HIDPI_IMAGES = YES;
				CURRENT_PROJECT_VERSION = 1;
				DEFINES_MODULE = YES;
				DYLIB_COMPATIBILITY_VERSION = 1;
				DYLIB_CURRENT_VERSION = 1;
				DYLIB_INSTALL_NAME_BASE = "@rpath";
				ENABLE_MODULE_VERIFIER = YES;
				GENERATE_INFOPLIST_FILE = YES;
				INFOPLIST_KEY_NSHumanReadableCopyright = "";
				INSTALL_PATH = "$(LOCAL_LIBRARY_DIR)/Frameworks";
				LD_RUNPATH_SEARCH_PATHS = (
					"$(inherited)",
					"@executable_path/../Frameworks",
					"@loader_path/Frameworks",
				);
				MARKETING_VERSION = 1.0;
				MODULE_VERIFIER_SUPPORTED_LANGUAGES = "objective-c objective-c++";
				MODULE_VERIFIER_SUPPORTED_LANGUAGE_STANDARDS = "gnu11 gnu++20";
				PRODUCT_BUNDLE_IDENTIFIER = com.EssentialFeed;
				PRODUCT_NAME = "$(TARGET_NAME:c99extidentifier)";
				SKIP_INSTALL = YES;
				SWIFT_EMIT_LOC_STRINGS = YES;
				SWIFT_VERSION = 5.0;
			};
			name = Debug;
		};
		4796C69D2A21D86000A61190 /* Release */ = {
			isa = XCBuildConfiguration;
			buildSettings = {
				CODE_SIGN_STYLE = Automatic;
				COMBINE_HIDPI_IMAGES = YES;
				CURRENT_PROJECT_VERSION = 1;
				DEFINES_MODULE = YES;
				DYLIB_COMPATIBILITY_VERSION = 1;
				DYLIB_CURRENT_VERSION = 1;
				DYLIB_INSTALL_NAME_BASE = "@rpath";
				ENABLE_MODULE_VERIFIER = YES;
				GENERATE_INFOPLIST_FILE = YES;
				INFOPLIST_KEY_NSHumanReadableCopyright = "";
				INSTALL_PATH = "$(LOCAL_LIBRARY_DIR)/Frameworks";
				LD_RUNPATH_SEARCH_PATHS = (
					"$(inherited)",
					"@executable_path/../Frameworks",
					"@loader_path/Frameworks",
				);
				MARKETING_VERSION = 1.0;
				MODULE_VERIFIER_SUPPORTED_LANGUAGES = "objective-c objective-c++";
				MODULE_VERIFIER_SUPPORTED_LANGUAGE_STANDARDS = "gnu11 gnu++20";
				PRODUCT_BUNDLE_IDENTIFIER = com.EssentialFeed;
				PRODUCT_NAME = "$(TARGET_NAME:c99extidentifier)";
				SKIP_INSTALL = YES;
				SWIFT_EMIT_LOC_STRINGS = YES;
				SWIFT_VERSION = 5.0;
			};
			name = Release;
		};
		4796C69F2A21D86000A61190 /* Debug */ = {
			isa = XCBuildConfiguration;
			buildSettings = {
				ALWAYS_EMBED_SWIFT_STANDARD_LIBRARIES = YES;
				CODE_SIGN_STYLE = Automatic;
				CURRENT_PROJECT_VERSION = 1;
				GENERATE_INFOPLIST_FILE = YES;
				MARKETING_VERSION = 1.0;
				PRODUCT_BUNDLE_IDENTIFIER = com.EssentialFeedTests;
				PRODUCT_NAME = "$(TARGET_NAME)";
				SWIFT_EMIT_LOC_STRINGS = NO;
				SWIFT_VERSION = 5.0;
			};
			name = Debug;
		};
		4796C6A02A21D86000A61190 /* Release */ = {
			isa = XCBuildConfiguration;
			buildSettings = {
				ALWAYS_EMBED_SWIFT_STANDARD_LIBRARIES = YES;
				CODE_SIGN_STYLE = Automatic;
				CURRENT_PROJECT_VERSION = 1;
				GENERATE_INFOPLIST_FILE = YES;
				MARKETING_VERSION = 1.0;
				PRODUCT_BUNDLE_IDENTIFIER = com.EssentialFeedTests;
				PRODUCT_NAME = "$(TARGET_NAME)";
				SWIFT_EMIT_LOC_STRINGS = NO;
				SWIFT_VERSION = 5.0;
			};
			name = Release;
		};
/* End XCBuildConfiguration section */

/* Begin XCConfigurationList section */
		4717CEF12A7F807B00C798B6 /* Build configuration list for PBXNativeTarget "EssentialFeedAPIEndToEndTests" */ = {
			isa = XCConfigurationList;
			buildConfigurations = (
				4717CEF22A7F807B00C798B6 /* Debug */,
				4717CEF32A7F807B00C798B6 /* Release */,
			);
			defaultConfigurationIsVisible = 0;
			defaultConfigurationName = Release;
		};
		4796C6812A21D86000A61190 /* Build configuration list for PBXProject "EssentialFeed" */ = {
			isa = XCConfigurationList;
			buildConfigurations = (
				4796C6992A21D86000A61190 /* Debug */,
				4796C69A2A21D86000A61190 /* Release */,
			);
			defaultConfigurationIsVisible = 0;
			defaultConfigurationName = Release;
		};
		4796C69B2A21D86000A61190 /* Build configuration list for PBXNativeTarget "EssentialFeed" */ = {
			isa = XCConfigurationList;
			buildConfigurations = (
				4796C69C2A21D86000A61190 /* Debug */,
				4796C69D2A21D86000A61190 /* Release */,
			);
			defaultConfigurationIsVisible = 0;
			defaultConfigurationName = Release;
		};
		4796C69E2A21D86000A61190 /* Build configuration list for PBXNativeTarget "EssentialFeedTests" */ = {
			isa = XCConfigurationList;
			buildConfigurations = (
				4796C69F2A21D86000A61190 /* Debug */,
				4796C6A02A21D86000A61190 /* Release */,
			);
			defaultConfigurationIsVisible = 0;
			defaultConfigurationName = Release;
		};
/* End XCConfigurationList section */
	};
	rootObject = 4796C67E2A21D86000A61190 /* Project object */;
}
