// !$*UTF8*$!
{
	archiveVersion = 1;
	classes = {
	};
	objectVersion = 56;
	objects = {

/* Begin PBXBuildFile section */
		470D7CE22B3AC87A00B98223 /* AppDelegate.swift in Sources */ = {isa = PBXBuildFile; fileRef = 470D7CE12B3AC87A00B98223 /* AppDelegate.swift */; };
		470D7CE42B3AC87A00B98223 /* SceneDelegate.swift in Sources */ = {isa = PBXBuildFile; fileRef = 470D7CE32B3AC87A00B98223 /* SceneDelegate.swift */; };
		470D7CE62B3AC87A00B98223 /* ViewController.swift in Sources */ = {isa = PBXBuildFile; fileRef = 470D7CE52B3AC87A00B98223 /* ViewController.swift */; };
		470D7CEB2B3AC87B00B98223 /* Assets.xcassets in Resources */ = {isa = PBXBuildFile; fileRef = 470D7CEA2B3AC87B00B98223 /* Assets.xcassets */; };
		470D7CEE2B3AC87B00B98223 /* LaunchScreen.storyboard in Resources */ = {isa = PBXBuildFile; fileRef = 470D7CEC2B3AC87B00B98223 /* LaunchScreen.storyboard */; };
		473930E02B5ABADB00BCF656 /* UIView+TestHelpers.swift in Sources */ = {isa = PBXBuildFile; fileRef = 473930DF2B5ABADB00BCF656 /* UIView+TestHelpers.swift */; };
		474E54352B54D14B002CD60A /* HTTPClientStub.swift in Sources */ = {isa = PBXBuildFile; fileRef = 474E54342B54D14B002CD60A /* HTTPClientStub.swift */; };
		474E54372B54D266002CD60A /* InMemoryFeedStore.swift in Sources */ = {isa = PBXBuildFile; fileRef = 474E54362B54D266002CD60A /* InMemoryFeedStore.swift */; };
		47525ACC2B485FD80079176E /* FeedLoaderCacheDecoratorTests.swift in Sources */ = {isa = PBXBuildFile; fileRef = 47525ACB2B485FD80079176E /* FeedLoaderCacheDecoratorTests.swift */; };
		47525ACE2B4861ED0079176E /* FeedLoaderStub.swift in Sources */ = {isa = PBXBuildFile; fileRef = 47525ACD2B4861ED0079176E /* FeedLoaderStub.swift */; };
		47525AD02B4864730079176E /* XCTestCase+FeedLoader.swift in Sources */ = {isa = PBXBuildFile; fileRef = 47525ACF2B4864730079176E /* XCTestCase+FeedLoader.swift */; };
		47525AD42B499B9D0079176E /* FeedLoaderCacheDecorator.swift in Sources */ = {isa = PBXBuildFile; fileRef = 47525AD32B499B9D0079176E /* FeedLoaderCacheDecorator.swift */; };
		47525AD62B4A78870079176E /* FeedImageDataLoaderCacheDecoratorTests.swift in Sources */ = {isa = PBXBuildFile; fileRef = 47525AD52B4A78870079176E /* FeedImageDataLoaderCacheDecoratorTests.swift */; };
		4753F5942B4457DD007C8BBA /* EssentialFeed.framework in Frameworks */ = {isa = PBXBuildFile; fileRef = 4753F5922B4457DD007C8BBA /* EssentialFeed.framework */; };
		4753F5952B4457DD007C8BBA /* EssentialFeed.framework in Embed Frameworks */ = {isa = PBXBuildFile; fileRef = 4753F5922B4457DD007C8BBA /* EssentialFeed.framework */; settings = {ATTRIBUTES = (CodeSignOnCopy, RemoveHeadersOnCopy, ); }; };
		4753F5962B4457DD007C8BBA /* EssentialFeediOS.framework in Frameworks */ = {isa = PBXBuildFile; fileRef = 4753F5932B4457DD007C8BBA /* EssentialFeediOS.framework */; };
		4753F5972B4457DD007C8BBA /* EssentialFeediOS.framework in Embed Frameworks */ = {isa = PBXBuildFile; fileRef = 4753F5932B4457DD007C8BBA /* EssentialFeediOS.framework */; settings = {ATTRIBUTES = (CodeSignOnCopy, RemoveHeadersOnCopy, ); }; };
		4753F59A2B445CB1007C8BBA /* FeedLoaderWithFallbackCompositeTests.swift in Sources */ = {isa = PBXBuildFile; fileRef = 4753F5992B445CB1007C8BBA /* FeedLoaderWithFallbackCompositeTests.swift */; };
		4753F59C2B4541C8007C8BBA /* FeedLoaderWithFallbackComposite.swift in Sources */ = {isa = PBXBuildFile; fileRef = 4753F59B2B4541C8007C8BBA /* FeedLoaderWithFallbackComposite.swift */; };
		4753F59E2B454BBF007C8BBA /* FeedImageDataLoaderWithFallbackCompositeTests.swift in Sources */ = {isa = PBXBuildFile; fileRef = 4753F59D2B454BBF007C8BBA /* FeedImageDataLoaderWithFallbackCompositeTests.swift */; };
		4753F5A02B45BF33007C8BBA /* FeedImageDataLoaderWithFallbackComposite.swift in Sources */ = {isa = PBXBuildFile; fileRef = 4753F59F2B45BF33007C8BBA /* FeedImageDataLoaderWithFallbackComposite.swift */; };
		4753F5A32B45BFD8007C8BBA /* XCTestCase+MemoryLeakTracking.swift in Sources */ = {isa = PBXBuildFile; fileRef = 4753F5A22B45BFD8007C8BBA /* XCTestCase+MemoryLeakTracking.swift */; };
		4753F5A52B45C098007C8BBA /* SharedTestHelpers.swift in Sources */ = {isa = PBXBuildFile; fileRef = 4753F5A42B45C098007C8BBA /* SharedTestHelpers.swift */; };
		475D80002B53AE32009A6407 /* SceneDelegateTests.swift in Sources */ = {isa = PBXBuildFile; fileRef = 475D7FFF2B53AE32009A6407 /* SceneDelegateTests.swift */; };
		475D80072B53B620009A6407 /* FeedImageDataLoaderPresentationAdapter.swift in Sources */ = {isa = PBXBuildFile; fileRef = 475D80062B53B620009A6407 /* FeedImageDataLoaderPresentationAdapter.swift */; };
		475D80082B53B620009A6407 /* FeedUIComposer.swift in Sources */ = {isa = PBXBuildFile; fileRef = 475D80032B53B620009A6407 /* FeedUIComposer.swift */; };
		475D80092B53B620009A6407 /* WeakRefVirtualProxy.swift in Sources */ = {isa = PBXBuildFile; fileRef = 475D80022B53B620009A6407 /* WeakRefVirtualProxy.swift */; };
		475D800A2B53B620009A6407 /* FeedViewAdapter.swift in Sources */ = {isa = PBXBuildFile; fileRef = 475D80042B53B620009A6407 /* FeedViewAdapter.swift */; };
		475D800B2B53B620009A6407 /* FeedLoaderPressentationAdapter.swift in Sources */ = {isa = PBXBuildFile; fileRef = 475D80052B53B620009A6407 /* FeedLoaderPressentationAdapter.swift */; };
		475D800C2B53B620009A6407 /* MainQueueDispatchDecorator.swift in Sources */ = {isa = PBXBuildFile; fileRef = 475D80012B53B620009A6407 /* MainQueueDispatchDecorator.swift */; };
		475D80152B53B6B6009A6407 /* UIImage+TestHelpers.swift in Sources */ = {isa = PBXBuildFile; fileRef = 475D80142B53B6B6009A6407 /* UIImage+TestHelpers.swift */; };
		475D80162B53B6B6009A6407 /* UIButton+TestHelpers.swift in Sources */ = {isa = PBXBuildFile; fileRef = 475D800D2B53B6B5009A6407 /* UIButton+TestHelpers.swift */; };
		475D80172B53B6B6009A6407 /* FeedImageCell+TestHelpers.swift in Sources */ = {isa = PBXBuildFile; fileRef = 475D80112B53B6B5009A6407 /* FeedImageCell+TestHelpers.swift */; };
		475D80182B53B6B6009A6407 /* FeedUIIntegrationTests+Assertions.swift in Sources */ = {isa = PBXBuildFile; fileRef = 475D80122B53B6B6009A6407 /* FeedUIIntegrationTests+Assertions.swift */; };
		475D80192B53B6B6009A6407 /* FeedViewController+TestHelpers.swift in Sources */ = {isa = PBXBuildFile; fileRef = 475D800E2B53B6B5009A6407 /* FeedViewController+TestHelpers.swift */; };
		475D801A2B53B6B6009A6407 /* FeedViewControllerTests+Localizations.swift in Sources */ = {isa = PBXBuildFile; fileRef = 475D800F2B53B6B5009A6407 /* FeedViewControllerTests+Localizations.swift */; };
		475D801B2B53B6B6009A6407 /* FeedUIIntegrationTests+LoaderSpy.swift in Sources */ = {isa = PBXBuildFile; fileRef = 475D80102B53B6B5009A6407 /* FeedUIIntegrationTests+LoaderSpy.swift */; };
		475D801C2B53B6B6009A6407 /* UIRefreshControl+TestHelpers.swift in Sources */ = {isa = PBXBuildFile; fileRef = 475D80132B53B6B6009A6407 /* UIRefreshControl+TestHelpers.swift */; };
		475D801E2B53B701009A6407 /* FeedUIIntegrationTests.swift in Sources */ = {isa = PBXBuildFile; fileRef = 475D801D2B53B701009A6407 /* FeedUIIntegrationTests.swift */; };
		475D80202B53BEB9009A6407 /* FeedAcceptanceTests.swift in Sources */ = {isa = PBXBuildFile; fileRef = 475D801F2B53BEB9009A6407 /* FeedAcceptanceTests.swift */; };
		478AE0B92B4BD37C00FC0D52 /* FeedImageDataLoaderSpy.swift in Sources */ = {isa = PBXBuildFile; fileRef = 478AE0B82B4BD37C00FC0D52 /* FeedImageDataLoaderSpy.swift */; };
		478AE0BB2B4BD6A500FC0D52 /* XCTestCase+FeedImageDataLoader.swift in Sources */ = {isa = PBXBuildFile; fileRef = 478AE0BA2B4BD6A500FC0D52 /* XCTestCase+FeedImageDataLoader.swift */; };
		478AE0BF2B4BE32C00FC0D52 /* FeedImageDataLoaderCacheDecorator.swift in Sources */ = {isa = PBXBuildFile; fileRef = 478AE0BE2B4BE32C00FC0D52 /* FeedImageDataLoaderCacheDecorator.swift */; };
/* End PBXBuildFile section */

/* Begin PBXContainerItemProxy section */
		470D7CF52B3AC87C00B98223 /* PBXContainerItemProxy */ = {
			isa = PBXContainerItemProxy;
			containerPortal = 470D7CD62B3AC87A00B98223 /* Project object */;
			proxyType = 1;
			remoteGlobalIDString = 470D7CDD2B3AC87A00B98223;
			remoteInfo = EssentialApp;
		};
/* End PBXContainerItemProxy section */

/* Begin PBXCopyFilesBuildPhase section */
		4753F5982B4457DD007C8BBA /* Embed Frameworks */ = {
			isa = PBXCopyFilesBuildPhase;
			buildActionMask = 2147483647;
			dstPath = "";
			dstSubfolderSpec = 10;
			files = (
				4753F5952B4457DD007C8BBA /* EssentialFeed.framework in Embed Frameworks */,
				4753F5972B4457DD007C8BBA /* EssentialFeediOS.framework in Embed Frameworks */,
			);
			name = "Embed Frameworks";
			runOnlyForDeploymentPostprocessing = 0;
		};
/* End PBXCopyFilesBuildPhase section */

/* Begin PBXFileReference section */
		470D7CDE2B3AC87A00B98223 /* EssentialApp.app */ = {isa = PBXFileReference; explicitFileType = wrapper.application; includeInIndex = 0; path = EssentialApp.app; sourceTree = BUILT_PRODUCTS_DIR; };
		470D7CE12B3AC87A00B98223 /* AppDelegate.swift */ = {isa = PBXFileReference; lastKnownFileType = sourcecode.swift; path = AppDelegate.swift; sourceTree = "<group>"; };
		470D7CE32B3AC87A00B98223 /* SceneDelegate.swift */ = {isa = PBXFileReference; lastKnownFileType = sourcecode.swift; path = SceneDelegate.swift; sourceTree = "<group>"; };
		470D7CE52B3AC87A00B98223 /* ViewController.swift */ = {isa = PBXFileReference; lastKnownFileType = sourcecode.swift; path = ViewController.swift; sourceTree = "<group>"; };
		470D7CEA2B3AC87B00B98223 /* Assets.xcassets */ = {isa = PBXFileReference; lastKnownFileType = folder.assetcatalog; path = Assets.xcassets; sourceTree = "<group>"; };
		470D7CED2B3AC87B00B98223 /* Base */ = {isa = PBXFileReference; lastKnownFileType = file.storyboard; name = Base; path = Base.lproj/LaunchScreen.storyboard; sourceTree = "<group>"; };
		470D7CEF2B3AC87B00B98223 /* Info.plist */ = {isa = PBXFileReference; lastKnownFileType = text.plist.xml; path = Info.plist; sourceTree = "<group>"; };
		470D7CF42B3AC87C00B98223 /* EssentialAppTests.xctest */ = {isa = PBXFileReference; explicitFileType = wrapper.cfbundle; includeInIndex = 0; path = EssentialAppTests.xctest; sourceTree = BUILT_PRODUCTS_DIR; };
		473930DF2B5ABADB00BCF656 /* UIView+TestHelpers.swift */ = {isa = PBXFileReference; lastKnownFileType = sourcecode.swift; path = "UIView+TestHelpers.swift"; sourceTree = "<group>"; };
		474E54342B54D14B002CD60A /* HTTPClientStub.swift */ = {isa = PBXFileReference; lastKnownFileType = sourcecode.swift; path = HTTPClientStub.swift; sourceTree = "<group>"; };
		474E54362B54D266002CD60A /* InMemoryFeedStore.swift */ = {isa = PBXFileReference; lastKnownFileType = sourcecode.swift; path = InMemoryFeedStore.swift; sourceTree = "<group>"; };
		47525ACB2B485FD80079176E /* FeedLoaderCacheDecoratorTests.swift */ = {isa = PBXFileReference; lastKnownFileType = sourcecode.swift; path = FeedLoaderCacheDecoratorTests.swift; sourceTree = "<group>"; };
		47525ACD2B4861ED0079176E /* FeedLoaderStub.swift */ = {isa = PBXFileReference; lastKnownFileType = sourcecode.swift; path = FeedLoaderStub.swift; sourceTree = "<group>"; };
		47525ACF2B4864730079176E /* XCTestCase+FeedLoader.swift */ = {isa = PBXFileReference; lastKnownFileType = sourcecode.swift; path = "XCTestCase+FeedLoader.swift"; sourceTree = "<group>"; };
		47525AD32B499B9D0079176E /* FeedLoaderCacheDecorator.swift */ = {isa = PBXFileReference; lastKnownFileType = sourcecode.swift; path = FeedLoaderCacheDecorator.swift; sourceTree = "<group>"; };
		47525AD52B4A78870079176E /* FeedImageDataLoaderCacheDecoratorTests.swift */ = {isa = PBXFileReference; lastKnownFileType = sourcecode.swift; path = FeedImageDataLoaderCacheDecoratorTests.swift; sourceTree = "<group>"; };
		4753F5922B4457DD007C8BBA /* EssentialFeed.framework */ = {isa = PBXFileReference; explicitFileType = wrapper.framework; path = EssentialFeed.framework; sourceTree = BUILT_PRODUCTS_DIR; };
		4753F5932B4457DD007C8BBA /* EssentialFeediOS.framework */ = {isa = PBXFileReference; explicitFileType = wrapper.framework; path = EssentialFeediOS.framework; sourceTree = BUILT_PRODUCTS_DIR; };
		4753F5992B445CB1007C8BBA /* FeedLoaderWithFallbackCompositeTests.swift */ = {isa = PBXFileReference; lastKnownFileType = sourcecode.swift; path = FeedLoaderWithFallbackCompositeTests.swift; sourceTree = "<group>"; };
		4753F59B2B4541C8007C8BBA /* FeedLoaderWithFallbackComposite.swift */ = {isa = PBXFileReference; lastKnownFileType = sourcecode.swift; path = FeedLoaderWithFallbackComposite.swift; sourceTree = "<group>"; };
		4753F59D2B454BBF007C8BBA /* FeedImageDataLoaderWithFallbackCompositeTests.swift */ = {isa = PBXFileReference; lastKnownFileType = sourcecode.swift; path = FeedImageDataLoaderWithFallbackCompositeTests.swift; sourceTree = "<group>"; };
		4753F59F2B45BF33007C8BBA /* FeedImageDataLoaderWithFallbackComposite.swift */ = {isa = PBXFileReference; lastKnownFileType = sourcecode.swift; path = FeedImageDataLoaderWithFallbackComposite.swift; sourceTree = "<group>"; };
		4753F5A22B45BFD8007C8BBA /* XCTestCase+MemoryLeakTracking.swift */ = {isa = PBXFileReference; lastKnownFileType = sourcecode.swift; path = "XCTestCase+MemoryLeakTracking.swift"; sourceTree = "<group>"; };
		4753F5A42B45C098007C8BBA /* SharedTestHelpers.swift */ = {isa = PBXFileReference; lastKnownFileType = sourcecode.swift; path = SharedTestHelpers.swift; sourceTree = "<group>"; };
		475D7FFF2B53AE32009A6407 /* SceneDelegateTests.swift */ = {isa = PBXFileReference; lastKnownFileType = sourcecode.swift; path = SceneDelegateTests.swift; sourceTree = "<group>"; };
		475D80012B53B620009A6407 /* MainQueueDispatchDecorator.swift */ = {isa = PBXFileReference; lastKnownFileType = sourcecode.swift; path = MainQueueDispatchDecorator.swift; sourceTree = "<group>"; };
		475D80022B53B620009A6407 /* WeakRefVirtualProxy.swift */ = {isa = PBXFileReference; lastKnownFileType = sourcecode.swift; path = WeakRefVirtualProxy.swift; sourceTree = "<group>"; };
		475D80032B53B620009A6407 /* FeedUIComposer.swift */ = {isa = PBXFileReference; lastKnownFileType = sourcecode.swift; path = FeedUIComposer.swift; sourceTree = "<group>"; };
		475D80042B53B620009A6407 /* FeedViewAdapter.swift */ = {isa = PBXFileReference; lastKnownFileType = sourcecode.swift; path = FeedViewAdapter.swift; sourceTree = "<group>"; };
		475D80052B53B620009A6407 /* FeedLoaderPressentationAdapter.swift */ = {isa = PBXFileReference; lastKnownFileType = sourcecode.swift; path = FeedLoaderPressentationAdapter.swift; sourceTree = "<group>"; };
		475D80062B53B620009A6407 /* FeedImageDataLoaderPresentationAdapter.swift */ = {isa = PBXFileReference; lastKnownFileType = sourcecode.swift; path = FeedImageDataLoaderPresentationAdapter.swift; sourceTree = "<group>"; };
		475D800D2B53B6B5009A6407 /* UIButton+TestHelpers.swift */ = {isa = PBXFileReference; lastKnownFileType = sourcecode.swift; path = "UIButton+TestHelpers.swift"; sourceTree = "<group>"; };
		475D800E2B53B6B5009A6407 /* FeedViewController+TestHelpers.swift */ = {isa = PBXFileReference; lastKnownFileType = sourcecode.swift; path = "FeedViewController+TestHelpers.swift"; sourceTree = "<group>"; };
		475D800F2B53B6B5009A6407 /* FeedViewControllerTests+Localizations.swift */ = {isa = PBXFileReference; lastKnownFileType = sourcecode.swift; path = "FeedViewControllerTests+Localizations.swift"; sourceTree = "<group>"; };
		475D80102B53B6B5009A6407 /* FeedUIIntegrationTests+LoaderSpy.swift */ = {isa = PBXFileReference; lastKnownFileType = sourcecode.swift; path = "FeedUIIntegrationTests+LoaderSpy.swift"; sourceTree = "<group>"; };
		475D80112B53B6B5009A6407 /* FeedImageCell+TestHelpers.swift */ = {isa = PBXFileReference; lastKnownFileType = sourcecode.swift; path = "FeedImageCell+TestHelpers.swift"; sourceTree = "<group>"; };
		475D80122B53B6B6009A6407 /* FeedUIIntegrationTests+Assertions.swift */ = {isa = PBXFileReference; lastKnownFileType = sourcecode.swift; path = "FeedUIIntegrationTests+Assertions.swift"; sourceTree = "<group>"; };
		475D80132B53B6B6009A6407 /* UIRefreshControl+TestHelpers.swift */ = {isa = PBXFileReference; lastKnownFileType = sourcecode.swift; path = "UIRefreshControl+TestHelpers.swift"; sourceTree = "<group>"; };
		475D80142B53B6B6009A6407 /* UIImage+TestHelpers.swift */ = {isa = PBXFileReference; lastKnownFileType = sourcecode.swift; path = "UIImage+TestHelpers.swift"; sourceTree = "<group>"; };
		475D801D2B53B701009A6407 /* FeedUIIntegrationTests.swift */ = {isa = PBXFileReference; lastKnownFileType = sourcecode.swift; path = FeedUIIntegrationTests.swift; sourceTree = "<group>"; };
		475D801F2B53BEB9009A6407 /* FeedAcceptanceTests.swift */ = {isa = PBXFileReference; lastKnownFileType = sourcecode.swift; path = FeedAcceptanceTests.swift; sourceTree = "<group>"; };
		478AE0B82B4BD37C00FC0D52 /* FeedImageDataLoaderSpy.swift */ = {isa = PBXFileReference; lastKnownFileType = sourcecode.swift; path = FeedImageDataLoaderSpy.swift; sourceTree = "<group>"; };
		478AE0BA2B4BD6A500FC0D52 /* XCTestCase+FeedImageDataLoader.swift */ = {isa = PBXFileReference; lastKnownFileType = sourcecode.swift; path = "XCTestCase+FeedImageDataLoader.swift"; sourceTree = "<group>"; };
		478AE0BE2B4BE32C00FC0D52 /* FeedImageDataLoaderCacheDecorator.swift */ = {isa = PBXFileReference; lastKnownFileType = sourcecode.swift; path = FeedImageDataLoaderCacheDecorator.swift; sourceTree = "<group>"; };
/* End PBXFileReference section */

/* Begin PBXFrameworksBuildPhase section */
		470D7CDB2B3AC87A00B98223 /* Frameworks */ = {
			isa = PBXFrameworksBuildPhase;
			buildActionMask = 2147483647;
			files = (
				4753F5942B4457DD007C8BBA /* EssentialFeed.framework in Frameworks */,
				4753F5962B4457DD007C8BBA /* EssentialFeediOS.framework in Frameworks */,
			);
			runOnlyForDeploymentPostprocessing = 0;
		};
		470D7CF12B3AC87C00B98223 /* Frameworks */ = {
			isa = PBXFrameworksBuildPhase;
			buildActionMask = 2147483647;
			files = (
			);
			runOnlyForDeploymentPostprocessing = 0;
		};
/* End PBXFrameworksBuildPhase section */

/* Begin PBXGroup section */
		470D7CD52B3AC87A00B98223 = {
			isa = PBXGroup;
			children = (
				470D7CE02B3AC87A00B98223 /* EssentialApp */,
				470D7CF72B3AC87C00B98223 /* EssentialAppTests */,
				470D7CDF2B3AC87A00B98223 /* Products */,
				4753F5912B4457DD007C8BBA /* Frameworks */,
			);
			sourceTree = "<group>";
		};
		470D7CDF2B3AC87A00B98223 /* Products */ = {
			isa = PBXGroup;
			children = (
				470D7CDE2B3AC87A00B98223 /* EssentialApp.app */,
				470D7CF42B3AC87C00B98223 /* EssentialAppTests.xctest */,
			);
			name = Products;
			sourceTree = "<group>";
		};
		470D7CE02B3AC87A00B98223 /* EssentialApp */ = {
			isa = PBXGroup;
			children = (
				470D7CE12B3AC87A00B98223 /* AppDelegate.swift */,
				470D7CE32B3AC87A00B98223 /* SceneDelegate.swift */,
				470D7CE52B3AC87A00B98223 /* ViewController.swift */,
				475D80032B53B620009A6407 /* FeedUIComposer.swift */,
				475D80012B53B620009A6407 /* MainQueueDispatchDecorator.swift */,
				475D80022B53B620009A6407 /* WeakRefVirtualProxy.swift */,
				475D80042B53B620009A6407 /* FeedViewAdapter.swift */,
				475D80052B53B620009A6407 /* FeedLoaderPressentationAdapter.swift */,
				475D80062B53B620009A6407 /* FeedImageDataLoaderPresentationAdapter.swift */,
				470D7CEA2B3AC87B00B98223 /* Assets.xcassets */,
				470D7CEC2B3AC87B00B98223 /* LaunchScreen.storyboard */,
				470D7CEF2B3AC87B00B98223 /* Info.plist */,
				4753F59B2B4541C8007C8BBA /* FeedLoaderWithFallbackComposite.swift */,
				4753F59F2B45BF33007C8BBA /* FeedImageDataLoaderWithFallbackComposite.swift */,
				47525AD32B499B9D0079176E /* FeedLoaderCacheDecorator.swift */,
				478AE0BE2B4BE32C00FC0D52 /* FeedImageDataLoaderCacheDecorator.swift */,
			);
			path = EssentialApp;
			sourceTree = "<group>";
		};
		470D7CF72B3AC87C00B98223 /* EssentialAppTests */ = {
			isa = PBXGroup;
			children = (
				4753F5A12B45BFBD007C8BBA /* Helpers */,
				4753F5992B445CB1007C8BBA /* FeedLoaderWithFallbackCompositeTests.swift */,
				4753F59D2B454BBF007C8BBA /* FeedImageDataLoaderWithFallbackCompositeTests.swift */,
				47525ACB2B485FD80079176E /* FeedLoaderCacheDecoratorTests.swift */,
				47525AD52B4A78870079176E /* FeedImageDataLoaderCacheDecoratorTests.swift */,
				475D7FFF2B53AE32009A6407 /* SceneDelegateTests.swift */,
				475D801D2B53B701009A6407 /* FeedUIIntegrationTests.swift */,
				475D801F2B53BEB9009A6407 /* FeedAcceptanceTests.swift */,
			);
			path = EssentialAppTests;
			sourceTree = "<group>";
		};
		4753F5912B4457DD007C8BBA /* Frameworks */ = {
			isa = PBXGroup;
			children = (
				4753F5922B4457DD007C8BBA /* EssentialFeed.framework */,
				4753F5932B4457DD007C8BBA /* EssentialFeediOS.framework */,
			);
			name = Frameworks;
			sourceTree = "<group>";
		};
		4753F5A12B45BFBD007C8BBA /* Helpers */ = {
			isa = PBXGroup;
			children = (
				475D80102B53B6B5009A6407 /* FeedUIIntegrationTests+LoaderSpy.swift */,
				475D80142B53B6B6009A6407 /* UIImage+TestHelpers.swift */,
				475D800F2B53B6B5009A6407 /* FeedViewControllerTests+Localizations.swift */,
				475D80132B53B6B6009A6407 /* UIRefreshControl+TestHelpers.swift */,
				475D800D2B53B6B5009A6407 /* UIButton+TestHelpers.swift */,
				475D80122B53B6B6009A6407 /* FeedUIIntegrationTests+Assertions.swift */,
				475D800E2B53B6B5009A6407 /* FeedViewController+TestHelpers.swift */,
				475D80112B53B6B5009A6407 /* FeedImageCell+TestHelpers.swift */,
				4753F5A22B45BFD8007C8BBA /* XCTestCase+MemoryLeakTracking.swift */,
				4753F5A42B45C098007C8BBA /* SharedTestHelpers.swift */,
				47525ACD2B4861ED0079176E /* FeedLoaderStub.swift */,
				47525ACF2B4864730079176E /* XCTestCase+FeedLoader.swift */,
				478AE0B82B4BD37C00FC0D52 /* FeedImageDataLoaderSpy.swift */,
				478AE0BA2B4BD6A500FC0D52 /* XCTestCase+FeedImageDataLoader.swift */,
				474E54342B54D14B002CD60A /* HTTPClientStub.swift */,
				474E54362B54D266002CD60A /* InMemoryFeedStore.swift */,
				473930DF2B5ABADB00BCF656 /* UIView+TestHelpers.swift */,
			);
			path = Helpers;
			sourceTree = "<group>";
		};
/* End PBXGroup section */

/* Begin PBXNativeTarget section */
		470D7CDD2B3AC87A00B98223 /* EssentialApp */ = {
			isa = PBXNativeTarget;
			buildConfigurationList = 470D7D082B3AC87C00B98223 /* Build configuration list for PBXNativeTarget "EssentialApp" */;
			buildPhases = (
				470D7CDA2B3AC87A00B98223 /* Sources */,
				470D7CDB2B3AC87A00B98223 /* Frameworks */,
				470D7CDC2B3AC87A00B98223 /* Resources */,
				4753F5982B4457DD007C8BBA /* Embed Frameworks */,
			);
			buildRules = (
			);
			dependencies = (
			);
			name = EssentialApp;
			productName = EssentialApp;
			productReference = 470D7CDE2B3AC87A00B98223 /* EssentialApp.app */;
			productType = "com.apple.product-type.application";
		};
		470D7CF32B3AC87C00B98223 /* EssentialAppTests */ = {
			isa = PBXNativeTarget;
			buildConfigurationList = 470D7D0B2B3AC87C00B98223 /* Build configuration list for PBXNativeTarget "EssentialAppTests" */;
			buildPhases = (
				470D7CF02B3AC87C00B98223 /* Sources */,
				470D7CF12B3AC87C00B98223 /* Frameworks */,
				470D7CF22B3AC87C00B98223 /* Resources */,
			);
			buildRules = (
			);
			dependencies = (
				470D7CF62B3AC87C00B98223 /* PBXTargetDependency */,
			);
			name = EssentialAppTests;
			productName = EssentialAppTests;
			productReference = 470D7CF42B3AC87C00B98223 /* EssentialAppTests.xctest */;
			productType = "com.apple.product-type.bundle.unit-test";
		};
/* End PBXNativeTarget section */

/* Begin PBXProject section */
		470D7CD62B3AC87A00B98223 /* Project object */ = {
			isa = PBXProject;
			attributes = {
				BuildIndependentTargetsInParallel = 1;
				LastSwiftUpdateCheck = 1500;
				LastUpgradeCheck = 1500;
				TargetAttributes = {
					470D7CDD2B3AC87A00B98223 = {
						CreatedOnToolsVersion = 15.0;
					};
					470D7CF32B3AC87C00B98223 = {
						CreatedOnToolsVersion = 15.0;
						LastSwiftMigration = 1500;
						TestTargetID = 470D7CDD2B3AC87A00B98223;
					};
				};
			};
			buildConfigurationList = 470D7CD92B3AC87A00B98223 /* Build configuration list for PBXProject "EssentialApp" */;
			compatibilityVersion = "Xcode 14.0";
			developmentRegion = en;
			hasScannedForEncodings = 0;
			knownRegions = (
				en,
				Base,
			);
			mainGroup = 470D7CD52B3AC87A00B98223;
			productRefGroup = 470D7CDF2B3AC87A00B98223 /* Products */;
			projectDirPath = "";
			projectRoot = "";
			targets = (
				470D7CDD2B3AC87A00B98223 /* EssentialApp */,
				470D7CF32B3AC87C00B98223 /* EssentialAppTests */,
			);
		};
/* End PBXProject section */

/* Begin PBXResourcesBuildPhase section */
		470D7CDC2B3AC87A00B98223 /* Resources */ = {
			isa = PBXResourcesBuildPhase;
			buildActionMask = 2147483647;
			files = (
				470D7CEE2B3AC87B00B98223 /* LaunchScreen.storyboard in Resources */,
				470D7CEB2B3AC87B00B98223 /* Assets.xcassets in Resources */,
			);
			runOnlyForDeploymentPostprocessing = 0;
		};
		470D7CF22B3AC87C00B98223 /* Resources */ = {
			isa = PBXResourcesBuildPhase;
			buildActionMask = 2147483647;
			files = (
			);
			runOnlyForDeploymentPostprocessing = 0;
		};
/* End PBXResourcesBuildPhase section */

/* Begin PBXSourcesBuildPhase section */
		470D7CDA2B3AC87A00B98223 /* Sources */ = {
			isa = PBXSourcesBuildPhase;
			buildActionMask = 2147483647;
			files = (
				475D80092B53B620009A6407 /* WeakRefVirtualProxy.swift in Sources */,
				470D7CE62B3AC87A00B98223 /* ViewController.swift in Sources */,
				470D7CE22B3AC87A00B98223 /* AppDelegate.swift in Sources */,
				4753F59C2B4541C8007C8BBA /* FeedLoaderWithFallbackComposite.swift in Sources */,
				475D800A2B53B620009A6407 /* FeedViewAdapter.swift in Sources */,
				47525AD42B499B9D0079176E /* FeedLoaderCacheDecorator.swift in Sources */,
				470D7CE42B3AC87A00B98223 /* SceneDelegate.swift in Sources */,
				475D800C2B53B620009A6407 /* MainQueueDispatchDecorator.swift in Sources */,
				475D80072B53B620009A6407 /* FeedImageDataLoaderPresentationAdapter.swift in Sources */,
				4753F5A02B45BF33007C8BBA /* FeedImageDataLoaderWithFallbackComposite.swift in Sources */,
				475D800B2B53B620009A6407 /* FeedLoaderPressentationAdapter.swift in Sources */,
				478AE0BF2B4BE32C00FC0D52 /* FeedImageDataLoaderCacheDecorator.swift in Sources */,
				475D80082B53B620009A6407 /* FeedUIComposer.swift in Sources */,
			);
			runOnlyForDeploymentPostprocessing = 0;
		};
		470D7CF02B3AC87C00B98223 /* Sources */ = {
			isa = PBXSourcesBuildPhase;
			buildActionMask = 2147483647;
			files = (
				475D80192B53B6B6009A6407 /* FeedViewController+TestHelpers.swift in Sources */,
				4753F5A52B45C098007C8BBA /* SharedTestHelpers.swift in Sources */,
				474E54352B54D14B002CD60A /* HTTPClientStub.swift in Sources */,
				47525AD62B4A78870079176E /* FeedImageDataLoaderCacheDecoratorTests.swift in Sources */,
				475D801A2B53B6B6009A6407 /* FeedViewControllerTests+Localizations.swift in Sources */,
				475D801E2B53B701009A6407 /* FeedUIIntegrationTests.swift in Sources */,
				47525AD02B4864730079176E /* XCTestCase+FeedLoader.swift in Sources */,
				478AE0BB2B4BD6A500FC0D52 /* XCTestCase+FeedImageDataLoader.swift in Sources */,
				475D80182B53B6B6009A6407 /* FeedUIIntegrationTests+Assertions.swift in Sources */,
				475D80002B53AE32009A6407 /* SceneDelegateTests.swift in Sources */,
				473930E02B5ABADB00BCF656 /* UIView+TestHelpers.swift in Sources */,
				475D80172B53B6B6009A6407 /* FeedImageCell+TestHelpers.swift in Sources */,
				47525ACC2B485FD80079176E /* FeedLoaderCacheDecoratorTests.swift in Sources */,
				478AE0B92B4BD37C00FC0D52 /* FeedImageDataLoaderSpy.swift in Sources */,
				4753F59E2B454BBF007C8BBA /* FeedImageDataLoaderWithFallbackCompositeTests.swift in Sources */,
				475D801B2B53B6B6009A6407 /* FeedUIIntegrationTests+LoaderSpy.swift in Sources */,
				4753F59A2B445CB1007C8BBA /* FeedLoaderWithFallbackCompositeTests.swift in Sources */,
				475D801C2B53B6B6009A6407 /* UIRefreshControl+TestHelpers.swift in Sources */,
				47525ACE2B4861ED0079176E /* FeedLoaderStub.swift in Sources */,
				4753F5A32B45BFD8007C8BBA /* XCTestCase+MemoryLeakTracking.swift in Sources */,
				474E54372B54D266002CD60A /* InMemoryFeedStore.swift in Sources */,
				475D80202B53BEB9009A6407 /* FeedAcceptanceTests.swift in Sources */,
				475D80152B53B6B6009A6407 /* UIImage+TestHelpers.swift in Sources */,
				475D80162B53B6B6009A6407 /* UIButton+TestHelpers.swift in Sources */,
			);
			runOnlyForDeploymentPostprocessing = 0;
		};
/* End PBXSourcesBuildPhase section */

/* Begin PBXTargetDependency section */
		470D7CF62B3AC87C00B98223 /* PBXTargetDependency */ = {
			isa = PBXTargetDependency;
			target = 470D7CDD2B3AC87A00B98223 /* EssentialApp */;
			targetProxy = 470D7CF52B3AC87C00B98223 /* PBXContainerItemProxy */;
		};
/* End PBXTargetDependency section */

/* Begin PBXVariantGroup section */
		470D7CEC2B3AC87B00B98223 /* LaunchScreen.storyboard */ = {
			isa = PBXVariantGroup;
			children = (
				470D7CED2B3AC87B00B98223 /* Base */,
			);
			name = LaunchScreen.storyboard;
			sourceTree = "<group>";
		};
/* End PBXVariantGroup section */

/* Begin XCBuildConfiguration section */
		470D7D062B3AC87C00B98223 /* Debug */ = {
			isa = XCBuildConfiguration;
			buildSettings = {
				ALWAYS_SEARCH_USER_PATHS = NO;
				ASSETCATALOG_COMPILER_GENERATE_SWIFT_ASSET_SYMBOL_EXTENSIONS = YES;
				CLANG_ANALYZER_NONNULL = YES;
				CLANG_ANALYZER_NUMBER_OBJECT_CONVERSION = YES_AGGRESSIVE;
				CLANG_CXX_LANGUAGE_STANDARD = "gnu++20";
				CLANG_ENABLE_MODULES = YES;
				CLANG_ENABLE_OBJC_ARC = YES;
				CLANG_ENABLE_OBJC_WEAK = YES;
				CLANG_WARN_BLOCK_CAPTURE_AUTORELEASING = YES;
				CLANG_WARN_BOOL_CONVERSION = YES;
				CLANG_WARN_COMMA = YES;
				CLANG_WARN_CONSTANT_CONVERSION = YES;
				CLANG_WARN_DEPRECATED_OBJC_IMPLEMENTATIONS = YES;
				CLANG_WARN_DIRECT_OBJC_ISA_USAGE = YES_ERROR;
				CLANG_WARN_DOCUMENTATION_COMMENTS = YES;
				CLANG_WARN_EMPTY_BODY = YES;
				CLANG_WARN_ENUM_CONVERSION = YES;
				CLANG_WARN_INFINITE_RECURSION = YES;
				CLANG_WARN_INT_CONVERSION = YES;
				CLANG_WARN_NON_LITERAL_NULL_CONVERSION = YES;
				CLANG_WARN_OBJC_IMPLICIT_RETAIN_SELF = YES;
				CLANG_WARN_OBJC_LITERAL_CONVERSION = YES;
				CLANG_WARN_OBJC_ROOT_CLASS = YES_ERROR;
				CLANG_WARN_QUOTED_INCLUDE_IN_FRAMEWORK_HEADER = YES;
				CLANG_WARN_RANGE_LOOP_ANALYSIS = YES;
				CLANG_WARN_STRICT_PROTOTYPES = YES;
				CLANG_WARN_SUSPICIOUS_MOVE = YES;
				CLANG_WARN_UNGUARDED_AVAILABILITY = YES_AGGRESSIVE;
				CLANG_WARN_UNREACHABLE_CODE = YES;
				CLANG_WARN__DUPLICATE_METHOD_MATCH = YES;
				COPY_PHASE_STRIP = NO;
				DEBUG_INFORMATION_FORMAT = dwarf;
				ENABLE_STRICT_OBJC_MSGSEND = YES;
				ENABLE_TESTABILITY = YES;
				ENABLE_USER_SCRIPT_SANDBOXING = YES;
				GCC_C_LANGUAGE_STANDARD = gnu17;
				GCC_DYNAMIC_NO_PIC = NO;
				GCC_NO_COMMON_BLOCKS = YES;
				GCC_OPTIMIZATION_LEVEL = 0;
				GCC_PREPROCESSOR_DEFINITIONS = (
					"DEBUG=1",
					"$(inherited)",
				);
				GCC_WARN_64_TO_32_BIT_CONVERSION = YES;
				GCC_WARN_ABOUT_RETURN_TYPE = YES_ERROR;
				GCC_WARN_UNDECLARED_SELECTOR = YES;
				GCC_WARN_UNINITIALIZED_AUTOS = YES_AGGRESSIVE;
				GCC_WARN_UNUSED_FUNCTION = YES;
				GCC_WARN_UNUSED_VARIABLE = YES;
				IPHONEOS_DEPLOYMENT_TARGET = 17.0;
				LOCALIZATION_PREFERS_STRING_CATALOGS = YES;
				MTL_ENABLE_DEBUG_INFO = INCLUDE_SOURCE;
				MTL_FAST_MATH = YES;
				ONLY_ACTIVE_ARCH = YES;
				SDKROOT = iphoneos;
				SWIFT_ACTIVE_COMPILATION_CONDITIONS = "DEBUG $(inherited)";
				SWIFT_OPTIMIZATION_LEVEL = "-Onone";
			};
			name = Debug;
		};
		470D7D072B3AC87C00B98223 /* Release */ = {
			isa = XCBuildConfiguration;
			buildSettings = {
				ALWAYS_SEARCH_USER_PATHS = NO;
				ASSETCATALOG_COMPILER_GENERATE_SWIFT_ASSET_SYMBOL_EXTENSIONS = YES;
				CLANG_ANALYZER_NONNULL = YES;
				CLANG_ANALYZER_NUMBER_OBJECT_CONVERSION = YES_AGGRESSIVE;
				CLANG_CXX_LANGUAGE_STANDARD = "gnu++20";
				CLANG_ENABLE_MODULES = YES;
				CLANG_ENABLE_OBJC_ARC = YES;
				CLANG_ENABLE_OBJC_WEAK = YES;
				CLANG_WARN_BLOCK_CAPTURE_AUTORELEASING = YES;
				CLANG_WARN_BOOL_CONVERSION = YES;
				CLANG_WARN_COMMA = YES;
				CLANG_WARN_CONSTANT_CONVERSION = YES;
				CLANG_WARN_DEPRECATED_OBJC_IMPLEMENTATIONS = YES;
				CLANG_WARN_DIRECT_OBJC_ISA_USAGE = YES_ERROR;
				CLANG_WARN_DOCUMENTATION_COMMENTS = YES;
				CLANG_WARN_EMPTY_BODY = YES;
				CLANG_WARN_ENUM_CONVERSION = YES;
				CLANG_WARN_INFINITE_RECURSION = YES;
				CLANG_WARN_INT_CONVERSION = YES;
				CLANG_WARN_NON_LITERAL_NULL_CONVERSION = YES;
				CLANG_WARN_OBJC_IMPLICIT_RETAIN_SELF = YES;
				CLANG_WARN_OBJC_LITERAL_CONVERSION = YES;
				CLANG_WARN_OBJC_ROOT_CLASS = YES_ERROR;
				CLANG_WARN_QUOTED_INCLUDE_IN_FRAMEWORK_HEADER = YES;
				CLANG_WARN_RANGE_LOOP_ANALYSIS = YES;
				CLANG_WARN_STRICT_PROTOTYPES = YES;
				CLANG_WARN_SUSPICIOUS_MOVE = YES;
				CLANG_WARN_UNGUARDED_AVAILABILITY = YES_AGGRESSIVE;
				CLANG_WARN_UNREACHABLE_CODE = YES;
				CLANG_WARN__DUPLICATE_METHOD_MATCH = YES;
				COPY_PHASE_STRIP = NO;
				DEBUG_INFORMATION_FORMAT = "dwarf-with-dsym";
				ENABLE_NS_ASSERTIONS = NO;
				ENABLE_STRICT_OBJC_MSGSEND = YES;
				ENABLE_USER_SCRIPT_SANDBOXING = YES;
				GCC_C_LANGUAGE_STANDARD = gnu17;
				GCC_NO_COMMON_BLOCKS = YES;
				GCC_WARN_64_TO_32_BIT_CONVERSION = YES;
				GCC_WARN_ABOUT_RETURN_TYPE = YES_ERROR;
				GCC_WARN_UNDECLARED_SELECTOR = YES;
				GCC_WARN_UNINITIALIZED_AUTOS = YES_AGGRESSIVE;
				GCC_WARN_UNUSED_FUNCTION = YES;
				GCC_WARN_UNUSED_VARIABLE = YES;
				IPHONEOS_DEPLOYMENT_TARGET = 17.0;
				LOCALIZATION_PREFERS_STRING_CATALOGS = YES;
				MTL_ENABLE_DEBUG_INFO = NO;
				MTL_FAST_MATH = YES;
				SDKROOT = iphoneos;
				SWIFT_COMPILATION_MODE = wholemodule;
				VALIDATE_PRODUCT = YES;
			};
			name = Release;
		};
		470D7D092B3AC87C00B98223 /* Debug */ = {
			isa = XCBuildConfiguration;
			buildSettings = {
				ASSETCATALOG_COMPILER_APPICON_NAME = AppIcon;
				ASSETCATALOG_COMPILER_GLOBAL_ACCENT_COLOR_NAME = AccentColor;
				CODE_SIGN_STYLE = Automatic;
				CURRENT_PROJECT_VERSION = 1;
				GENERATE_INFOPLIST_FILE = YES;
				INFOPLIST_FILE = EssentialApp/Info.plist;
				INFOPLIST_KEY_UIApplicationSupportsIndirectInputEvents = YES;
				INFOPLIST_KEY_UILaunchStoryboardName = LaunchScreen;
				INFOPLIST_KEY_UISupportedInterfaceOrientations = UIInterfaceOrientationPortrait;
				IPHONEOS_DEPLOYMENT_TARGET = 17.0;
				LD_RUNPATH_SEARCH_PATHS = (
					"$(inherited)",
					"@executable_path/Frameworks",
				);
				MARKETING_VERSION = 1.0;
				PRODUCT_BUNDLE_IDENTIFIER = com.EssentialApp;
				PRODUCT_NAME = "$(TARGET_NAME)";
				SWIFT_EMIT_LOC_STRINGS = YES;
				SWIFT_VERSION = 5.0;
				TARGETED_DEVICE_FAMILY = "1,2";
			};
			name = Debug;
		};
		470D7D0A2B3AC87C00B98223 /* Release */ = {
			isa = XCBuildConfiguration;
			buildSettings = {
				ASSETCATALOG_COMPILER_APPICON_NAME = AppIcon;
				ASSETCATALOG_COMPILER_GLOBAL_ACCENT_COLOR_NAME = AccentColor;
				CODE_SIGN_STYLE = Automatic;
				CURRENT_PROJECT_VERSION = 1;
				GENERATE_INFOPLIST_FILE = YES;
				INFOPLIST_FILE = EssentialApp/Info.plist;
				INFOPLIST_KEY_UIApplicationSupportsIndirectInputEvents = YES;
				INFOPLIST_KEY_UILaunchStoryboardName = LaunchScreen;
				INFOPLIST_KEY_UISupportedInterfaceOrientations = UIInterfaceOrientationPortrait;
				IPHONEOS_DEPLOYMENT_TARGET = 17.0;
				LD_RUNPATH_SEARCH_PATHS = (
					"$(inherited)",
					"@executable_path/Frameworks",
				);
				MARKETING_VERSION = 1.0;
				PRODUCT_BUNDLE_IDENTIFIER = com.EssentialApp;
				PRODUCT_NAME = "$(TARGET_NAME)";
				SWIFT_EMIT_LOC_STRINGS = YES;
				SWIFT_VERSION = 5.0;
				TARGETED_DEVICE_FAMILY = "1,2";
			};
			name = Release;
		};
		470D7D0C2B3AC87C00B98223 /* Debug */ = {
			isa = XCBuildConfiguration;
			buildSettings = {
				ALWAYS_EMBED_SWIFT_STANDARD_LIBRARIES = YES;
				BUNDLE_LOADER = "$(TEST_HOST)";
				CLANG_ENABLE_MODULES = YES;
				CODE_SIGN_STYLE = Automatic;
				CURRENT_PROJECT_VERSION = 1;
				GENERATE_INFOPLIST_FILE = YES;
				IPHONEOS_DEPLOYMENT_TARGET = 17.0;
				MARKETING_VERSION = 1.0;
				PRODUCT_BUNDLE_IDENTIFIER = com.EssentialAppTests;
				PRODUCT_NAME = "$(TARGET_NAME)";
				SWIFT_EMIT_LOC_STRINGS = NO;
				SWIFT_OPTIMIZATION_LEVEL = "-Onone";
				SWIFT_VERSION = 5.0;
				TARGETED_DEVICE_FAMILY = "1,2";
				TEST_HOST = "$(BUILT_PRODUCTS_DIR)/EssentialApp.app/$(BUNDLE_EXECUTABLE_FOLDER_PATH)/EssentialApp";
			};
			name = Debug;
		};
		470D7D0D2B3AC87C00B98223 /* Release */ = {
			isa = XCBuildConfiguration;
			buildSettings = {
				ALWAYS_EMBED_SWIFT_STANDARD_LIBRARIES = YES;
				BUNDLE_LOADER = "$(TEST_HOST)";
				CLANG_ENABLE_MODULES = YES;
				CODE_SIGN_STYLE = Automatic;
				CURRENT_PROJECT_VERSION = 1;
				GENERATE_INFOPLIST_FILE = YES;
				IPHONEOS_DEPLOYMENT_TARGET = 17.0;
				MARKETING_VERSION = 1.0;
				PRODUCT_BUNDLE_IDENTIFIER = com.EssentialAppTests;
				PRODUCT_NAME = "$(TARGET_NAME)";
				SWIFT_EMIT_LOC_STRINGS = NO;
				SWIFT_VERSION = 5.0;
				TARGETED_DEVICE_FAMILY = "1,2";
				TEST_HOST = "$(BUILT_PRODUCTS_DIR)/EssentialApp.app/$(BUNDLE_EXECUTABLE_FOLDER_PATH)/EssentialApp";
			};
			name = Release;
		};
/* End XCBuildConfiguration section */

/* Begin XCConfigurationList section */
		470D7CD92B3AC87A00B98223 /* Build configuration list for PBXProject "EssentialApp" */ = {
			isa = XCConfigurationList;
			buildConfigurations = (
				470D7D062B3AC87C00B98223 /* Debug */,
				470D7D072B3AC87C00B98223 /* Release */,
			);
			defaultConfigurationIsVisible = 0;
			defaultConfigurationName = Release;
		};
		470D7D082B3AC87C00B98223 /* Build configuration list for PBXNativeTarget "EssentialApp" */ = {
			isa = XCConfigurationList;
			buildConfigurations = (
				470D7D092B3AC87C00B98223 /* Debug */,
				470D7D0A2B3AC87C00B98223 /* Release */,
			);
			defaultConfigurationIsVisible = 0;
			defaultConfigurationName = Release;
		};
		470D7D0B2B3AC87C00B98223 /* Build configuration list for PBXNativeTarget "EssentialAppTests" */ = {
			isa = XCConfigurationList;
			buildConfigurations = (
				470D7D0C2B3AC87C00B98223 /* Debug */,
				470D7D0D2B3AC87C00B98223 /* Release */,
			);
			defaultConfigurationIsVisible = 0;
			defaultConfigurationName = Release;
		};
/* End XCConfigurationList section */
	};
	rootObject = 470D7CD62B3AC87A00B98223 /* Project object */;
}
